{
  "version": 4,
  "terraform_version": "1.11.3",
  "serial": 58,
  "lineage": "f162a1f3-9e05-1b81-a786-d157314c4699",
  "outputs": {
    "my_available_ami": {
      "value": {
        "architecture": "x86_64",
        "arn": "arn:aws:ec2:ap-south-1::image/ami-0b52033d797da0c87",
        "block_device_mappings": [
          {
            "device_name": "/dev/xvda",
            "ebs": {
              "delete_on_termination": "true",
              "encrypted": "false",
              "iops": "0",
              "snapshot_id": "snap-049c90bef9e5c96c4",
              "throughput": "0",
              "volume_size": "8",
              "volume_type": "gp2"
            },
            "no_device": "",
            "virtual_name": ""
          }
        ],
        "boot_mode": "",
        "creation_date": "2025-03-21T23:34:19.000Z",
        "deprecation_time": "2025-07-01T00:00:00.000Z",
        "description": "Amazon Linux 2 AMI 2.0.20250321.0 x86_64 HVM gp2",
        "ena_support": true,
        "executable_users": null,
        "filter": [
          {
            "name": "architecture",
            "values": [
              "x86_64"
            ]
          },
          {
            "name": "root-device-type",
            "values": [
              "ebs"
            ]
          }
        ],
        "hypervisor": "xen",
        "id": "ami-0b52033d797da0c87",
        "image_id": "ami-0b52033d797da0c87",
        "image_location": "amazon/amzn2-ami-hvm-2.0.20250321.0-x86_64-gp2",
        "image_owner_alias": "amazon",
        "image_type": "machine",
        "imds_support": "",
        "include_deprecated": false,
        "kernel_id": "",
        "most_recent": true,
        "name": "amzn2-ami-hvm-2.0.20250321.0-x86_64-gp2",
        "name_regex": "amzn2-ami-hvm",
        "owner_id": "137112412989",
        "owners": [
          "amazon"
        ],
        "platform": "",
        "platform_details": "Linux/UNIX",
        "product_codes": [],
        "public": true,
        "ramdisk_id": "",
        "root_device_name": "/dev/xvda",
        "root_device_type": "ebs",
        "root_snapshot_id": "snap-049c90bef9e5c96c4",
        "sriov_net_support": "simple",
        "state": "available",
        "state_reason": {
          "code": "UNSET",
          "message": "UNSET"
        },
        "tags": {},
        "timeouts": null,
        "tpm_support": "",
        "uefi_data": null,
        "usage_operation": "RunInstances",
        "virtualization_type": "hvm"
      },
      "type": [
        "object",
        {
          "architecture": "string",
          "arn": "string",
          "block_device_mappings": [
            "set",
            [
              "object",
              {
                "device_name": "string",
                "ebs": [
                  "map",
                  "string"
                ],
                "no_device": "string",
                "virtual_name": "string"
              }
            ]
          ],
          "boot_mode": "string",
          "creation_date": "string",
          "deprecation_time": "string",
          "description": "string",
          "ena_support": "bool",
          "executable_users": [
            "list",
            "string"
          ],
          "filter": [
            "set",
            [
              "object",
              {
                "name": "string",
                "values": [
                  "set",
                  "string"
                ]
              }
            ]
          ],
          "hypervisor": "string",
          "id": "string",
          "image_id": "string",
          "image_location": "string",
          "image_owner_alias": "string",
          "image_type": "string",
          "imds_support": "string",
          "include_deprecated": "bool",
          "kernel_id": "string",
          "most_recent": "bool",
          "name": "string",
          "name_regex": "string",
          "owner_id": "string",
          "owners": [
            "list",
            "string"
          ],
          "platform": "string",
          "platform_details": "string",
          "product_codes": [
            "set",
            [
              "object",
              {
                "product_code_id": "string",
                "product_code_type": "string"
              }
            ]
          ],
          "public": "bool",
          "ramdisk_id": "string",
          "root_device_name": "string",
          "root_device_type": "string",
          "root_snapshot_id": "string",
          "sriov_net_support": "string",
          "state": "string",
          "state_reason": [
            "map",
            "string"
          ],
          "tags": [
            "map",
            "string"
          ],
          "timeouts": [
            "object",
            {
              "read": "string"
            }
          ],
          "tpm_support": "string",
          "uefi_data": "string",
          "usage_operation": "string",
          "virtualization_type": "string"
        }
      ]
    },
    "my_available_zones_op": {
      "value": [
        "ap-south-1a",
        "ap-south-1b",
        "ap-south-1c"
      ],
      "type": [
        "list",
        "string"
      ]
    }
  },
  "resources": [
    {
      "mode": "data",
      "type": "aws_ami",
      "name": "my_ami",
      "provider": "provider[\"registry.terraform.io/hashicorp/aws\"]",
      "instances": [
        {
          "schema_version": 0,
          "attributes": {
            "architecture": "x86_64",
            "arn": "arn:aws:ec2:ap-south-1::image/ami-0b52033d797da0c87",
            "block_device_mappings": [
              {
                "device_name": "/dev/xvda",
                "ebs": {
                  "delete_on_termination": "true",
                  "encrypted": "false",
                  "iops": "0",
                  "snapshot_id": "snap-049c90bef9e5c96c4",
                  "throughput": "0",
                  "volume_size": "8",
                  "volume_type": "gp2"
                },
                "no_device": "",
                "virtual_name": ""
              }
            ],
            "boot_mode": "",
            "creation_date": "2025-03-21T23:34:19.000Z",
            "deprecation_time": "2025-07-01T00:00:00.000Z",
            "description": "Amazon Linux 2 AMI 2.0.20250321.0 x86_64 HVM gp2",
            "ena_support": true,
            "executable_users": null,
            "filter": [
              {
                "name": "architecture",
                "values": [
                  "x86_64"
                ]
              },
              {
                "name": "root-device-type",
                "values": [
                  "ebs"
                ]
              }
            ],
            "hypervisor": "xen",
            "id": "ami-0b52033d797da0c87",
            "image_id": "ami-0b52033d797da0c87",
            "image_location": "amazon/amzn2-ami-hvm-2.0.20250321.0-x86_64-gp2",
            "image_owner_alias": "amazon",
            "image_type": "machine",
            "imds_support": "",
            "include_deprecated": false,
            "kernel_id": "",
            "most_recent": true,
            "name": "amzn2-ami-hvm-2.0.20250321.0-x86_64-gp2",
            "name_regex": "amzn2-ami-hvm",
            "owner_id": "137112412989",
            "owners": [
              "amazon"
            ],
            "platform": "",
            "platform_details": "Linux/UNIX",
            "product_codes": [],
            "public": true,
            "ramdisk_id": "",
            "root_device_name": "/dev/xvda",
            "root_device_type": "ebs",
            "root_snapshot_id": "snap-049c90bef9e5c96c4",
            "sriov_net_support": "simple",
            "state": "available",
            "state_reason": {
              "code": "UNSET",
              "message": "UNSET"
            },
            "tags": {},
            "timeouts": null,
            "tpm_support": "",
            "uefi_data": null,
            "usage_operation": "RunInstances",
            "virtualization_type": "hvm"
          },
          "sensitive_attributes": []
        }
      ]
    },
    {
      "mode": "data",
      "type": "aws_availability_zones",
      "name": "my_available_zones",
      "provider": "provider[\"registry.terraform.io/hashicorp/aws\"]",
      "instances": [
        {
          "schema_version": 0,
          "attributes": {
            "all_availability_zones": null,
            "exclude_names": null,
            "exclude_zone_ids": null,
            "filter": null,
            "group_names": [
              "ap-south-1-zg-1"
            ],
            "id": "ap-south-1",
            "names": [
              "ap-south-1a",
              "ap-south-1b",
              "ap-south-1c"
            ],
            "state": null,
            "timeouts": null,
            "zone_ids": [
              "aps1-az1",
              "aps1-az3",
              "aps1-az2"
            ]
          },
          "sensitive_attributes": []
        }
      ]
    },
    {
      "mode": "data",
      "type": "aws_region",
      "name": "my_available_region",
      "provider": "provider[\"registry.terraform.io/hashicorp/aws\"]",
      "instances": [
        {
          "schema_version": 0,
          "attributes": {
            "description": "Asia Pacific (Mumbai)",
            "endpoint": "ec2.ap-south-1.amazonaws.com",
            "id": "ap-south-1",
            "name": "ap-south-1"
          },
          "sensitive_attributes": []
        }
      ]
    },
    {
      "mode": "managed",
      "type": "aws_eip",
      "name": "my_public_eip",
      "provider": "provider[\"registry.terraform.io/hashicorp/aws\"]",
      "instances": [
        {
          "schema_version": 0,
          "attributes": {
            "address": null,
            "allocation_id": "eipalloc-0c80ee01088249cc0",
            "arn": "arn:aws:ec2:ap-south-1:209479265154:elastic-ip/eipalloc-0c80ee01088249cc0",
            "associate_with_private_ip": null,
            "association_id": "",
            "carrier_ip": "",
            "customer_owned_ip": "",
            "customer_owned_ipv4_pool": "",
            "domain": "vpc",
            "id": "eipalloc-0c80ee01088249cc0",
            "instance": "",
            "ipam_pool_id": null,
            "network_border_group": "ap-south-1",
            "network_interface": "",
            "private_dns": null,
            "private_ip": "",
            "ptr_record": "",
            "public_dns": "ec2-13-202-61-151.ap-south-1.compute.amazonaws.com",
            "public_ip": "13.202.61.151",
            "public_ipv4_pool": "amazon",
            "tags": null,
            "tags_all": {},
            "timeouts": null,
            "vpc": true
          },
          "sensitive_attributes": [],
          "private": "eyJlMmJmYjczMC1lY2FhLTExZTYtOGY4OC0zNDM2M2JjN2M0YzAiOnsiZGVsZXRlIjoxODAwMDAwMDAwMDAsInJlYWQiOjkwMDAwMDAwMDAwMCwidXBkYXRlIjozMDAwMDAwMDAwMDB9fQ==",
          "dependencies": [
            "aws_internet_gateway.my_internet_gtw",
            "aws_vpc.my_vpc"
          ]
        }
      ]
    },
    {
      "mode": "managed",
      "type": "aws_internet_gateway",
      "name": "my_internet_gtw",
      "provider": "provider[\"registry.terraform.io/hashicorp/aws\"]",
      "instances": [
        {
          "schema_version": 0,
          "attributes": {
            "arn": "arn:aws:ec2:ap-south-1:209479265154:internet-gateway/igw-0d8d7821619e02bd8",
            "id": "igw-0d8d7821619e02bd8",
            "owner_id": "209479265154",
            "tags": null,
            "tags_all": {},
            "timeouts": null,
            "vpc_id": "vpc-01c8d36637720b4f8"
          },
          "sensitive_attributes": [],
          "private": "eyJlMmJmYjczMC1lY2FhLTExZTYtOGY4OC0zNDM2M2JjN2M0YzAiOnsiY3JlYXRlIjoxMjAwMDAwMDAwMDAwLCJkZWxldGUiOjEyMDAwMDAwMDAwMDAsInVwZGF0ZSI6MTIwMDAwMDAwMDAwMH19",
          "dependencies": [
            "aws_vpc.my_vpc"
          ]
        }
      ]
    },
    {
      "mode": "managed",
      "type": "aws_nat_gateway",
      "name": "my_net_gtw",
      "provider": "provider[\"registry.terraform.io/hashicorp/aws\"]",
      "instances": [
        {
          "status": "tainted",
          "schema_version": 0,
          "attributes": {
            "allocation_id": "eipalloc-0c80ee01088249cc0",
            "association_id": null,
            "connectivity_type": "public",
            "id": "nat-0788db66dfa8b7e9a",
            "network_interface_id": null,
            "private_ip": null,
            "public_ip": null,
            "secondary_allocation_ids": null,
            "secondary_private_ip_address_count": null,
            "secondary_private_ip_addresses": [],
            "subnet_id": "subnet-0a04e32696a819c50",
            "tags": null,
            "tags_all": null,
            "timeouts": null
          },
          "sensitive_attributes": [],
          "private": "eyJlMmJmYjczMC1lY2FhLTExZTYtOGY4OC0zNDM2M2JjN2M0YzAiOnsiY3JlYXRlIjo2MDAwMDAwMDAwMDAsImRlbGV0ZSI6MTgwMDAwMDAwMDAwMCwidXBkYXRlIjo2MDAwMDAwMDAwMDB9fQ==",
          "dependencies": [
            "aws_eip.my_public_eip",
            "aws_internet_gateway.my_internet_gtw",
            "aws_subnet.my_public_subnet",
            "aws_vpc.my_vpc",
            "data.aws_availability_zones.my_available_zones"
          ]
        }
      ]
    },
    {
      "mode": "managed",
      "type": "aws_route_table",
      "name": "my_public_route",
      "provider": "provider[\"registry.terraform.io/hashicorp/aws\"]",
      "instances": [
        {
          "schema_version": 0,
          "attributes": {
            "arn": "arn:aws:ec2:ap-south-1:209479265154:route-table/rtb-01aa0269562831bcc",
            "id": "rtb-01aa0269562831bcc",
            "owner_id": "209479265154",
            "propagating_vgws": [],
            "route": [
              {
                "carrier_gateway_id": "",
                "cidr_block": "0.0.0.0/0",
                "core_network_arn": "",
                "destination_prefix_list_id": "",
                "egress_only_gateway_id": "",
                "gateway_id": "igw-0d8d7821619e02bd8",
                "ipv6_cidr_block": "",
                "local_gateway_id": "",
                "nat_gateway_id": "",
                "network_interface_id": "",
                "transit_gateway_id": "",
                "vpc_endpoint_id": "",
                "vpc_peering_connection_id": ""
              }
            ],
            "tags": null,
            "tags_all": {},
            "timeouts": null,
            "vpc_id": "vpc-01c8d36637720b4f8"
          },
          "sensitive_attributes": [],
          "private": "eyJlMmJmYjczMC1lY2FhLTExZTYtOGY4OC0zNDM2M2JjN2M0YzAiOnsiY3JlYXRlIjozMDAwMDAwMDAwMDAsImRlbGV0ZSI6MzAwMDAwMDAwMDAwLCJ1cGRhdGUiOjEyMDAwMDAwMDAwMH19",
          "dependencies": [
            "aws_internet_gateway.my_internet_gtw",
            "aws_vpc.my_vpc"
          ]
        }
      ]
    },
    {
      "mode": "managed",
      "type": "aws_route_table_association",
      "name": "my_route_table_asc",
      "provider": "provider[\"registry.terraform.io/hashicorp/aws\"]",
      "instances": [
        {
          "index_key": "public-01",
          "schema_version": 0,
          "attributes": {
            "gateway_id": "",
            "id": "rtbassoc-0e9c980e7696802d0",
            "route_table_id": "rtb-01aa0269562831bcc",
            "subnet_id": "subnet-0a04e32696a819c50",
            "timeouts": null
          },
          "sensitive_attributes": [],
          "private": "eyJlMmJmYjczMC1lY2FhLTExZTYtOGY4OC0zNDM2M2JjN2M0YzAiOnsiY3JlYXRlIjozMDAwMDAwMDAwMDAsImRlbGV0ZSI6MzAwMDAwMDAwMDAwLCJ1cGRhdGUiOjEyMDAwMDAwMDAwMH19",
          "dependencies": [
            "aws_internet_gateway.my_internet_gtw",
            "aws_route_table.my_public_route",
            "aws_subnet.my_public_subnet",
            "aws_vpc.my_vpc",
            "data.aws_availability_zones.my_available_zones"
          ]
        },
        {
          "index_key": "public-02",
          "schema_version": 0,
          "attributes": {
            "gateway_id": "",
            "id": "rtbassoc-0da3bd09f7f10aa0e",
            "route_table_id": "rtb-01aa0269562831bcc",
            "subnet_id": "subnet-0d5b8b08fd522fd5a",
            "timeouts": null
          },
          "sensitive_attributes": [],
          "private": "eyJlMmJmYjczMC1lY2FhLTExZTYtOGY4OC0zNDM2M2JjN2M0YzAiOnsiY3JlYXRlIjozMDAwMDAwMDAwMDAsImRlbGV0ZSI6MzAwMDAwMDAwMDAwLCJ1cGRhdGUiOjEyMDAwMDAwMDAwMH19",
          "dependencies": [
            "aws_internet_gateway.my_internet_gtw",
            "aws_route_table.my_public_route",
            "aws_subnet.my_public_subnet",
            "aws_vpc.my_vpc",
            "data.aws_availability_zones.my_available_zones"
          ]
        }
      ]
    },
    {
      "mode": "managed",
      "type": "aws_security_group",
      "name": "my_http_sg",
      "provider": "provider[\"registry.terraform.io/hashicorp/aws\"]",
      "instances": [
        {
          "schema_version": 1,
          "attributes": {
            "arn": "arn:aws:ec2:ap-south-1:209479265154:security-group/sg-0e46c8266d63ded43",
            "description": "Managed by Terraform",
            "egress": [
              {
                "cidr_blocks": [
                  "0.0.0.0/0"
                ],
                "description": "",
                "from_port": 0,
                "ipv6_cidr_blocks": [],
                "prefix_list_ids": [],
                "protocol": "-1",
                "security_groups": [],
                "self": false,
                "to_port": 0
              }
            ],
            "id": "sg-0e46c8266d63ded43",
            "ingress": [
              {
                "cidr_blocks": [
                  "0.0.0.0/0"
                ],
                "description": "",
                "from_port": 80,
                "ipv6_cidr_blocks": [],
                "prefix_list_ids": [],
                "protocol": "tcp",
                "security_groups": [],
                "self": false,
                "to_port": 80
              }
            ],
            "name": "terraform-20250331194646186600000001",
            "name_prefix": "terraform-",
            "owner_id": "209479265154",
            "revoke_rules_on_delete": false,
            "tags": null,
            "tags_all": {},
            "timeouts": null,
            "vpc_id": "vpc-01c8d36637720b4f8"
          },
          "sensitive_attributes": [],
          "private": "eyJlMmJmYjczMC1lY2FhLTExZTYtOGY4OC0zNDM2M2JjN2M0YzAiOnsiY3JlYXRlIjo2MDAwMDAwMDAwMDAsImRlbGV0ZSI6OTAwMDAwMDAwMDAwfSwic2NoZW1hX3ZlcnNpb24iOiIxIn0=",
          "dependencies": [
            "aws_vpc.my_vpc"
          ]
        }
      ]
    },
    {
      "mode": "managed",
      "type": "aws_security_group",
      "name": "my_ssh_sg",
      "provider": "provider[\"registry.terraform.io/hashicorp/aws\"]",
      "instances": [
        {
          "schema_version": 1,
          "attributes": {
            "arn": "arn:aws:ec2:ap-south-1:209479265154:security-group/sg-0d940ab45c251387f",
            "description": "Managed by Terraform",
            "egress": [
              {
                "cidr_blocks": [
                  "0.0.0.0/0"
                ],
                "description": "",
                "from_port": 0,
                "ipv6_cidr_blocks": [],
                "prefix_list_ids": [],
                "protocol": "-1",
                "security_groups": [],
                "self": false,
                "to_port": 0
              }
            ],
            "id": "sg-0d940ab45c251387f",
            "ingress": [
              {
                "cidr_blocks": [
                  "0.0.0.0/0"
                ],
                "description": "",
                "from_port": 22,
                "ipv6_cidr_blocks": [],
                "prefix_list_ids": [],
                "protocol": "tcp",
                "security_groups": [],
                "self": false,
                "to_port": 22
              }
            ],
            "name": "terraform-20250331194646186800000002",
            "name_prefix": "terraform-",
            "owner_id": "209479265154",
            "revoke_rules_on_delete": false,
            "tags": null,
            "tags_all": {},
            "timeouts": null,
            "vpc_id": "vpc-01c8d36637720b4f8"
          },
          "sensitive_attributes": [],
          "private": "eyJlMmJmYjczMC1lY2FhLTExZTYtOGY4OC0zNDM2M2JjN2M0YzAiOnsiY3JlYXRlIjo2MDAwMDAwMDAwMDAsImRlbGV0ZSI6OTAwMDAwMDAwMDAwfSwic2NoZW1hX3ZlcnNpb24iOiIxIn0=",
          "dependencies": [
            "aws_vpc.my_vpc"
          ]
        }
      ]
    },
    {
      "mode": "managed",
      "type": "aws_subnet",
      "name": "my_private_subnet",
      "provider": "provider[\"registry.terraform.io/hashicorp/aws\"]",
      "instances": [
        {
          "schema_version": 1,
          "attributes": {
            "arn": "arn:aws:ec2:ap-south-1:209479265154:subnet/subnet-0346a8f32279ea5f0",
            "assign_ipv6_address_on_creation": false,
            "availability_zone": "ap-south-1a",
            "availability_zone_id": "aps1-az1",
            "cidr_block": "10.0.8.0/24",
            "customer_owned_ipv4_pool": "",
            "enable_dns64": false,
            "enable_lni_at_device_index": 0,
            "enable_resource_name_dns_a_record_on_launch": false,
            "enable_resource_name_dns_aaaa_record_on_launch": false,
            "id": "subnet-0346a8f32279ea5f0",
            "ipv6_cidr_block": "",
            "ipv6_cidr_block_association_id": "",
            "ipv6_native": false,
            "map_customer_owned_ip_on_launch": false,
            "map_public_ip_on_launch": false,
            "outpost_arn": "",
            "owner_id": "209479265154",
            "private_dns_hostname_type_on_launch": "ip-name",
            "tags": null,
            "tags_all": {},
            "timeouts": null,
            "vpc_id": "vpc-01c8d36637720b4f8"
          },
          "sensitive_attributes": [],
          "private": "eyJlMmJmYjczMC1lY2FhLTExZTYtOGY4OC0zNDM2M2JjN2M0YzAiOnsiY3JlYXRlIjo2MDAwMDAwMDAwMDAsImRlbGV0ZSI6MTIwMDAwMDAwMDAwMH0sInNjaGVtYV92ZXJzaW9uIjoiMSJ9",
          "dependencies": [
            "aws_vpc.my_vpc"
          ]
        }
      ]
    },
    {
      "mode": "managed",
      "type": "aws_subnet",
      "name": "my_public_subnet",
      "provider": "provider[\"registry.terraform.io/hashicorp/aws\"]",
      "instances": [
        {
          "index_key": "public-01",
          "schema_version": 1,
          "attributes": {
            "arn": "arn:aws:ec2:ap-south-1:209479265154:subnet/subnet-0a04e32696a819c50",
            "assign_ipv6_address_on_creation": false,
            "availability_zone": "ap-south-1b",
            "availability_zone_id": "aps1-az3",
            "cidr_block": "10.0.3.0/24",
            "customer_owned_ipv4_pool": "",
            "enable_dns64": false,
            "enable_lni_at_device_index": 0,
            "enable_resource_name_dns_a_record_on_launch": false,
            "enable_resource_name_dns_aaaa_record_on_launch": false,
            "id": "subnet-0a04e32696a819c50",
            "ipv6_cidr_block": "",
            "ipv6_cidr_block_association_id": "",
            "ipv6_native": false,
            "map_customer_owned_ip_on_launch": false,
            "map_public_ip_on_launch": true,
            "outpost_arn": "",
            "owner_id": "209479265154",
            "private_dns_hostname_type_on_launch": "ip-name",
            "tags": {
              "Name": "imazy-public-01",
              "terraform": "true"
            },
            "tags_all": {
              "Name": "imazy-public-01",
              "terraform": "true"
            },
            "timeouts": null,
            "vpc_id": "vpc-01c8d36637720b4f8"
          },
          "sensitive_attributes": [],
          "private": "eyJlMmJmYjczMC1lY2FhLTExZTYtOGY4OC0zNDM2M2JjN2M0YzAiOnsiY3JlYXRlIjo2MDAwMDAwMDAwMDAsImRlbGV0ZSI6MTIwMDAwMDAwMDAwMH0sInNjaGVtYV92ZXJzaW9uIjoiMSJ9",
          "dependencies": [
            "aws_vpc.my_vpc",
            "data.aws_availability_zones.my_available_zones"
          ]
        },
        {
          "index_key": "public-02",
          "schema_version": 1,
          "attributes": {
            "arn": "arn:aws:ec2:ap-south-1:209479265154:subnet/subnet-0d5b8b08fd522fd5a",
            "assign_ipv6_address_on_creation": false,
            "availability_zone": "ap-south-1c",
            "availability_zone_id": "aps1-az2",
            "cidr_block": "10.0.4.0/24",
            "customer_owned_ipv4_pool": "",
            "enable_dns64": false,
            "enable_lni_at_device_index": 0,
            "enable_resource_name_dns_a_record_on_launch": false,
            "enable_resource_name_dns_aaaa_record_on_launch": false,
            "id": "subnet-0d5b8b08fd522fd5a",
            "ipv6_cidr_block": "",
            "ipv6_cidr_block_association_id": "",
            "ipv6_native": false,
            "map_customer_owned_ip_on_launch": false,
            "map_public_ip_on_launch": true,
            "outpost_arn": "",
            "owner_id": "209479265154",
            "private_dns_hostname_type_on_launch": "ip-name",
            "tags": {
              "Name": "imazy-public-02",
              "terraform": "true"
            },
            "tags_all": {
              "Name": "imazy-public-02",
              "terraform": "true"
            },
            "timeouts": null,
            "vpc_id": "vpc-01c8d36637720b4f8"
          },
          "sensitive_attributes": [],
          "private": "eyJlMmJmYjczMC1lY2FhLTExZTYtOGY4OC0zNDM2M2JjN2M0YzAiOnsiY3JlYXRlIjo2MDAwMDAwMDAwMDAsImRlbGV0ZSI6MTIwMDAwMDAwMDAwMH0sInNjaGVtYV92ZXJzaW9uIjoiMSJ9",
          "dependencies": [
            "aws_vpc.my_vpc",
            "data.aws_availability_zones.my_available_zones"
          ]
        }
      ]
    },
    {
      "mode": "managed",
      "type": "aws_vpc",
      "name": "my_vpc",
      "provider": "provider[\"registry.terraform.io/hashicorp/aws\"]",
      "instances": [
        {
          "schema_version": 1,
          "attributes": {
            "arn": "arn:aws:ec2:ap-south-1:209479265154:vpc/vpc-01c8d36637720b4f8",
            "assign_generated_ipv6_cidr_block": false,
            "cidr_block": "10.0.0.0/16",
            "default_network_acl_id": "acl-0448c71631c2a16bd",
            "default_route_table_id": "rtb-02de5e23638184c92",
            "default_security_group_id": "sg-012f934011c284f49",
            "dhcp_options_id": "dopt-034dbb925f3864a42",
            "enable_dns_hostnames": false,
            "enable_dns_support": true,
            "enable_network_address_usage_metrics": false,
            "id": "vpc-01c8d36637720b4f8",
            "instance_tenancy": "default",
            "ipv4_ipam_pool_id": null,
            "ipv4_netmask_length": null,
            "ipv6_association_id": "",
            "ipv6_cidr_block": "",
            "ipv6_cidr_block_network_border_group": "",
            "ipv6_ipam_pool_id": "",
            "ipv6_netmask_length": 0,
            "main_route_table_id": "rtb-02de5e23638184c92",
            "owner_id": "209479265154",
            "tags": null,
            "tags_all": {}
          },
          "sensitive_attributes": [],
          "private": "eyJzY2hlbWFfdmVyc2lvbiI6IjEifQ=="
        }
      ]
    },
    {
      "mode": "managed",
      "type": "tls_private_key",
      "name": "my_pvt_key",
      "provider": "provider[\"registry.terraform.io/hashicorp/tls\"]",
      "instances": [
        {
          "schema_version": 1,
          "attributes": {
            "algorithm": "RSA",
            "ecdsa_curve": "P224",
            "id": "7d62e256080687cd15e41b89eb679c50cdeea037",
            "private_key_openssh": "-----BEGIN OPENSSH PRIVATE KEY-----\nb3BlbnNzaC1rZXktdjEAAAAABG5vbmUAAAAEbm9uZQAAAAAAAAABAAABFwAAAAdz\nc2gtcnNhAAAAAwEAAQAAAQEA15yvh0oRhhE+cyvqUsfK5xepQ7N2Ii+9w1TV6znW\nRm1sEIFSkc2u5QJK4l63+ZHd9G+bt6CvFjAxpUqFIZUliZNbJXmg+hRuwsKlj7aZ\no7ui0oKy0vpGJlpRLyFlQ5c182CBC9IbIVQQu31rwdnBMWkqjs8jBJ09betLtY4O\nYjvuXWMsbIQ19ChTdZLlr+MlO9WuAb3qkl3nEsnJpT4wqL6y1er5v1D37k3+leX1\nXN5kpRtBe6OBGBzFdNNktnZtaYqn7xlOgzl+lkzMPLHV9fJPL1y6fYkBxCY3jLw7\n1XzEF++e68XwR2wyhG4Y2RPnK4BDDow64Q9pN+Xi73nSywAAA7ihnxM7oZ8TOwAA\nAAdzc2gtcnNhAAABAQDXnK+HShGGET5zK+pSx8rnF6lDs3YiL73DVNXrOdZGbWwQ\ngVKRza7lAkriXrf5kd30b5u3oK8WMDGlSoUhlSWJk1sleaD6FG7CwqWPtpmju6LS\ngrLS+kYmWlEvIWVDlzXzYIEL0hshVBC7fWvB2cExaSqOzyMEnT1t60u1jg5iO+5d\nYyxshDX0KFN1kuWv4yU71a4BveqSXecSycmlPjCovrLV6vm/UPfuTf6V5fVc3mSl\nG0F7o4EYHMV002S2dm1piqfvGU6DOX6WTMw8sdX18k8vXLp9iQHEJjeMvDvVfMQX\n757rxfBHbDKEbhjZE+crgEMOjDrhD2k35eLvedLLAAAAAwEAAQAAAQEAu4ajg99/\n7kMBNdp0Kxtp9iQ2K5Pio0kymrkmdTgQjaCN5K0Vy4pBGx0rVEdda8raaMbJgKRY\no8u24jQ2Jkc6JrXrCGUJBXjP/MSeiqgeaLHBo6XZMnZKnQDgq0U4ddkGK287zbQn\ntI0RIICtQCTMStVVFnBB3LmFvBxx9K5hBD3Rn+xME+SmuiM6qD/NS5mPOPDrd4X9\nGbJ6+icjD9e9+IpIfHOY2Tit36Q07cq7HjX3JghpMewZU3Vg1iJtYvr0QQ3lY0Lf\nNOQPYX+SwZAYjYTIxzIz0pKvNbpuQvedggZ0msFbYjWHKxjsbrwQlxPtd6AnaP5K\n2MHqF1CtrKaTAQAAAIEA0VpQmps6ZVPNapUHJXFkwK7WAfYBpW/RXAHUKz9avsXz\nGxcZ5WSMtiXt9GBzVWvylgmSdggWfGmokRbMSZe+93+icfueRPjwln/VUbagLxqD\nI3+pfPxN9t0FAugODtjR2G96Il8LzXznBzpSWZZSfqr/Ze/wkaEcU+xkG21hvm4A\nAACBANezd5qd+BvKTe8Zn3odrTzBL2Q82e7xEj4fkXeYOU2zoleyehpzhgWPqm+Z\n7ELs21MbQARraxJ0RuHiKLEMiBHMx1gatBhut33ysVHWGgn3OwSJ7ilMNEbbhGPx\n7vj3w/YVVg9yxiRRQV9shUlB4AxhUkW5Mga4nf4mphLOjZcxAAAAgQD/5PZUnhMd\nXd7lzHjWstcKa+ruJWQ7TJMs3RPmchO8QoChrKN5O9VDPwwYAvu0ezecGhSoaURG\nQcC+MKvoWTst5EDt854BVhCpIABHMhYwP/n8KFjHtnUqrz6to3htwkolozce/wye\nE462K+JYuH09JlB8jkaIau2BzjEYZT4CuwAAAAAB\n-----END OPENSSH PRIVATE KEY-----\n",
            "private_key_pem": "-----BEGIN RSA PRIVATE KEY-----\nMIIEpQIBAAKCAQEA15yvh0oRhhE+cyvqUsfK5xepQ7N2Ii+9w1TV6znWRm1sEIFS\nkc2u5QJK4l63+ZHd9G+bt6CvFjAxpUqFIZUliZNbJXmg+hRuwsKlj7aZo7ui0oKy\n0vpGJlpRLyFlQ5c182CBC9IbIVQQu31rwdnBMWkqjs8jBJ09betLtY4OYjvuXWMs\nbIQ19ChTdZLlr+MlO9WuAb3qkl3nEsnJpT4wqL6y1er5v1D37k3+leX1XN5kpRtB\ne6OBGBzFdNNktnZtaYqn7xlOgzl+lkzMPLHV9fJPL1y6fYkBxCY3jLw71XzEF++e\n68XwR2wyhG4Y2RPnK4BDDow64Q9pN+Xi73nSywIDAQABAoIBAQC7hqOD33/uQwE1\n2nQrG2n2JDYrk+KjSTKauSZ1OBCNoI3krRXLikEbHStUR11rytpoxsmApFijy7bi\nNDYmRzomtesIZQkFeM/8xJ6KqB5oscGjpdkydkqdAOCrRTh12QYrbzvNtCe0jREg\ngK1AJMxK1VUWcEHcuYW8HHH0rmEEPdGf7EwT5Ka6IzqoP81LmY848Ot3hf0Zsnr6\nJyMP1734ikh8c5jZOK3fpDTtyrseNfcmCGkx7BlTdWDWIm1i+vRBDeVjQt805A9h\nf5LBkBiNhMjHMjPSkq81um5C952CBnSawVtiNYcrGOxuvBCXE+13oCdo/krYweoX\nUK2sppMBAoGBANezd5qd+BvKTe8Zn3odrTzBL2Q82e7xEj4fkXeYOU2zoleyehpz\nhgWPqm+Z7ELs21MbQARraxJ0RuHiKLEMiBHMx1gatBhut33ysVHWGgn3OwSJ7ilM\nNEbbhGPx7vj3w/YVVg9yxiRRQV9shUlB4AxhUkW5Mga4nf4mphLOjZcxAoGBAP/k\n9lSeEx1d3uXMeNay1wpr6u4lZDtMkyzdE+ZyE7xCgKGso3k71UM/DBgC+7R7N5wa\nFKhpREZBwL4wq+hZOy3kQO3zngFWEKkgAEcyFjA/+fwoWMe2dSqvPq2jeG3CSiWj\nNx7/DJ4TjrYr4li4fT0mUHyORohq7YHOMRhlPgK7AoGBAIoF/PKjQrAFs/jbnIC3\nnLLTq0+o4ItVFydJa/vrHD/sQmV7f0aNxaSpWZYwGE564Z08QqqRUeJtJS5FWWRx\ncGBzeNuXusYnkqK1OWH0bpUR7mHpIMysRodQ0FZj6VbGtE4zOO6JsuBqXjqBZoiJ\n7qP9YnfbGXfTisWmVX6TTWcBAoGAPPdR8OsQZsi8mEdU6uIE9cisWjyyWqZt0hyB\n5z96kDnP57T35aRptPHKcdYUHfXVU+2qykz6JTr5Ltbtvhe0T8S363lFRdA5e/HR\n3ySBwNEdQARk0oAX/iluZ3Qw9wV5IOp38XyWhvrl32UpMjYSMIV2W5aSG2JOX8S+\nUa+dTI0CgYEA0VpQmps6ZVPNapUHJXFkwK7WAfYBpW/RXAHUKz9avsXzGxcZ5WSM\ntiXt9GBzVWvylgmSdggWfGmokRbMSZe+93+icfueRPjwln/VUbagLxqDI3+pfPxN\n9t0FAugODtjR2G96Il8LzXznBzpSWZZSfqr/Ze/wkaEcU+xkG21hvm4=\n-----END RSA PRIVATE KEY-----\n",
            "private_key_pem_pkcs8": "-----BEGIN PRIVATE KEY-----\nMIIEvwIBADANBgkqhkiG9w0BAQEFAASCBKkwggSlAgEAAoIBAQDXnK+HShGGET5z\nK+pSx8rnF6lDs3YiL73DVNXrOdZGbWwQgVKRza7lAkriXrf5kd30b5u3oK8WMDGl\nSoUhlSWJk1sleaD6FG7CwqWPtpmju6LSgrLS+kYmWlEvIWVDlzXzYIEL0hshVBC7\nfWvB2cExaSqOzyMEnT1t60u1jg5iO+5dYyxshDX0KFN1kuWv4yU71a4BveqSXecS\nycmlPjCovrLV6vm/UPfuTf6V5fVc3mSlG0F7o4EYHMV002S2dm1piqfvGU6DOX6W\nTMw8sdX18k8vXLp9iQHEJjeMvDvVfMQX757rxfBHbDKEbhjZE+crgEMOjDrhD2k3\n5eLvedLLAgMBAAECggEBALuGo4Pff+5DATXadCsbafYkNiuT4qNJMpq5JnU4EI2g\njeStFcuKQRsdK1RHXWvK2mjGyYCkWKPLtuI0NiZHOia16whlCQV4z/zEnoqoHmix\nwaOl2TJ2Sp0A4KtFOHXZBitvO820J7SNESCArUAkzErVVRZwQdy5hbwccfSuYQQ9\n0Z/sTBPkprojOqg/zUuZjzjw63eF/RmyevonIw/XvfiKSHxzmNk4rd+kNO3Kux41\n9yYIaTHsGVN1YNYibWL69EEN5WNC3zTkD2F/ksGQGI2EyMcyM9KSrzW6bkL3nYIG\ndJrBW2I1hysY7G68EJcT7XegJ2j+StjB6hdQraymkwECgYEA17N3mp34G8pN7xmf\neh2tPMEvZDzZ7vESPh+Rd5g5TbOiV7J6GnOGBY+qb5nsQuzbUxtABGtrEnRG4eIo\nsQyIEczHWBq0GG63ffKxUdYaCfc7BInuKUw0RtuEY/Hu+PfD9hVWD3LGJFFBX2yF\nSUHgDGFSRbkyBrid/iamEs6NlzECgYEA/+T2VJ4THV3e5cx41rLXCmvq7iVkO0yT\nLN0T5nITvEKAoayjeTvVQz8MGAL7tHs3nBoUqGlERkHAvjCr6Fk7LeRA7fOeAVYQ\nqSAARzIWMD/5/ChYx7Z1Kq8+raN4bcJKJaM3Hv8MnhOOtiviWLh9PSZQfI5GiGrt\ngc4xGGU+ArsCgYEAigX88qNCsAWz+NucgLecstOrT6jgi1UXJ0lr++scP+xCZXt/\nRo3FpKlZljAYTnrhnTxCqpFR4m0lLkVZZHFwYHN425e6xieSorU5YfRulRHuYekg\nzKxGh1DQVmPpVsa0TjM47omy4GpeOoFmiInuo/1id9sZd9OKxaZVfpNNZwECgYA8\n91Hw6xBmyLyYR1Tq4gT1yKxaPLJapm3SHIHnP3qQOc/ntPflpGm08cpx1hQd9dVT\n7arKTPolOvku1u2+F7RPxLfreUVF0Dl78dHfJIHA0R1ABGTSgBf+KW5ndDD3BXkg\n6nfxfJaG+uXfZSkyNhIwhXZblpIbYk5fxL5Rr51MjQKBgQDRWlCamzplU81qlQcl\ncWTArtYB9gGlb9FcAdQrP1q+xfMbFxnlZIy2Je30YHNVa/KWCZJ2CBZ8aaiRFsxJ\nl773f6Jx+55E+PCWf9VRtqAvGoMjf6l8/E323QUC6A4O2NHYb3oiXwvNfOcHOlJZ\nllJ+qv9l7/CRoRxT7GQbbWG+bg==\n-----END PRIVATE KEY-----\n",
            "public_key_fingerprint_md5": "17:c3:87:e8:dd:ef:e9:85:68:e6:a5:6f:a6:49:b0:35",
            "public_key_fingerprint_sha256": "SHA256:4JseVkZX7j5E1phZpf/6yjWgCZ0yx57i46AZ+uA6nhY",
            "public_key_openssh": "ssh-rsa AAAAB3NzaC1yc2EAAAADAQABAAABAQDXnK+HShGGET5zK+pSx8rnF6lDs3YiL73DVNXrOdZGbWwQgVKRza7lAkriXrf5kd30b5u3oK8WMDGlSoUhlSWJk1sleaD6FG7CwqWPtpmju6LSgrLS+kYmWlEvIWVDlzXzYIEL0hshVBC7fWvB2cExaSqOzyMEnT1t60u1jg5iO+5dYyxshDX0KFN1kuWv4yU71a4BveqSXecSycmlPjCovrLV6vm/UPfuTf6V5fVc3mSlG0F7o4EYHMV002S2dm1piqfvGU6DOX6WTMw8sdX18k8vXLp9iQHEJjeMvDvVfMQX757rxfBHbDKEbhjZE+crgEMOjDrhD2k35eLvedLL\n",
            "public_key_pem": "-----BEGIN PUBLIC KEY-----\nMIIBIjANBgkqhkiG9w0BAQEFAAOCAQ8AMIIBCgKCAQEA15yvh0oRhhE+cyvqUsfK\n5xepQ7N2Ii+9w1TV6znWRm1sEIFSkc2u5QJK4l63+ZHd9G+bt6CvFjAxpUqFIZUl\niZNbJXmg+hRuwsKlj7aZo7ui0oKy0vpGJlpRLyFlQ5c182CBC9IbIVQQu31rwdnB\nMWkqjs8jBJ09betLtY4OYjvuXWMsbIQ19ChTdZLlr+MlO9WuAb3qkl3nEsnJpT4w\nqL6y1er5v1D37k3+leX1XN5kpRtBe6OBGBzFdNNktnZtaYqn7xlOgzl+lkzMPLHV\n9fJPL1y6fYkBxCY3jLw71XzEF++e68XwR2wyhG4Y2RPnK4BDDow64Q9pN+Xi73nS\nywIDAQAB\n-----END PUBLIC KEY-----\n",
            "rsa_bits": 2048
          },
          "sensitive_attributes": [
            [
              {
                "type": "get_attr",
                "value": "private_key_pem_pkcs8"
              }
            ],
            [
              {
                "type": "get_attr",
                "value": "private_key_pem"
              }
            ],
            [
              {
                "type": "get_attr",
                "value": "private_key_openssh"
              }
            ]
          ]
        }
      ]
    }
  ],
  "check_results": null
}
