{
  "version": 4,
  "terraform_version": "1.11.3",
  "serial": 102,
  "lineage": "64f14031-ba89-d501-1313-4ed1d551ddeb",
  "outputs": {},
  "resources": [
    {
      "mode": "data",
      "type": "aws_ami",
      "name": "my_ami",
      "provider": "provider[\"registry.terraform.io/hashicorp/aws\"]",
      "instances": [
        {
          "schema_version": 0,
          "attributes": {
            "architecture": "x86_64",
            "arn": "arn:aws:ec2:ap-south-1::image/ami-0b52033d797da0c87",
            "block_device_mappings": [
              {
                "device_name": "/dev/xvda",
                "ebs": {
                  "delete_on_termination": "true",
                  "encrypted": "false",
                  "iops": "0",
                  "snapshot_id": "snap-049c90bef9e5c96c4",
                  "throughput": "0",
                  "volume_size": "8",
                  "volume_type": "gp2"
                },
                "no_device": "",
                "virtual_name": ""
              }
            ],
            "boot_mode": "",
            "creation_date": "2025-03-21T23:34:19.000Z",
            "deprecation_time": "2025-07-01T00:00:00.000Z",
            "description": "Amazon Linux 2 AMI 2.0.20250321.0 x86_64 HVM gp2",
            "ena_support": true,
            "executable_users": null,
            "filter": [
              {
                "name": "architecture",
                "values": [
                  "x86_64"
                ]
              },
              {
                "name": "root-device-type",
                "values": [
                  "ebs"
                ]
              }
            ],
            "hypervisor": "xen",
            "id": "ami-0b52033d797da0c87",
            "image_id": "ami-0b52033d797da0c87",
            "image_location": "amazon/amzn2-ami-hvm-2.0.20250321.0-x86_64-gp2",
            "image_owner_alias": "amazon",
            "image_type": "machine",
            "imds_support": "",
            "include_deprecated": false,
            "kernel_id": "",
            "most_recent": true,
            "name": "amzn2-ami-hvm-2.0.20250321.0-x86_64-gp2",
            "name_regex": "amzn2-ami-hvm",
            "owner_id": "137112412989",
            "owners": [
              "amazon"
            ],
            "platform": "",
            "platform_details": "Linux/UNIX",
            "product_codes": [],
            "public": true,
            "ramdisk_id": "",
            "root_device_name": "/dev/xvda",
            "root_device_type": "ebs",
            "root_snapshot_id": "snap-049c90bef9e5c96c4",
            "sriov_net_support": "simple",
            "state": "available",
            "state_reason": {
              "code": "UNSET",
              "message": "UNSET"
            },
            "tags": {},
            "timeouts": null,
            "tpm_support": "",
            "uefi_data": null,
            "usage_operation": "RunInstances",
            "virtualization_type": "hvm"
          },
          "sensitive_attributes": []
        }
      ]
    },
    {
      "mode": "data",
      "type": "aws_ami",
      "name": "my_ami_ubuntu",
      "provider": "provider[\"registry.terraform.io/hashicorp/aws\"]",
      "instances": [
        {
          "schema_version": 0,
          "attributes": {
            "architecture": "x86_64",
            "arn": "arn:aws:ec2:ap-south-1::image/ami-0ab53a19308889b24",
            "block_device_mappings": [
              {
                "device_name": "/dev/sda1",
                "ebs": {
                  "delete_on_termination": "true",
                  "encrypted": "false",
                  "iops": "0",
                  "snapshot_id": "snap-0915594590724348f",
                  "throughput": "0",
                  "volume_size": "8",
                  "volume_type": "gp2"
                },
                "no_device": "",
                "virtual_name": ""
              },
              {
                "device_name": "/dev/sdb",
                "ebs": {},
                "no_device": "",
                "virtual_name": "ephemeral0"
              },
              {
                "device_name": "/dev/sdc",
                "ebs": {},
                "no_device": "",
                "virtual_name": "ephemeral1"
              }
            ],
            "boot_mode": "legacy-bios",
            "creation_date": "2025-03-12T22:22:02.000Z",
            "deprecation_time": "2027-03-12T22:22:02.000Z",
            "description": "Canonical, Ubuntu, 20.04, amd64 focal image",
            "ena_support": true,
            "executable_users": null,
            "filter": [
              {
                "name": "name",
                "values": [
                  "ubuntu/images/hvm-ssd/ubuntu-focal-20.04-amd64-server-*"
                ]
              },
              {
                "name": "virtualization-type",
                "values": [
                  "hvm"
                ]
              }
            ],
            "hypervisor": "xen",
            "id": "ami-0ab53a19308889b24",
            "image_id": "ami-0ab53a19308889b24",
            "image_location": "amazon/ubuntu/images/hvm-ssd/ubuntu-focal-20.04-amd64-server-20250312",
            "image_owner_alias": "amazon",
            "image_type": "machine",
            "imds_support": "",
            "include_deprecated": false,
            "kernel_id": "",
            "most_recent": true,
            "name": "ubuntu/images/hvm-ssd/ubuntu-focal-20.04-amd64-server-20250312",
            "name_regex": null,
            "owner_id": "099720109477",
            "owners": [
              "099720109477"
            ],
            "platform": "",
            "platform_details": "Linux/UNIX",
            "product_codes": [],
            "public": true,
            "ramdisk_id": "",
            "root_device_name": "/dev/sda1",
            "root_device_type": "ebs",
            "root_snapshot_id": "snap-0915594590724348f",
            "sriov_net_support": "simple",
            "state": "available",
            "state_reason": {
              "code": "UNSET",
              "message": "UNSET"
            },
            "tags": {},
            "timeouts": null,
            "tpm_support": "",
            "uefi_data": null,
            "usage_operation": "RunInstances",
            "virtualization_type": "hvm"
          },
          "sensitive_attributes": []
        }
      ]
    },
    {
      "mode": "data",
      "type": "aws_availability_zones",
      "name": "my_available_zones",
      "provider": "provider[\"registry.terraform.io/hashicorp/aws\"]",
      "instances": [
        {
          "schema_version": 0,
          "attributes": {
            "all_availability_zones": null,
            "exclude_names": null,
            "exclude_zone_ids": null,
            "filter": null,
            "group_names": [
              "ap-south-1-zg-1"
            ],
            "id": "ap-south-1",
            "names": [
              "ap-south-1a",
              "ap-south-1b",
              "ap-south-1c"
            ],
            "state": null,
            "timeouts": null,
            "zone_ids": [
              "aps1-az1",
              "aps1-az3",
              "aps1-az2"
            ]
          },
          "sensitive_attributes": []
        }
      ]
    },
    {
      "mode": "data",
      "type": "aws_region",
      "name": "my_available_region",
      "provider": "provider[\"registry.terraform.io/hashicorp/aws\"]",
      "instances": [
        {
          "schema_version": 0,
          "attributes": {
            "description": "Asia Pacific (Mumbai)",
            "endpoint": "ec2.ap-south-1.amazonaws.com",
            "id": "ap-south-1",
            "name": "ap-south-1"
          },
          "sensitive_attributes": []
        }
      ]
    },
    {
      "mode": "managed",
      "type": "aws_eip",
      "name": "my_public_eip",
      "provider": "provider[\"registry.terraform.io/hashicorp/aws\"]",
      "instances": [
        {
          "schema_version": 0,
          "attributes": {
            "address": null,
            "allocation_id": "eipalloc-0106b0cf111ccc7a6",
            "arn": "arn:aws:ec2:ap-south-1:209479265154:elastic-ip/eipalloc-0106b0cf111ccc7a6",
            "associate_with_private_ip": null,
            "association_id": "",
            "carrier_ip": "",
            "customer_owned_ip": "",
            "customer_owned_ipv4_pool": "",
            "domain": "vpc",
            "id": "eipalloc-0106b0cf111ccc7a6",
            "instance": "",
            "ipam_pool_id": null,
            "network_border_group": "ap-south-1",
            "network_interface": "",
            "private_dns": null,
            "private_ip": "",
            "ptr_record": "",
            "public_dns": "ec2-3-109-99-55.ap-south-1.compute.amazonaws.com",
            "public_ip": "3.109.99.55",
            "public_ipv4_pool": "amazon",
            "tags": null,
            "tags_all": {},
            "timeouts": null,
            "vpc": true
          },
          "sensitive_attributes": [],
          "private": "eyJlMmJmYjczMC1lY2FhLTExZTYtOGY4OC0zNDM2M2JjN2M0YzAiOnsiZGVsZXRlIjoxODAwMDAwMDAwMDAsInJlYWQiOjkwMDAwMDAwMDAwMCwidXBkYXRlIjozMDAwMDAwMDAwMDB9fQ==",
          "dependencies": [
            "aws_internet_gateway.my_internet_gtw",
            "aws_vpc.my_vpc"
          ]
        }
      ]
    },
    {
      "mode": "managed",
      "type": "aws_instance",
      "name": "my_web-server-ec2",
      "provider": "provider[\"registry.terraform.io/hashicorp/aws\"]",
      "instances": [
        {
          "schema_version": 1,
          "attributes": {
            "ami": "ami-0b52033d797da0c87",
            "arn": "arn:aws:ec2:ap-south-1:209479265154:instance/i-0b76459a1f8e7c376",
            "associate_public_ip_address": true,
            "availability_zone": "ap-south-1b",
            "capacity_reservation_specification": [
              {
                "capacity_reservation_preference": "open",
                "capacity_reservation_target": []
              }
            ],
            "cpu_core_count": 1,
            "cpu_options": [
              {
                "amd_sev_snp": "",
                "core_count": 1,
                "threads_per_core": 2
              }
            ],
            "cpu_threads_per_core": 2,
            "credit_specification": [
              {
                "cpu_credits": "unlimited"
              }
            ],
            "disable_api_stop": false,
            "disable_api_termination": false,
            "ebs_block_device": [],
            "ebs_optimized": false,
            "enable_primary_ipv6": null,
            "enclave_options": [
              {
                "enabled": false
              }
            ],
            "ephemeral_block_device": [],
            "get_password_data": false,
            "hibernation": false,
            "host_id": "",
            "host_resource_group_arn": null,
            "iam_instance_profile": "",
            "id": "i-0b76459a1f8e7c376",
            "instance_initiated_shutdown_behavior": "stop",
            "instance_lifecycle": "",
            "instance_market_options": [],
            "instance_state": "running",
            "instance_type": "t3.micro",
            "ipv6_address_count": 0,
            "ipv6_addresses": [],
            "key_name": "my_pvt_key",
            "launch_template": [],
            "maintenance_options": [
              {
                "auto_recovery": "default"
              }
            ],
            "metadata_options": [
              {
                "http_endpoint": "enabled",
                "http_protocol_ipv6": "disabled",
                "http_put_response_hop_limit": 1,
                "http_tokens": "optional",
                "instance_metadata_tags": "disabled"
              }
            ],
            "monitoring": false,
            "network_interface": [],
            "outpost_arn": "",
            "password_data": "",
            "placement_group": "",
            "placement_partition_number": 0,
            "primary_network_interface_id": "eni-0b63729ac9ac9aac1",
            "private_dns": "ip-10-0-3-37.ap-south-1.compute.internal",
            "private_dns_name_options": [
              {
                "enable_resource_name_dns_a_record": false,
                "enable_resource_name_dns_aaaa_record": false,
                "hostname_type": "ip-name"
              }
            ],
            "private_ip": "10.0.3.37",
            "public_dns": "",
            "public_ip": "3.110.217.157",
            "root_block_device": [
              {
                "delete_on_termination": true,
                "device_name": "/dev/xvda",
                "encrypted": false,
                "iops": 100,
                "kms_key_id": "",
                "tags": {},
                "tags_all": {},
                "throughput": 0,
                "volume_id": "vol-0e0a5b37e13e35b79",
                "volume_size": 8,
                "volume_type": "gp2"
              }
            ],
            "secondary_private_ips": [],
            "security_groups": [
              "sg-075eb6cc47caee011",
              "sg-09c04a97b6c97a2ce"
            ],
            "source_dest_check": true,
            "spot_instance_request_id": "",
            "subnet_id": "subnet-02625dd3859b2aca9",
            "tags": {
              "Name": "imazy-web-default"
            },
            "tags_all": {
              "Name": "imazy-web-default"
            },
            "tenancy": "default",
            "timeouts": null,
            "user_data": null,
            "user_data_base64": null,
            "user_data_replace_on_change": false,
            "volume_tags": null,
            "vpc_security_group_ids": [
              "sg-075eb6cc47caee011",
              "sg-09c04a97b6c97a2ce"
            ]
          },
          "sensitive_attributes": [],
          "private": "eyJlMmJmYjczMC1lY2FhLTExZTYtOGY4OC0zNDM2M2JjN2M0YzAiOnsiY3JlYXRlIjo2MDAwMDAwMDAwMDAsImRlbGV0ZSI6MTIwMDAwMDAwMDAwMCwicmVhZCI6OTAwMDAwMDAwMDAwLCJ1cGRhdGUiOjYwMDAwMDAwMDAwMH0sInNjaGVtYV92ZXJzaW9uIjoiMSJ9",
          "dependencies": [
            "aws_key_pair.my_key_pair",
            "aws_security_group.my_http_sg",
            "aws_security_group.my_ssh_sg",
            "aws_subnet.my_public_subnet",
            "aws_vpc.my_vpc",
            "data.aws_ami.my_ami",
            "data.aws_availability_zones.my_available_zones",
            "tls_private_key.my_pvt_key"
          ]
        }
      ]
    },
    {
      "mode": "managed",
      "type": "aws_internet_gateway",
      "name": "my_internet_gtw",
      "provider": "provider[\"registry.terraform.io/hashicorp/aws\"]",
      "instances": [
        {
          "schema_version": 0,
          "attributes": {
            "arn": "arn:aws:ec2:ap-south-1:209479265154:internet-gateway/igw-006c9ddb455605d12",
            "id": "igw-006c9ddb455605d12",
            "owner_id": "209479265154",
            "tags": null,
            "tags_all": {},
            "timeouts": null,
            "vpc_id": "vpc-0c0f9dc47678f3bbf"
          },
          "sensitive_attributes": [],
          "private": "eyJlMmJmYjczMC1lY2FhLTExZTYtOGY4OC0zNDM2M2JjN2M0YzAiOnsiY3JlYXRlIjoxMjAwMDAwMDAwMDAwLCJkZWxldGUiOjEyMDAwMDAwMDAwMDAsInVwZGF0ZSI6MTIwMDAwMDAwMDAwMH19",
          "dependencies": [
            "aws_vpc.my_vpc"
          ]
        }
      ]
    },
    {
      "mode": "managed",
      "type": "aws_key_pair",
      "name": "my_key_pair",
      "provider": "provider[\"registry.terraform.io/hashicorp/aws\"]",
      "instances": [
        {
          "schema_version": 1,
          "attributes": {
            "arn": "arn:aws:ec2:ap-south-1:209479265154:key-pair/my_pvt_key",
            "fingerprint": "2b:60:5a:2b:6c:3b:07:d4:c4:49:2f:b2:c1:87:e2:60",
            "id": "my_pvt_key",
            "key_name": "my_pvt_key",
            "key_name_prefix": "",
            "key_pair_id": "key-0f167ab7eee39a68f",
            "key_type": "rsa",
            "public_key": "ssh-rsa AAAAB3NzaC1yc2EAAAADAQABAAABAQDCMjoLXegqkUZmo6TfRw4nx8t5ApUTHr9fTZqEMSoBmVr3qtL220Le6+3kvtVERoymIHlGspTnsUOLKoWugbDz9jPhXdOM8YiwyVToTbfbAXhTHHkFRCDf9VHSuUrg0FmOODrhNG613fhA+bpy7waThIH3jSVUOraVtjqflOcKcqV48eBKIQRGPKOcFzzf5WpCqsbKRILQT18Caa2LY5Fk9XtBUZoXgQP+CYHGj27/lStZJx4CNwowSd7/P3+ErESEeezyqUaxlX0MPoyGMu7h9v3p26TE6oRxyu5ztkG95ADa/Cn6BY0w3oAYTIcRhbIlii4slxa0fX5TUBGr3qhP",
            "tags": null,
            "tags_all": {}
          },
          "sensitive_attributes": [],
          "private": "eyJzY2hlbWFfdmVyc2lvbiI6IjEifQ==",
          "dependencies": [
            "tls_private_key.my_pvt_key"
          ]
        }
      ]
    },
    {
      "mode": "managed",
      "type": "aws_nat_gateway",
      "name": "my_net_gtw",
      "provider": "provider[\"registry.terraform.io/hashicorp/aws\"]",
      "instances": [
        {
          "schema_version": 0,
          "attributes": {
            "allocation_id": "eipalloc-0106b0cf111ccc7a6",
            "association_id": "eipassoc-00a478e55b99c387d",
            "connectivity_type": "public",
            "id": "nat-06e07aa5cf9970b2a",
            "network_interface_id": "eni-0acce57612d4bd3bd",
            "private_ip": "10.0.3.128",
            "public_ip": "3.109.99.55",
            "secondary_allocation_ids": null,
            "secondary_private_ip_address_count": 0,
            "secondary_private_ip_addresses": [],
            "subnet_id": "subnet-02625dd3859b2aca9",
            "tags": null,
            "tags_all": {},
            "timeouts": null
          },
          "sensitive_attributes": [],
          "private": "eyJlMmJmYjczMC1lY2FhLTExZTYtOGY4OC0zNDM2M2JjN2M0YzAiOnsiY3JlYXRlIjo2MDAwMDAwMDAwMDAsImRlbGV0ZSI6MTgwMDAwMDAwMDAwMCwidXBkYXRlIjo2MDAwMDAwMDAwMDB9fQ==",
          "dependencies": [
            "aws_eip.my_public_eip",
            "aws_internet_gateway.my_internet_gtw",
            "aws_subnet.my_public_subnet",
            "aws_vpc.my_vpc",
            "data.aws_availability_zones.my_available_zones"
          ]
        }
      ]
    },
    {
      "mode": "managed",
      "type": "aws_route_table",
      "name": "my_public_route",
      "provider": "provider[\"registry.terraform.io/hashicorp/aws\"]",
      "instances": [
        {
          "schema_version": 0,
          "attributes": {
            "arn": "arn:aws:ec2:ap-south-1:209479265154:route-table/rtb-029971768e8753715",
            "id": "rtb-029971768e8753715",
            "owner_id": "209479265154",
            "propagating_vgws": [],
            "route": [
              {
                "carrier_gateway_id": "",
                "cidr_block": "0.0.0.0/0",
                "core_network_arn": "",
                "destination_prefix_list_id": "",
                "egress_only_gateway_id": "",
                "gateway_id": "igw-006c9ddb455605d12",
                "ipv6_cidr_block": "",
                "local_gateway_id": "",
                "nat_gateway_id": "",
                "network_interface_id": "",
                "transit_gateway_id": "",
                "vpc_endpoint_id": "",
                "vpc_peering_connection_id": ""
              }
            ],
            "tags": null,
            "tags_all": {},
            "timeouts": null,
            "vpc_id": "vpc-0c0f9dc47678f3bbf"
          },
          "sensitive_attributes": [],
          "private": "eyJlMmJmYjczMC1lY2FhLTExZTYtOGY4OC0zNDM2M2JjN2M0YzAiOnsiY3JlYXRlIjozMDAwMDAwMDAwMDAsImRlbGV0ZSI6MzAwMDAwMDAwMDAwLCJ1cGRhdGUiOjEyMDAwMDAwMDAwMH19",
          "dependencies": [
            "aws_internet_gateway.my_internet_gtw",
            "aws_vpc.my_vpc"
          ]
        }
      ]
    },
    {
      "mode": "managed",
      "type": "aws_route_table",
      "name": "private_route_table",
      "provider": "provider[\"registry.terraform.io/hashicorp/aws\"]",
      "instances": [
        {
          "schema_version": 0,
          "attributes": {
            "arn": "arn:aws:ec2:ap-south-1:209479265154:route-table/rtb-0811966cb1d82338d",
            "id": "rtb-0811966cb1d82338d",
            "owner_id": "209479265154",
            "propagating_vgws": [],
            "route": [
              {
                "carrier_gateway_id": "",
                "cidr_block": "0.0.0.0/0",
                "core_network_arn": "",
                "destination_prefix_list_id": "",
                "egress_only_gateway_id": "",
                "gateway_id": "",
                "ipv6_cidr_block": "",
                "local_gateway_id": "",
                "nat_gateway_id": "nat-06e07aa5cf9970b2a",
                "network_interface_id": "",
                "transit_gateway_id": "",
                "vpc_endpoint_id": "",
                "vpc_peering_connection_id": ""
              }
            ],
            "tags": null,
            "tags_all": {},
            "timeouts": null,
            "vpc_id": "vpc-0c0f9dc47678f3bbf"
          },
          "sensitive_attributes": [],
          "private": "eyJlMmJmYjczMC1lY2FhLTExZTYtOGY4OC0zNDM2M2JjN2M0YzAiOnsiY3JlYXRlIjozMDAwMDAwMDAwMDAsImRlbGV0ZSI6MzAwMDAwMDAwMDAwLCJ1cGRhdGUiOjEyMDAwMDAwMDAwMH19",
          "dependencies": [
            "aws_eip.my_public_eip",
            "aws_internet_gateway.my_internet_gtw",
            "aws_nat_gateway.my_net_gtw",
            "aws_subnet.my_public_subnet",
            "aws_vpc.my_vpc",
            "data.aws_availability_zones.my_available_zones"
          ]
        }
      ]
    },
    {
      "mode": "managed",
      "type": "aws_route_table_association",
      "name": "my_route_table_asc",
      "provider": "provider[\"registry.terraform.io/hashicorp/aws\"]",
      "instances": [
        {
          "index_key": "public-01",
          "schema_version": 0,
          "attributes": {
            "gateway_id": "",
            "id": "rtbassoc-0a5beb06d5ddb1857",
            "route_table_id": "rtb-029971768e8753715",
            "subnet_id": "subnet-02625dd3859b2aca9",
            "timeouts": null
          },
          "sensitive_attributes": [],
          "private": "eyJlMmJmYjczMC1lY2FhLTExZTYtOGY4OC0zNDM2M2JjN2M0YzAiOnsiY3JlYXRlIjozMDAwMDAwMDAwMDAsImRlbGV0ZSI6MzAwMDAwMDAwMDAwLCJ1cGRhdGUiOjEyMDAwMDAwMDAwMH19",
          "dependencies": [
            "aws_internet_gateway.my_internet_gtw",
            "aws_route_table.my_public_route",
            "aws_subnet.my_public_subnet",
            "aws_vpc.my_vpc",
            "data.aws_availability_zones.my_available_zones"
          ]
        },
        {
          "index_key": "public-02",
          "schema_version": 0,
          "attributes": {
            "gateway_id": "",
            "id": "rtbassoc-09ccb34bf14bbdf3f",
            "route_table_id": "rtb-029971768e8753715",
            "subnet_id": "subnet-04db552acf6e7f6e8",
            "timeouts": null
          },
          "sensitive_attributes": [],
          "private": "eyJlMmJmYjczMC1lY2FhLTExZTYtOGY4OC0zNDM2M2JjN2M0YzAiOnsiY3JlYXRlIjozMDAwMDAwMDAwMDAsImRlbGV0ZSI6MzAwMDAwMDAwMDAwLCJ1cGRhdGUiOjEyMDAwMDAwMDAwMH19",
          "dependencies": [
            "aws_internet_gateway.my_internet_gtw",
            "aws_route_table.my_public_route",
            "aws_subnet.my_public_subnet",
            "aws_vpc.my_vpc",
            "data.aws_availability_zones.my_available_zones"
          ]
        }
      ]
    },
    {
      "mode": "managed",
      "type": "aws_security_group",
      "name": "my_http_sg",
      "provider": "provider[\"registry.terraform.io/hashicorp/aws\"]",
      "instances": [
        {
          "schema_version": 1,
          "attributes": {
            "arn": "arn:aws:ec2:ap-south-1:209479265154:security-group/sg-09c04a97b6c97a2ce",
            "description": "Managed by Terraform",
            "egress": [
              {
                "cidr_blocks": [
                  "0.0.0.0/0"
                ],
                "description": "",
                "from_port": 0,
                "ipv6_cidr_blocks": [],
                "prefix_list_ids": [],
                "protocol": "-1",
                "security_groups": [],
                "self": false,
                "to_port": 0
              }
            ],
            "id": "sg-09c04a97b6c97a2ce",
            "ingress": [
              {
                "cidr_blocks": [
                  "0.0.0.0/0"
                ],
                "description": "",
                "from_port": 80,
                "ipv6_cidr_blocks": [],
                "prefix_list_ids": [],
                "protocol": "tcp",
                "security_groups": [],
                "self": false,
                "to_port": 80
              }
            ],
            "name": "terraform-20250331215217514100000002",
            "name_prefix": "terraform-",
            "owner_id": "209479265154",
            "revoke_rules_on_delete": false,
            "tags": null,
            "tags_all": {},
            "timeouts": null,
            "vpc_id": "vpc-0c0f9dc47678f3bbf"
          },
          "sensitive_attributes": [],
          "private": "eyJlMmJmYjczMC1lY2FhLTExZTYtOGY4OC0zNDM2M2JjN2M0YzAiOnsiY3JlYXRlIjo2MDAwMDAwMDAwMDAsImRlbGV0ZSI6OTAwMDAwMDAwMDAwfSwic2NoZW1hX3ZlcnNpb24iOiIxIn0=",
          "dependencies": [
            "aws_vpc.my_vpc"
          ]
        }
      ]
    },
    {
      "mode": "managed",
      "type": "aws_security_group",
      "name": "my_ssh_sg",
      "provider": "provider[\"registry.terraform.io/hashicorp/aws\"]",
      "instances": [
        {
          "schema_version": 1,
          "attributes": {
            "arn": "arn:aws:ec2:ap-south-1:209479265154:security-group/sg-075eb6cc47caee011",
            "description": "Managed by Terraform",
            "egress": [
              {
                "cidr_blocks": [
                  "0.0.0.0/0"
                ],
                "description": "",
                "from_port": 0,
                "ipv6_cidr_blocks": [],
                "prefix_list_ids": [],
                "protocol": "-1",
                "security_groups": [],
                "self": false,
                "to_port": 0
              }
            ],
            "id": "sg-075eb6cc47caee011",
            "ingress": [
              {
                "cidr_blocks": [
                  "0.0.0.0/0"
                ],
                "description": "",
                "from_port": 22,
                "ipv6_cidr_blocks": [],
                "prefix_list_ids": [],
                "protocol": "tcp",
                "security_groups": [],
                "self": false,
                "to_port": 22
              }
            ],
            "name": "terraform-20250331215217513100000001",
            "name_prefix": "terraform-",
            "owner_id": "209479265154",
            "revoke_rules_on_delete": false,
            "tags": null,
            "tags_all": {},
            "timeouts": null,
            "vpc_id": "vpc-0c0f9dc47678f3bbf"
          },
          "sensitive_attributes": [],
          "private": "eyJlMmJmYjczMC1lY2FhLTExZTYtOGY4OC0zNDM2M2JjN2M0YzAiOnsiY3JlYXRlIjo2MDAwMDAwMDAwMDAsImRlbGV0ZSI6OTAwMDAwMDAwMDAwfSwic2NoZW1hX3ZlcnNpb24iOiIxIn0=",
          "dependencies": [
            "aws_vpc.my_vpc"
          ]
        }
      ]
    },
    {
      "mode": "managed",
      "type": "aws_subnet",
      "name": "my_private_subnet",
      "provider": "provider[\"registry.terraform.io/hashicorp/aws\"]",
      "instances": [
        {
          "schema_version": 1,
          "attributes": {
            "arn": "arn:aws:ec2:ap-south-1:209479265154:subnet/subnet-0413fa3bc827ee5f5",
            "assign_ipv6_address_on_creation": false,
            "availability_zone": "ap-south-1a",
            "availability_zone_id": "aps1-az1",
            "cidr_block": "10.0.8.0/24",
            "customer_owned_ipv4_pool": "",
            "enable_dns64": false,
            "enable_lni_at_device_index": 0,
            "enable_resource_name_dns_a_record_on_launch": false,
            "enable_resource_name_dns_aaaa_record_on_launch": false,
            "id": "subnet-0413fa3bc827ee5f5",
            "ipv6_cidr_block": "",
            "ipv6_cidr_block_association_id": "",
            "ipv6_native": false,
            "map_customer_owned_ip_on_launch": false,
            "map_public_ip_on_launch": false,
            "outpost_arn": "",
            "owner_id": "209479265154",
            "private_dns_hostname_type_on_launch": "ip-name",
            "tags": null,
            "tags_all": {},
            "timeouts": null,
            "vpc_id": "vpc-0c0f9dc47678f3bbf"
          },
          "sensitive_attributes": [],
          "private": "eyJlMmJmYjczMC1lY2FhLTExZTYtOGY4OC0zNDM2M2JjN2M0YzAiOnsiY3JlYXRlIjo2MDAwMDAwMDAwMDAsImRlbGV0ZSI6MTIwMDAwMDAwMDAwMH0sInNjaGVtYV92ZXJzaW9uIjoiMSJ9",
          "dependencies": [
            "aws_vpc.my_vpc"
          ]
        }
      ]
    },
    {
      "mode": "managed",
      "type": "aws_subnet",
      "name": "my_public_subnet",
      "provider": "provider[\"registry.terraform.io/hashicorp/aws\"]",
      "instances": [
        {
          "index_key": "public-01",
          "schema_version": 1,
          "attributes": {
            "arn": "arn:aws:ec2:ap-south-1:209479265154:subnet/subnet-02625dd3859b2aca9",
            "assign_ipv6_address_on_creation": false,
            "availability_zone": "ap-south-1b",
            "availability_zone_id": "aps1-az3",
            "cidr_block": "10.0.3.0/24",
            "customer_owned_ipv4_pool": "",
            "enable_dns64": false,
            "enable_lni_at_device_index": 0,
            "enable_resource_name_dns_a_record_on_launch": false,
            "enable_resource_name_dns_aaaa_record_on_launch": false,
            "id": "subnet-02625dd3859b2aca9",
            "ipv6_cidr_block": "",
            "ipv6_cidr_block_association_id": "",
            "ipv6_native": false,
            "map_customer_owned_ip_on_launch": false,
            "map_public_ip_on_launch": true,
            "outpost_arn": "",
            "owner_id": "209479265154",
            "private_dns_hostname_type_on_launch": "ip-name",
            "tags": {
              "Name": "imazy-public-01",
              "terraform": "true"
            },
            "tags_all": {
              "Name": "imazy-public-01",
              "terraform": "true"
            },
            "timeouts": null,
            "vpc_id": "vpc-0c0f9dc47678f3bbf"
          },
          "sensitive_attributes": [],
          "private": "eyJlMmJmYjczMC1lY2FhLTExZTYtOGY4OC0zNDM2M2JjN2M0YzAiOnsiY3JlYXRlIjo2MDAwMDAwMDAwMDAsImRlbGV0ZSI6MTIwMDAwMDAwMDAwMH0sInNjaGVtYV92ZXJzaW9uIjoiMSJ9",
          "dependencies": [
            "aws_vpc.my_vpc",
            "data.aws_availability_zones.my_available_zones"
          ]
        },
        {
          "index_key": "public-02",
          "schema_version": 1,
          "attributes": {
            "arn": "arn:aws:ec2:ap-south-1:209479265154:subnet/subnet-04db552acf6e7f6e8",
            "assign_ipv6_address_on_creation": false,
            "availability_zone": "ap-south-1c",
            "availability_zone_id": "aps1-az2",
            "cidr_block": "10.0.4.0/24",
            "customer_owned_ipv4_pool": "",
            "enable_dns64": false,
            "enable_lni_at_device_index": 0,
            "enable_resource_name_dns_a_record_on_launch": false,
            "enable_resource_name_dns_aaaa_record_on_launch": false,
            "id": "subnet-04db552acf6e7f6e8",
            "ipv6_cidr_block": "",
            "ipv6_cidr_block_association_id": "",
            "ipv6_native": false,
            "map_customer_owned_ip_on_launch": false,
            "map_public_ip_on_launch": true,
            "outpost_arn": "",
            "owner_id": "209479265154",
            "private_dns_hostname_type_on_launch": "ip-name",
            "tags": {
              "Name": "imazy-public-02",
              "terraform": "true"
            },
            "tags_all": {
              "Name": "imazy-public-02",
              "terraform": "true"
            },
            "timeouts": null,
            "vpc_id": "vpc-0c0f9dc47678f3bbf"
          },
          "sensitive_attributes": [],
          "private": "eyJlMmJmYjczMC1lY2FhLTExZTYtOGY4OC0zNDM2M2JjN2M0YzAiOnsiY3JlYXRlIjo2MDAwMDAwMDAwMDAsImRlbGV0ZSI6MTIwMDAwMDAwMDAwMH0sInNjaGVtYV92ZXJzaW9uIjoiMSJ9",
          "dependencies": [
            "aws_vpc.my_vpc",
            "data.aws_availability_zones.my_available_zones"
          ]
        }
      ]
    },
    {
      "mode": "managed",
      "type": "aws_vpc",
      "name": "my_vpc",
      "provider": "provider[\"registry.terraform.io/hashicorp/aws\"]",
      "instances": [
        {
          "schema_version": 1,
          "attributes": {
            "arn": "arn:aws:ec2:ap-south-1:209479265154:vpc/vpc-0c0f9dc47678f3bbf",
            "assign_generated_ipv6_cidr_block": false,
            "cidr_block": "10.0.0.0/16",
            "default_network_acl_id": "acl-030fc713c10e7613c",
            "default_route_table_id": "rtb-0ba13a266b9f2d9cb",
            "default_security_group_id": "sg-0a6315608f49706c4",
            "dhcp_options_id": "dopt-034dbb925f3864a42",
            "enable_dns_hostnames": false,
            "enable_dns_support": true,
            "enable_network_address_usage_metrics": false,
            "id": "vpc-0c0f9dc47678f3bbf",
            "instance_tenancy": "default",
            "ipv4_ipam_pool_id": null,
            "ipv4_netmask_length": null,
            "ipv6_association_id": "",
            "ipv6_cidr_block": "",
            "ipv6_cidr_block_network_border_group": "",
            "ipv6_ipam_pool_id": "",
            "ipv6_netmask_length": 0,
            "main_route_table_id": "rtb-0ba13a266b9f2d9cb",
            "owner_id": "209479265154",
            "tags": null,
            "tags_all": {}
          },
          "sensitive_attributes": [],
          "private": "eyJzY2hlbWFfdmVyc2lvbiI6IjEifQ=="
        }
      ]
    },
    {
      "mode": "managed",
      "type": "tls_private_key",
      "name": "my_pvt_key",
      "provider": "provider[\"registry.terraform.io/hashicorp/tls\"]",
      "instances": [
        {
          "schema_version": 1,
          "attributes": {
            "algorithm": "RSA",
            "ecdsa_curve": "P224",
            "id": "68356271e794ed3da7859a142fea648c0c6b8222",
            "private_key_openssh": "-----BEGIN OPENSSH PRIVATE KEY-----\nb3BlbnNzaC1rZXktdjEAAAAABG5vbmUAAAAEbm9uZQAAAAAAAAABAAABFwAAAAdz\nc2gtcnNhAAAAAwEAAQAAAQEAwjI6C13oKpFGZqOk30cOJ8fLeQKVEx6/X02ahDEq\nAZla96rS9ttC3uvt5L7VREaMpiB5RrKU57FDiyqFroGw8/Yz4V3TjPGIsMlU6E23\n2wF4Uxx5BUQg3/VR0rlK4NBZjjg64TRutd34QPm6cu8Gk4SB940lVDq2lbY6n5Tn\nCnKlePHgSiEERjyjnBc83+VqQqrGykSC0E9fAmmti2ORZPV7QVGaF4ED/gmBxo9u\n/5UrWSceAjcKMEne/z9/hKxEhHns8qlGsZV9DD6MhjLu4fb96dukxOqEccruc7ZB\nveQA2vwp+gWNMN6AGEyHEYWyJYouLJcWtH1+U1ARq96oTwAAA7hayRxzWskccwAA\nAAdzc2gtcnNhAAABAQDCMjoLXegqkUZmo6TfRw4nx8t5ApUTHr9fTZqEMSoBmVr3\nqtL220Le6+3kvtVERoymIHlGspTnsUOLKoWugbDz9jPhXdOM8YiwyVToTbfbAXhT\nHHkFRCDf9VHSuUrg0FmOODrhNG613fhA+bpy7waThIH3jSVUOraVtjqflOcKcqV4\n8eBKIQRGPKOcFzzf5WpCqsbKRILQT18Caa2LY5Fk9XtBUZoXgQP+CYHGj27/lStZ\nJx4CNwowSd7/P3+ErESEeezyqUaxlX0MPoyGMu7h9v3p26TE6oRxyu5ztkG95ADa\n/Cn6BY0w3oAYTIcRhbIlii4slxa0fX5TUBGr3qhPAAAAAwEAAQAAAQA0ILdkBbkk\ndAqp0pOXO8OY+hCsUv0hPMeyFWq8wVW9SCUbBkfK6+BvZnVdSbyFr0ph7aWgTJ+b\n8gFngeqQhU+yrQwQGteGpe9DRUf9c58+so5SAPqbZ0ZL19Y28nYfEs53VrC3cxOk\nzgitqFtcLr1dK9yXTtQOYBRS66+g1p+ONe+llQr5Hjlk/HQx2+PZXVnEvYefPAwa\nut0I45wZnQILPaxQNvEhyk4EGmPn+4/3N313bNT5Ey2vS/Hngyt+5k+auj9OrW5x\nzKjPy9i+XPffQwydva6meVfDe+PnEfB48ynDx/MB0Ut3gWdNUV5m+fFMnZXHD8wJ\nP1G2s9IDl1FBAAAAgQCP38WvZYsYMEgOSvRJFao0hgAmBqN/x3/CAcrksw4jGE/P\n4U11aFlY/YuwasVifKv2ived7KzcVzxYx3f2X7pRszMRVpGn9cDAEKWVtvAAmqQ9\nu7O2Rx5zbkC4jtI7ZKgkQDU2zddnfNfDf7mMEqaa8D8+qzQJnie4D7XlQmGnFgAA\nAIEAxrULwhyZQmbPHGttQ+5GbKT9LI+Zws5EopTkeVi8LuUTd9/aTw42DXAVKPJd\nl05gbI6V+m2wpUCU1M86V6mcB30lvyoqMhnyZuhbk9uGgKIk2IXfcPffkUyC4tpv\nCmwGV5IUryoaBpUd/7/5tCxhbH4i0N3K2IUt3Y/Z4Kvp9X0AAACBAPowNucju+AY\nJ22aXnOSBo5KkSIiZiHQ0BDGdASfuFQPbbg01MGJpngmOK7xTntVXH3YvH+UaAcR\nj4lDnuXvD4/JIqwU6cKHpI/Y2LgF+jj8QbusPxP1cH2ccFWYuj4Hp9ZadUrwdD0F\ngPSMHn+m+GEIZR4kdR5Ff26d5SA+kY67AAAAAAEC\n-----END OPENSSH PRIVATE KEY-----\n",
            "private_key_pem": "-----BEGIN RSA PRIVATE KEY-----\nMIIEpQIBAAKCAQEAwjI6C13oKpFGZqOk30cOJ8fLeQKVEx6/X02ahDEqAZla96rS\n9ttC3uvt5L7VREaMpiB5RrKU57FDiyqFroGw8/Yz4V3TjPGIsMlU6E232wF4Uxx5\nBUQg3/VR0rlK4NBZjjg64TRutd34QPm6cu8Gk4SB940lVDq2lbY6n5TnCnKlePHg\nSiEERjyjnBc83+VqQqrGykSC0E9fAmmti2ORZPV7QVGaF4ED/gmBxo9u/5UrWSce\nAjcKMEne/z9/hKxEhHns8qlGsZV9DD6MhjLu4fb96dukxOqEccruc7ZBveQA2vwp\n+gWNMN6AGEyHEYWyJYouLJcWtH1+U1ARq96oTwIDAQABAoIBADQgt2QFuSR0CqnS\nk5c7w5j6EKxS/SE8x7IVarzBVb1IJRsGR8rr4G9mdV1JvIWvSmHtpaBMn5vyAWeB\n6pCFT7KtDBAa14al70NFR/1znz6yjlIA+ptnRkvX1jbydh8SzndWsLdzE6TOCK2o\nW1wuvV0r3JdO1A5gFFLrr6DWn44176WVCvkeOWT8dDHb49ldWcS9h588DBq63Qjj\nnBmdAgs9rFA28SHKTgQaY+f7j/c3fXds1PkTLa9L8eeDK37mT5q6P06tbnHMqM/L\n2L5c999DDJ29rqZ5V8N74+cR8HjzKcPH8wHRS3eBZ01RXmb58UydlccPzAk/Ubaz\n0gOXUUECgYEAxrULwhyZQmbPHGttQ+5GbKT9LI+Zws5EopTkeVi8LuUTd9/aTw42\nDXAVKPJdl05gbI6V+m2wpUCU1M86V6mcB30lvyoqMhnyZuhbk9uGgKIk2IXfcPff\nkUyC4tpvCmwGV5IUryoaBpUd/7/5tCxhbH4i0N3K2IUt3Y/Z4Kvp9X0CgYEA+jA2\n5yO74BgnbZpec5IGjkqRIiJmIdDQEMZ0BJ+4VA9tuDTUwYmmeCY4rvFOe1Vcfdi8\nf5RoBxGPiUOe5e8Pj8kirBTpwoekj9jYuAX6OPxBu6w/E/VwfZxwVZi6Pgen1lp1\nSvB0PQWA9Iwef6b4YQhlHiR1HkV/bp3lID6RjrsCgYEAnH+64wbjLgkK1bdGN1pS\n3P6U56Ox1lvecq4RxAC/Na/1xVPo/JqUt8Cu6bD5RVHVX6ptNO9vULesgG815BUR\nblSChi0PTqZg4+vdNHaRWH5bxqypbq/KxQUdkM245txtokrLP6pJFSYcmnD4mY7a\nrDgr85S7TgyWMwo471p2yYECgYEA9pSuiADgGm2z7oJGtQEnFPbJNCtTHeEAMIhn\nsGb69V5/dR4c0uMn/yMsmr+Z6lSnZCFJJzTNkqnsHg1XfqevXreORKwX+HJX7q56\namT5yVBWOPH6+WDeDe8xiCuO47QH52wgTkvPRJU4E85GAOo/wuLTRnIIPF2iyxMz\n0CPasiECgYEAj9/Fr2WLGDBIDkr0SRWqNIYAJgajf8d/wgHK5LMOIxhPz+FNdWhZ\nWP2LsGrFYnyr9or3neys3Fc8WMd39l+6UbMzEVaRp/XAwBCllbbwAJqkPbuztkce\nc25AuI7SO2SoJEA1Ns3XZ3zXw3+5jBKmmvA/Pqs0CZ4nuA+15UJhpxY=\n-----END RSA PRIVATE KEY-----\n",
            "private_key_pem_pkcs8": "-----BEGIN PRIVATE KEY-----\nMIIEvwIBADANBgkqhkiG9w0BAQEFAASCBKkwggSlAgEAAoIBAQDCMjoLXegqkUZm\no6TfRw4nx8t5ApUTHr9fTZqEMSoBmVr3qtL220Le6+3kvtVERoymIHlGspTnsUOL\nKoWugbDz9jPhXdOM8YiwyVToTbfbAXhTHHkFRCDf9VHSuUrg0FmOODrhNG613fhA\n+bpy7waThIH3jSVUOraVtjqflOcKcqV48eBKIQRGPKOcFzzf5WpCqsbKRILQT18C\naa2LY5Fk9XtBUZoXgQP+CYHGj27/lStZJx4CNwowSd7/P3+ErESEeezyqUaxlX0M\nPoyGMu7h9v3p26TE6oRxyu5ztkG95ADa/Cn6BY0w3oAYTIcRhbIlii4slxa0fX5T\nUBGr3qhPAgMBAAECggEANCC3ZAW5JHQKqdKTlzvDmPoQrFL9ITzHshVqvMFVvUgl\nGwZHyuvgb2Z1XUm8ha9KYe2loEyfm/IBZ4HqkIVPsq0MEBrXhqXvQ0VH/XOfPrKO\nUgD6m2dGS9fWNvJ2HxLOd1awt3MTpM4IrahbXC69XSvcl07UDmAUUuuvoNafjjXv\npZUK+R45ZPx0Mdvj2V1ZxL2HnzwMGrrdCOOcGZ0CCz2sUDbxIcpOBBpj5/uP9zd9\nd2zU+RMtr0vx54MrfuZPmro/Tq1uccyoz8vYvlz330MMnb2upnlXw3vj5xHwePMp\nw8fzAdFLd4FnTVFeZvnxTJ2Vxw/MCT9RtrPSA5dRQQKBgQDGtQvCHJlCZs8ca21D\n7kZspP0sj5nCzkSilOR5WLwu5RN339pPDjYNcBUo8l2XTmBsjpX6bbClQJTUzzpX\nqZwHfSW/KioyGfJm6FuT24aAoiTYhd9w99+RTILi2m8KbAZXkhSvKhoGlR3/v/m0\nLGFsfiLQ3crYhS3dj9ngq+n1fQKBgQD6MDbnI7vgGCdtml5zkgaOSpEiImYh0NAQ\nxnQEn7hUD224NNTBiaZ4Jjiu8U57VVx92Lx/lGgHEY+JQ57l7w+PySKsFOnCh6SP\n2Ni4Bfo4/EG7rD8T9XB9nHBVmLo+B6fWWnVK8HQ9BYD0jB5/pvhhCGUeJHUeRX9u\nneUgPpGOuwKBgQCcf7rjBuMuCQrVt0Y3WlLc/pTno7HWW95yrhHEAL81r/XFU+j8\nmpS3wK7psPlFUdVfqm00729Qt6yAbzXkFRFuVIKGLQ9OpmDj6900dpFYflvGrKlu\nr8rFBR2Qzbjm3G2iSss/qkkVJhyacPiZjtqsOCvzlLtODJYzCjjvWnbJgQKBgQD2\nlK6IAOAabbPugka1AScU9sk0K1Md4QAwiGewZvr1Xn91HhzS4yf/Iyyav5nqVKdk\nIUknNM2SqeweDVd+p69et45ErBf4clfurnpqZPnJUFY48fr5YN4N7zGIK47jtAfn\nbCBOS89ElTgTzkYA6j/C4tNGcgg8XaLLEzPQI9qyIQKBgQCP38WvZYsYMEgOSvRJ\nFao0hgAmBqN/x3/CAcrksw4jGE/P4U11aFlY/YuwasVifKv2ived7KzcVzxYx3f2\nX7pRszMRVpGn9cDAEKWVtvAAmqQ9u7O2Rx5zbkC4jtI7ZKgkQDU2zddnfNfDf7mM\nEqaa8D8+qzQJnie4D7XlQmGnFg==\n-----END PRIVATE KEY-----\n",
            "public_key_fingerprint_md5": "63:34:0c:15:90:4a:7f:58:8d:43:48:37:09:a8:9a:c3",
            "public_key_fingerprint_sha256": "SHA256:0jlSbwQVmPYyp9oAZkEQ+1ggr8d5p0k/KNlA1t//F58",
            "public_key_openssh": "ssh-rsa AAAAB3NzaC1yc2EAAAADAQABAAABAQDCMjoLXegqkUZmo6TfRw4nx8t5ApUTHr9fTZqEMSoBmVr3qtL220Le6+3kvtVERoymIHlGspTnsUOLKoWugbDz9jPhXdOM8YiwyVToTbfbAXhTHHkFRCDf9VHSuUrg0FmOODrhNG613fhA+bpy7waThIH3jSVUOraVtjqflOcKcqV48eBKIQRGPKOcFzzf5WpCqsbKRILQT18Caa2LY5Fk9XtBUZoXgQP+CYHGj27/lStZJx4CNwowSd7/P3+ErESEeezyqUaxlX0MPoyGMu7h9v3p26TE6oRxyu5ztkG95ADa/Cn6BY0w3oAYTIcRhbIlii4slxa0fX5TUBGr3qhP\n",
            "public_key_pem": "-----BEGIN PUBLIC KEY-----\nMIIBIjANBgkqhkiG9w0BAQEFAAOCAQ8AMIIBCgKCAQEAwjI6C13oKpFGZqOk30cO\nJ8fLeQKVEx6/X02ahDEqAZla96rS9ttC3uvt5L7VREaMpiB5RrKU57FDiyqFroGw\n8/Yz4V3TjPGIsMlU6E232wF4Uxx5BUQg3/VR0rlK4NBZjjg64TRutd34QPm6cu8G\nk4SB940lVDq2lbY6n5TnCnKlePHgSiEERjyjnBc83+VqQqrGykSC0E9fAmmti2OR\nZPV7QVGaF4ED/gmBxo9u/5UrWSceAjcKMEne/z9/hKxEhHns8qlGsZV9DD6MhjLu\n4fb96dukxOqEccruc7ZBveQA2vwp+gWNMN6AGEyHEYWyJYouLJcWtH1+U1ARq96o\nTwIDAQAB\n-----END PUBLIC KEY-----\n",
            "rsa_bits": 2048
          },
          "sensitive_attributes": [
            [
              {
                "type": "get_attr",
                "value": "private_key_openssh"
              }
            ],
            [
              {
                "type": "get_attr",
                "value": "private_key_pem_pkcs8"
              }
            ],
            [
              {
                "type": "get_attr",
                "value": "private_key_pem"
              }
            ]
          ]
        }
      ]
    }
  ],
  "check_results": null
}
