{
  "version": 4,
  "terraform_version": "1.11.3",
  "serial": 17,
  "lineage": "874ede19-0c12-70e6-a016-c36c7f38d525",
  "outputs": {},
  "resources": [
    {
      "mode": "data",
      "type": "aws_ami",
      "name": "my_ami",
      "provider": "provider[\"registry.terraform.io/hashicorp/aws\"]",
      "instances": [
        {
          "schema_version": 0,
          "attributes": {
            "architecture": "x86_64",
            "arn": "arn:aws:ec2:ap-south-1::image/ami-0b52033d797da0c87",
            "block_device_mappings": [
              {
                "device_name": "/dev/xvda",
                "ebs": {
                  "delete_on_termination": "true",
                  "encrypted": "false",
                  "iops": "0",
                  "snapshot_id": "snap-049c90bef9e5c96c4",
                  "throughput": "0",
                  "volume_size": "8",
                  "volume_type": "gp2"
                },
                "no_device": "",
                "virtual_name": ""
              }
            ],
            "boot_mode": "",
            "creation_date": "2025-03-21T23:34:19.000Z",
            "deprecation_time": "2025-07-01T00:00:00.000Z",
            "description": "Amazon Linux 2 AMI 2.0.20250321.0 x86_64 HVM gp2",
            "ena_support": true,
            "executable_users": null,
            "filter": [
              {
                "name": "architecture",
                "values": [
                  "x86_64"
                ]
              },
              {
                "name": "root-device-type",
                "values": [
                  "ebs"
                ]
              }
            ],
            "hypervisor": "xen",
            "id": "ami-0b52033d797da0c87",
            "image_id": "ami-0b52033d797da0c87",
            "image_location": "amazon/amzn2-ami-hvm-2.0.20250321.0-x86_64-gp2",
            "image_owner_alias": "amazon",
            "image_type": "machine",
            "imds_support": "",
            "include_deprecated": false,
            "kernel_id": "",
            "most_recent": true,
            "name": "amzn2-ami-hvm-2.0.20250321.0-x86_64-gp2",
            "name_regex": "amzn2-ami-hvm",
            "owner_id": "137112412989",
            "owners": [
              "amazon"
            ],
            "platform": "",
            "platform_details": "Linux/UNIX",
            "product_codes": [],
            "public": true,
            "ramdisk_id": "",
            "root_device_name": "/dev/xvda",
            "root_device_type": "ebs",
            "root_snapshot_id": "snap-049c90bef9e5c96c4",
            "sriov_net_support": "simple",
            "state": "available",
            "state_reason": {
              "code": "UNSET",
              "message": "UNSET"
            },
            "tags": {},
            "timeouts": null,
            "tpm_support": "",
            "uefi_data": null,
            "usage_operation": "RunInstances",
            "virtualization_type": "hvm"
          },
          "sensitive_attributes": []
        }
      ]
    },
    {
      "mode": "data",
      "type": "aws_ami",
      "name": "my_ami_ubuntu",
      "provider": "provider[\"registry.terraform.io/hashicorp/aws\"]",
      "instances": [
        {
          "schema_version": 0,
          "attributes": {
            "architecture": "x86_64",
            "arn": "arn:aws:ec2:ap-south-1::image/ami-0a681b09803cdd476",
            "block_device_mappings": [
              {
                "device_name": "/dev/sda1",
                "ebs": {
                  "delete_on_termination": "true",
                  "encrypted": "false",
                  "iops": "0",
                  "snapshot_id": "snap-0701940b118911d25",
                  "throughput": "0",
                  "volume_size": "8",
                  "volume_type": "gp2"
                },
                "no_device": "",
                "virtual_name": ""
              },
              {
                "device_name": "/dev/sdb",
                "ebs": {},
                "no_device": "",
                "virtual_name": "ephemeral0"
              },
              {
                "device_name": "/dev/sdc",
                "ebs": {},
                "no_device": "",
                "virtual_name": "ephemeral1"
              }
            ],
            "boot_mode": "legacy-bios",
            "creation_date": "2025-04-01T05:39:15.000Z",
            "deprecation_time": "2027-04-01T05:39:15.000Z",
            "description": "Canonical, Ubuntu, 20.04, amd64 focal image",
            "ena_support": true,
            "executable_users": null,
            "filter": [
              {
                "name": "name",
                "values": [
                  "ubuntu/images/hvm-ssd/ubuntu-focal-20.04-amd64-server-*"
                ]
              },
              {
                "name": "virtualization-type",
                "values": [
                  "hvm"
                ]
              }
            ],
            "hypervisor": "xen",
            "id": "ami-0a681b09803cdd476",
            "image_id": "ami-0a681b09803cdd476",
            "image_location": "amazon/ubuntu/images/hvm-ssd/ubuntu-focal-20.04-amd64-server-20250401",
            "image_owner_alias": "amazon",
            "image_type": "machine",
            "imds_support": "",
            "include_deprecated": false,
            "kernel_id": "",
            "most_recent": true,
            "name": "ubuntu/images/hvm-ssd/ubuntu-focal-20.04-amd64-server-20250401",
            "name_regex": null,
            "owner_id": "099720109477",
            "owners": [
              "099720109477"
            ],
            "platform": "",
            "platform_details": "Linux/UNIX",
            "product_codes": [],
            "public": true,
            "ramdisk_id": "",
            "root_device_name": "/dev/sda1",
            "root_device_type": "ebs",
            "root_snapshot_id": "snap-0701940b118911d25",
            "sriov_net_support": "simple",
            "state": "available",
            "state_reason": {
              "code": "UNSET",
              "message": "UNSET"
            },
            "tags": {},
            "timeouts": null,
            "tpm_support": "",
            "uefi_data": null,
            "usage_operation": "RunInstances",
            "virtualization_type": "hvm"
          },
          "sensitive_attributes": []
        }
      ]
    },
    {
      "mode": "data",
      "type": "aws_availability_zones",
      "name": "my_available_zones",
      "provider": "provider[\"registry.terraform.io/hashicorp/aws\"]",
      "instances": [
        {
          "schema_version": 0,
          "attributes": {
            "all_availability_zones": null,
            "exclude_names": null,
            "exclude_zone_ids": null,
            "filter": null,
            "group_names": [
              "ap-south-1-zg-1"
            ],
            "id": "ap-south-1",
            "names": [
              "ap-south-1a",
              "ap-south-1b",
              "ap-south-1c"
            ],
            "state": null,
            "timeouts": null,
            "zone_ids": [
              "aps1-az1",
              "aps1-az3",
              "aps1-az2"
            ]
          },
          "sensitive_attributes": []
        }
      ]
    },
    {
      "mode": "data",
      "type": "aws_region",
      "name": "available_region",
      "provider": "provider[\"registry.terraform.io/hashicorp/aws\"]",
      "instances": [
        {
          "schema_version": 0,
          "attributes": {
            "description": "Asia Pacific (Mumbai)",
            "endpoint": "ec2.ap-south-1.amazonaws.com",
            "id": "ap-south-1",
            "name": "ap-south-1"
          },
          "sensitive_attributes": []
        }
      ]
    },
    {
      "mode": "managed",
      "type": "aws_eip",
      "name": "my_public_eip",
      "provider": "provider[\"registry.terraform.io/hashicorp/aws\"]",
      "instances": [
        {
          "schema_version": 0,
          "attributes": {
            "address": null,
            "allocation_id": "eipalloc-097079611cbd94831",
            "arn": "arn:aws:ec2:ap-south-1:209479265154:elastic-ip/eipalloc-097079611cbd94831",
            "associate_with_private_ip": null,
            "association_id": "",
            "carrier_ip": "",
            "customer_owned_ip": "",
            "customer_owned_ipv4_pool": "",
            "domain": "vpc",
            "id": "eipalloc-097079611cbd94831",
            "instance": "",
            "ipam_pool_id": null,
            "network_border_group": "ap-south-1",
            "network_interface": "",
            "private_dns": null,
            "private_ip": "",
            "ptr_record": "",
            "public_dns": "ec2-13-202-115-163.ap-south-1.compute.amazonaws.com",
            "public_ip": "13.202.115.163",
            "public_ipv4_pool": "amazon",
            "tags": null,
            "tags_all": {},
            "timeouts": null,
            "vpc": true
          },
          "sensitive_attributes": [],
          "private": "eyJlMmJmYjczMC1lY2FhLTExZTYtOGY4OC0zNDM2M2JjN2M0YzAiOnsiZGVsZXRlIjoxODAwMDAwMDAwMDAsInJlYWQiOjkwMDAwMDAwMDAwMCwidXBkYXRlIjozMDAwMDAwMDAwMDB9fQ==",
          "dependencies": [
            "aws_internet_gateway.my_internet_gtw",
            "aws_vpc.my_vpc"
          ]
        }
      ]
    },
    {
      "mode": "managed",
      "type": "aws_instance",
      "name": "my_web-server",
      "provider": "provider[\"registry.terraform.io/hashicorp/aws\"]",
      "instances": [
        {
          "schema_version": 1,
          "attributes": {
            "ami": "ami-0b52033d797da0c87",
            "arn": "arn:aws:ec2:ap-south-1:209479265154:instance/i-04ed102734d25a494",
            "associate_public_ip_address": true,
            "availability_zone": "ap-south-1b",
            "capacity_reservation_specification": [
              {
                "capacity_reservation_preference": "open",
                "capacity_reservation_target": []
              }
            ],
            "cpu_core_count": 1,
            "cpu_options": [
              {
                "amd_sev_snp": "",
                "core_count": 1,
                "threads_per_core": 2
              }
            ],
            "cpu_threads_per_core": 2,
            "credit_specification": [
              {
                "cpu_credits": "unlimited"
              }
            ],
            "disable_api_stop": false,
            "disable_api_termination": false,
            "ebs_block_device": [],
            "ebs_optimized": false,
            "enable_primary_ipv6": null,
            "enclave_options": [
              {
                "enabled": false
              }
            ],
            "ephemeral_block_device": [],
            "get_password_data": false,
            "hibernation": false,
            "host_id": "",
            "host_resource_group_arn": null,
            "iam_instance_profile": "",
            "id": "i-04ed102734d25a494",
            "instance_initiated_shutdown_behavior": "stop",
            "instance_lifecycle": "",
            "instance_market_options": [],
            "instance_state": "running",
            "instance_type": "t3.micro",
            "ipv6_address_count": 0,
            "ipv6_addresses": [],
            "key_name": "my_pvt_key",
            "launch_template": [],
            "maintenance_options": [
              {
                "auto_recovery": "default"
              }
            ],
            "metadata_options": [
              {
                "http_endpoint": "enabled",
                "http_protocol_ipv6": "disabled",
                "http_put_response_hop_limit": 1,
                "http_tokens": "optional",
                "instance_metadata_tags": "disabled"
              }
            ],
            "monitoring": false,
            "network_interface": [],
            "outpost_arn": "",
            "password_data": "",
            "placement_group": "",
            "placement_partition_number": 0,
            "primary_network_interface_id": "eni-01ba59b75d60f6739",
            "private_dns": "ip-10-0-3-92.ap-south-1.compute.internal",
            "private_dns_name_options": [
              {
                "enable_resource_name_dns_a_record": false,
                "enable_resource_name_dns_aaaa_record": false,
                "hostname_type": "ip-name"
              }
            ],
            "private_ip": "10.0.3.92",
            "public_dns": "",
            "public_ip": "15.206.210.179",
            "root_block_device": [
              {
                "delete_on_termination": true,
                "device_name": "/dev/xvda",
                "encrypted": false,
                "iops": 100,
                "kms_key_id": "",
                "tags": {},
                "tags_all": {},
                "throughput": 0,
                "volume_id": "vol-00ac3944da5fe18d3",
                "volume_size": 8,
                "volume_type": "gp2"
              }
            ],
            "secondary_private_ips": [],
            "security_groups": [
              "sg-072cba3367c70fa5f",
              "sg-09cddd25cbb01b218"
            ],
            "source_dest_check": true,
            "spot_instance_request_id": "",
            "subnet_id": "subnet-0d0a6d1178ddad86c",
            "tags": {
              "Name": "imazy-web-default"
            },
            "tags_all": {
              "Name": "imazy-web-default"
            },
            "tenancy": "default",
            "timeouts": null,
            "user_data": null,
            "user_data_base64": null,
            "user_data_replace_on_change": false,
            "volume_tags": null,
            "vpc_security_group_ids": [
              "sg-072cba3367c70fa5f",
              "sg-09cddd25cbb01b218"
            ]
          },
          "sensitive_attributes": [],
          "private": "eyJlMmJmYjczMC1lY2FhLTExZTYtOGY4OC0zNDM2M2JjN2M0YzAiOnsiY3JlYXRlIjo2MDAwMDAwMDAwMDAsImRlbGV0ZSI6MTIwMDAwMDAwMDAwMCwicmVhZCI6OTAwMDAwMDAwMDAwLCJ1cGRhdGUiOjYwMDAwMDAwMDAwMH0sInNjaGVtYV92ZXJzaW9uIjoiMSJ9",
          "dependencies": [
            "aws_key_pair.my_key_pair",
            "aws_security_group.my_http_sg",
            "aws_security_group.my_ssh_sg",
            "aws_subnet.my_public_subnet",
            "aws_vpc.my_vpc",
            "data.aws_ami.my_ami",
            "data.aws_availability_zones.my_available_zones",
            "tls_private_key.my_pvt_key"
          ]
        }
      ]
    },
    {
      "mode": "managed",
      "type": "aws_internet_gateway",
      "name": "my_internet_gtw",
      "provider": "provider[\"registry.terraform.io/hashicorp/aws\"]",
      "instances": [
        {
          "schema_version": 0,
          "attributes": {
            "arn": "arn:aws:ec2:ap-south-1:209479265154:internet-gateway/igw-0d4047461e8d0deef",
            "id": "igw-0d4047461e8d0deef",
            "owner_id": "209479265154",
            "tags": null,
            "tags_all": {},
            "timeouts": null,
            "vpc_id": "vpc-04ab8764056af466a"
          },
          "sensitive_attributes": [],
          "private": "eyJlMmJmYjczMC1lY2FhLTExZTYtOGY4OC0zNDM2M2JjN2M0YzAiOnsiY3JlYXRlIjoxMjAwMDAwMDAwMDAwLCJkZWxldGUiOjEyMDAwMDAwMDAwMDAsInVwZGF0ZSI6MTIwMDAwMDAwMDAwMH19",
          "dependencies": [
            "aws_vpc.my_vpc"
          ]
        }
      ]
    },
    {
      "mode": "managed",
      "type": "aws_key_pair",
      "name": "my_key_pair",
      "provider": "provider[\"registry.terraform.io/hashicorp/aws\"]",
      "instances": [
        {
          "schema_version": 1,
          "attributes": {
            "arn": "arn:aws:ec2:ap-south-1:209479265154:key-pair/my_pvt_key",
            "fingerprint": "e7:cb:26:59:93:c7:04:a0:5a:6e:7d:55:f8:20:f8:d5",
            "id": "my_pvt_key",
            "key_name": "my_pvt_key",
            "key_name_prefix": "",
            "key_pair_id": "key-039739e222309b784",
            "key_type": "rsa",
            "public_key": "ssh-rsa AAAAB3NzaC1yc2EAAAADAQABAAABAQCl03tJfc4FkebbVFBQU59Kb2WmRmgsE156Ts+poJ5yFyfty7XiPJzEnBLBZKlJy85G/JCVe2FHspJHKBW26dbX/yXxFIemc0PNKpqEpY93/XHoPejNjdy8fIcvxABGH8dVJuNXGV2sBpDKuXT3XdHZoGh0P13cuaacETcoyg4Q8PtkK/iCJc4b5+lY4FZiCGyYt7vMpZaESre6pfX8A8v9ZBE3DJlOPrAB6nwDRxaqGCbLy7KyVST/KsKJCeoItcPqyrc06h/KT6sha4bNNg5gkFjxmgCzqTSJAM5oaioHGfvOzlSUAqxB/da8oEh7XPPNL3xbcd4iktvzfGDJrmlD",
            "tags": null,
            "tags_all": {}
          },
          "sensitive_attributes": [],
          "private": "eyJzY2hlbWFfdmVyc2lvbiI6IjEifQ==",
          "dependencies": [
            "tls_private_key.my_pvt_key"
          ]
        }
      ]
    },
    {
      "mode": "managed",
      "type": "aws_nat_gateway",
      "name": "my_net_gtw",
      "provider": "provider[\"registry.terraform.io/hashicorp/aws\"]",
      "instances": [
        {
          "schema_version": 0,
          "attributes": {
            "allocation_id": "eipalloc-097079611cbd94831",
            "association_id": "eipassoc-082c4cefc62370838",
            "connectivity_type": "public",
            "id": "nat-075795d612c1219a9",
            "network_interface_id": "eni-063621cba7ee996ca",
            "private_ip": "10.0.3.109",
            "public_ip": "13.202.115.163",
            "secondary_allocation_ids": null,
            "secondary_private_ip_address_count": 0,
            "secondary_private_ip_addresses": [],
            "subnet_id": "subnet-0d0a6d1178ddad86c",
            "tags": null,
            "tags_all": {},
            "timeouts": null
          },
          "sensitive_attributes": [],
          "private": "eyJlMmJmYjczMC1lY2FhLTExZTYtOGY4OC0zNDM2M2JjN2M0YzAiOnsiY3JlYXRlIjo2MDAwMDAwMDAwMDAsImRlbGV0ZSI6MTgwMDAwMDAwMDAwMCwidXBkYXRlIjo2MDAwMDAwMDAwMDB9fQ==",
          "dependencies": [
            "aws_eip.my_public_eip",
            "aws_internet_gateway.my_internet_gtw",
            "aws_subnet.my_public_subnet",
            "aws_vpc.my_vpc",
            "data.aws_availability_zones.my_available_zones"
          ]
        }
      ]
    },
    {
      "mode": "managed",
      "type": "aws_route_table",
      "name": "my_private_route",
      "provider": "provider[\"registry.terraform.io/hashicorp/aws\"]",
      "instances": [
        {
          "schema_version": 0,
          "attributes": {
            "arn": "arn:aws:ec2:ap-south-1:209479265154:route-table/rtb-0747aa4d8b44dbe79",
            "id": "rtb-0747aa4d8b44dbe79",
            "owner_id": "209479265154",
            "propagating_vgws": [],
            "route": [
              {
                "carrier_gateway_id": "",
                "cidr_block": "0.0.0.0/0",
                "core_network_arn": "",
                "destination_prefix_list_id": "",
                "egress_only_gateway_id": "",
                "gateway_id": "",
                "ipv6_cidr_block": "",
                "local_gateway_id": "",
                "nat_gateway_id": "nat-075795d612c1219a9",
                "network_interface_id": "",
                "transit_gateway_id": "",
                "vpc_endpoint_id": "",
                "vpc_peering_connection_id": ""
              }
            ],
            "tags": null,
            "tags_all": {},
            "timeouts": null,
            "vpc_id": "vpc-04ab8764056af466a"
          },
          "sensitive_attributes": [],
          "private": "eyJlMmJmYjczMC1lY2FhLTExZTYtOGY4OC0zNDM2M2JjN2M0YzAiOnsiY3JlYXRlIjozMDAwMDAwMDAwMDAsImRlbGV0ZSI6MzAwMDAwMDAwMDAwLCJ1cGRhdGUiOjEyMDAwMDAwMDAwMH19",
          "dependencies": [
            "aws_eip.my_public_eip",
            "aws_internet_gateway.my_internet_gtw",
            "aws_nat_gateway.my_net_gtw",
            "aws_subnet.my_public_subnet",
            "aws_vpc.my_vpc",
            "data.aws_availability_zones.my_available_zones"
          ]
        }
      ]
    },
    {
      "mode": "managed",
      "type": "aws_route_table",
      "name": "my_public_route",
      "provider": "provider[\"registry.terraform.io/hashicorp/aws\"]",
      "instances": [
        {
          "schema_version": 0,
          "attributes": {
            "arn": "arn:aws:ec2:ap-south-1:209479265154:route-table/rtb-01bd71188ee4aa4a3",
            "id": "rtb-01bd71188ee4aa4a3",
            "owner_id": "209479265154",
            "propagating_vgws": [],
            "route": [
              {
                "carrier_gateway_id": "",
                "cidr_block": "0.0.0.0/0",
                "core_network_arn": "",
                "destination_prefix_list_id": "",
                "egress_only_gateway_id": "",
                "gateway_id": "igw-0d4047461e8d0deef",
                "ipv6_cidr_block": "",
                "local_gateway_id": "",
                "nat_gateway_id": "",
                "network_interface_id": "",
                "transit_gateway_id": "",
                "vpc_endpoint_id": "",
                "vpc_peering_connection_id": ""
              }
            ],
            "tags": null,
            "tags_all": {},
            "timeouts": null,
            "vpc_id": "vpc-04ab8764056af466a"
          },
          "sensitive_attributes": [],
          "private": "eyJlMmJmYjczMC1lY2FhLTExZTYtOGY4OC0zNDM2M2JjN2M0YzAiOnsiY3JlYXRlIjozMDAwMDAwMDAwMDAsImRlbGV0ZSI6MzAwMDAwMDAwMDAwLCJ1cGRhdGUiOjEyMDAwMDAwMDAwMH19",
          "dependencies": [
            "aws_internet_gateway.my_internet_gtw",
            "aws_vpc.my_vpc"
          ]
        }
      ]
    },
    {
      "mode": "managed",
      "type": "aws_route_table_association",
      "name": "my_route_table_asc",
      "provider": "provider[\"registry.terraform.io/hashicorp/aws\"]",
      "instances": [
        {
          "index_key": "public-01",
          "schema_version": 0,
          "attributes": {
            "gateway_id": "",
            "id": "rtbassoc-0099ef412400c3192",
            "route_table_id": "rtb-01bd71188ee4aa4a3",
            "subnet_id": "subnet-0d0a6d1178ddad86c",
            "timeouts": null
          },
          "sensitive_attributes": [],
          "private": "eyJlMmJmYjczMC1lY2FhLTExZTYtOGY4OC0zNDM2M2JjN2M0YzAiOnsiY3JlYXRlIjozMDAwMDAwMDAwMDAsImRlbGV0ZSI6MzAwMDAwMDAwMDAwLCJ1cGRhdGUiOjEyMDAwMDAwMDAwMH19",
          "dependencies": [
            "aws_internet_gateway.my_internet_gtw",
            "aws_route_table.my_public_route",
            "aws_subnet.my_public_subnet",
            "aws_vpc.my_vpc",
            "data.aws_availability_zones.my_available_zones"
          ]
        },
        {
          "index_key": "public-02",
          "schema_version": 0,
          "attributes": {
            "gateway_id": "",
            "id": "rtbassoc-0a2ee6761cc15741b",
            "route_table_id": "rtb-01bd71188ee4aa4a3",
            "subnet_id": "subnet-07029ea95da3ce8a6",
            "timeouts": null
          },
          "sensitive_attributes": [],
          "private": "eyJlMmJmYjczMC1lY2FhLTExZTYtOGY4OC0zNDM2M2JjN2M0YzAiOnsiY3JlYXRlIjozMDAwMDAwMDAwMDAsImRlbGV0ZSI6MzAwMDAwMDAwMDAwLCJ1cGRhdGUiOjEyMDAwMDAwMDAwMH19",
          "dependencies": [
            "aws_internet_gateway.my_internet_gtw",
            "aws_route_table.my_public_route",
            "aws_subnet.my_public_subnet",
            "aws_vpc.my_vpc",
            "data.aws_availability_zones.my_available_zones"
          ]
        }
      ]
    },
    {
      "mode": "managed",
      "type": "aws_security_group",
      "name": "my_http_sg",
      "provider": "provider[\"registry.terraform.io/hashicorp/aws\"]",
      "instances": [
        {
          "schema_version": 1,
          "attributes": {
            "arn": "arn:aws:ec2:ap-south-1:209479265154:security-group/sg-09cddd25cbb01b218",
            "description": "Managed by Terraform",
            "egress": [
              {
                "cidr_blocks": [
                  "0.0.0.0/0"
                ],
                "description": "",
                "from_port": 0,
                "ipv6_cidr_blocks": [],
                "prefix_list_ids": [],
                "protocol": "-1",
                "security_groups": [],
                "self": false,
                "to_port": 0
              }
            ],
            "id": "sg-09cddd25cbb01b218",
            "ingress": [
              {
                "cidr_blocks": [
                  "0.0.0.0/0"
                ],
                "description": "",
                "from_port": 80,
                "ipv6_cidr_blocks": [],
                "prefix_list_ids": [],
                "protocol": "tcp",
                "security_groups": [],
                "self": false,
                "to_port": 80
              }
            ],
            "name": "terraform-20250401123153646800000002",
            "name_prefix": "terraform-",
            "owner_id": "209479265154",
            "revoke_rules_on_delete": false,
            "tags": null,
            "tags_all": {},
            "timeouts": null,
            "vpc_id": "vpc-04ab8764056af466a"
          },
          "sensitive_attributes": [],
          "private": "eyJlMmJmYjczMC1lY2FhLTExZTYtOGY4OC0zNDM2M2JjN2M0YzAiOnsiY3JlYXRlIjo2MDAwMDAwMDAwMDAsImRlbGV0ZSI6OTAwMDAwMDAwMDAwfSwic2NoZW1hX3ZlcnNpb24iOiIxIn0=",
          "dependencies": [
            "aws_vpc.my_vpc"
          ]
        }
      ]
    },
    {
      "mode": "managed",
      "type": "aws_security_group",
      "name": "my_ssh_sg",
      "provider": "provider[\"registry.terraform.io/hashicorp/aws\"]",
      "instances": [
        {
          "schema_version": 1,
          "attributes": {
            "arn": "arn:aws:ec2:ap-south-1:209479265154:security-group/sg-072cba3367c70fa5f",
            "description": "Managed by Terraform",
            "egress": [
              {
                "cidr_blocks": [
                  "0.0.0.0/0"
                ],
                "description": "",
                "from_port": 0,
                "ipv6_cidr_blocks": [],
                "prefix_list_ids": [],
                "protocol": "-1",
                "security_groups": [],
                "self": false,
                "to_port": 0
              }
            ],
            "id": "sg-072cba3367c70fa5f",
            "ingress": [
              {
                "cidr_blocks": [
                  "0.0.0.0/0"
                ],
                "description": "",
                "from_port": 22,
                "ipv6_cidr_blocks": [],
                "prefix_list_ids": [],
                "protocol": "tcp",
                "security_groups": [],
                "self": false,
                "to_port": 22
              }
            ],
            "name": "terraform-20250401123153645400000001",
            "name_prefix": "terraform-",
            "owner_id": "209479265154",
            "revoke_rules_on_delete": false,
            "tags": null,
            "tags_all": {},
            "timeouts": null,
            "vpc_id": "vpc-04ab8764056af466a"
          },
          "sensitive_attributes": [],
          "private": "eyJlMmJmYjczMC1lY2FhLTExZTYtOGY4OC0zNDM2M2JjN2M0YzAiOnsiY3JlYXRlIjo2MDAwMDAwMDAwMDAsImRlbGV0ZSI6OTAwMDAwMDAwMDAwfSwic2NoZW1hX3ZlcnNpb24iOiIxIn0=",
          "dependencies": [
            "aws_vpc.my_vpc"
          ]
        }
      ]
    },
    {
      "mode": "managed",
      "type": "aws_subnet",
      "name": "my_private_subnet",
      "provider": "provider[\"registry.terraform.io/hashicorp/aws\"]",
      "instances": [
        {
          "schema_version": 1,
          "attributes": {
            "arn": "arn:aws:ec2:ap-south-1:209479265154:subnet/subnet-011cb1aacb0c8d770",
            "assign_ipv6_address_on_creation": false,
            "availability_zone": "ap-south-1c",
            "availability_zone_id": "aps1-az2",
            "cidr_block": "10.0.8.0/24",
            "customer_owned_ipv4_pool": "",
            "enable_dns64": false,
            "enable_lni_at_device_index": 0,
            "enable_resource_name_dns_a_record_on_launch": false,
            "enable_resource_name_dns_aaaa_record_on_launch": false,
            "id": "subnet-011cb1aacb0c8d770",
            "ipv6_cidr_block": "",
            "ipv6_cidr_block_association_id": "",
            "ipv6_native": false,
            "map_customer_owned_ip_on_launch": false,
            "map_public_ip_on_launch": false,
            "outpost_arn": "",
            "owner_id": "209479265154",
            "private_dns_hostname_type_on_launch": "ip-name",
            "tags": null,
            "tags_all": {},
            "timeouts": null,
            "vpc_id": "vpc-04ab8764056af466a"
          },
          "sensitive_attributes": [],
          "private": "eyJlMmJmYjczMC1lY2FhLTExZTYtOGY4OC0zNDM2M2JjN2M0YzAiOnsiY3JlYXRlIjo2MDAwMDAwMDAwMDAsImRlbGV0ZSI6MTIwMDAwMDAwMDAwMH0sInNjaGVtYV92ZXJzaW9uIjoiMSJ9",
          "dependencies": [
            "aws_vpc.my_vpc"
          ]
        }
      ]
    },
    {
      "mode": "managed",
      "type": "aws_subnet",
      "name": "my_public_subnet",
      "provider": "provider[\"registry.terraform.io/hashicorp/aws\"]",
      "instances": [
        {
          "index_key": "public-01",
          "schema_version": 1,
          "attributes": {
            "arn": "arn:aws:ec2:ap-south-1:209479265154:subnet/subnet-0d0a6d1178ddad86c",
            "assign_ipv6_address_on_creation": false,
            "availability_zone": "ap-south-1b",
            "availability_zone_id": "aps1-az3",
            "cidr_block": "10.0.3.0/24",
            "customer_owned_ipv4_pool": "",
            "enable_dns64": false,
            "enable_lni_at_device_index": 0,
            "enable_resource_name_dns_a_record_on_launch": false,
            "enable_resource_name_dns_aaaa_record_on_launch": false,
            "id": "subnet-0d0a6d1178ddad86c",
            "ipv6_cidr_block": "",
            "ipv6_cidr_block_association_id": "",
            "ipv6_native": false,
            "map_customer_owned_ip_on_launch": false,
            "map_public_ip_on_launch": true,
            "outpost_arn": "",
            "owner_id": "209479265154",
            "private_dns_hostname_type_on_launch": "ip-name",
            "tags": {
              "Name": "imazy-public-01",
              "terraform": "true"
            },
            "tags_all": {
              "Name": "imazy-public-01",
              "terraform": "true"
            },
            "timeouts": null,
            "vpc_id": "vpc-04ab8764056af466a"
          },
          "sensitive_attributes": [],
          "private": "eyJlMmJmYjczMC1lY2FhLTExZTYtOGY4OC0zNDM2M2JjN2M0YzAiOnsiY3JlYXRlIjo2MDAwMDAwMDAwMDAsImRlbGV0ZSI6MTIwMDAwMDAwMDAwMH0sInNjaGVtYV92ZXJzaW9uIjoiMSJ9",
          "dependencies": [
            "aws_vpc.my_vpc",
            "data.aws_availability_zones.my_available_zones"
          ]
        },
        {
          "index_key": "public-02",
          "schema_version": 1,
          "attributes": {
            "arn": "arn:aws:ec2:ap-south-1:209479265154:subnet/subnet-07029ea95da3ce8a6",
            "assign_ipv6_address_on_creation": false,
            "availability_zone": "ap-south-1c",
            "availability_zone_id": "aps1-az2",
            "cidr_block": "10.0.4.0/24",
            "customer_owned_ipv4_pool": "",
            "enable_dns64": false,
            "enable_lni_at_device_index": 0,
            "enable_resource_name_dns_a_record_on_launch": false,
            "enable_resource_name_dns_aaaa_record_on_launch": false,
            "id": "subnet-07029ea95da3ce8a6",
            "ipv6_cidr_block": "",
            "ipv6_cidr_block_association_id": "",
            "ipv6_native": false,
            "map_customer_owned_ip_on_launch": false,
            "map_public_ip_on_launch": true,
            "outpost_arn": "",
            "owner_id": "209479265154",
            "private_dns_hostname_type_on_launch": "ip-name",
            "tags": {
              "Name": "imazy-public-02",
              "terraform": "true"
            },
            "tags_all": {
              "Name": "imazy-public-02",
              "terraform": "true"
            },
            "timeouts": null,
            "vpc_id": "vpc-04ab8764056af466a"
          },
          "sensitive_attributes": [],
          "private": "eyJlMmJmYjczMC1lY2FhLTExZTYtOGY4OC0zNDM2M2JjN2M0YzAiOnsiY3JlYXRlIjo2MDAwMDAwMDAwMDAsImRlbGV0ZSI6MTIwMDAwMDAwMDAwMH0sInNjaGVtYV92ZXJzaW9uIjoiMSJ9",
          "dependencies": [
            "aws_vpc.my_vpc",
            "data.aws_availability_zones.my_available_zones"
          ]
        }
      ]
    },
    {
      "mode": "managed",
      "type": "aws_vpc",
      "name": "my_vpc",
      "provider": "provider[\"registry.terraform.io/hashicorp/aws\"]",
      "instances": [
        {
          "schema_version": 1,
          "attributes": {
            "arn": "arn:aws:ec2:ap-south-1:209479265154:vpc/vpc-04ab8764056af466a",
            "assign_generated_ipv6_cidr_block": false,
            "cidr_block": "10.0.0.0/16",
            "default_network_acl_id": "acl-027b0a1da57c959ba",
            "default_route_table_id": "rtb-017c9c46f4ac5737a",
            "default_security_group_id": "sg-0baa7668580b821f8",
            "dhcp_options_id": "dopt-034dbb925f3864a42",
            "enable_dns_hostnames": false,
            "enable_dns_support": true,
            "enable_network_address_usage_metrics": false,
            "id": "vpc-04ab8764056af466a",
            "instance_tenancy": "default",
            "ipv4_ipam_pool_id": null,
            "ipv4_netmask_length": null,
            "ipv6_association_id": "",
            "ipv6_cidr_block": "",
            "ipv6_cidr_block_network_border_group": "",
            "ipv6_ipam_pool_id": "",
            "ipv6_netmask_length": 0,
            "main_route_table_id": "rtb-017c9c46f4ac5737a",
            "owner_id": "209479265154",
            "tags": null,
            "tags_all": {}
          },
          "sensitive_attributes": [],
          "private": "eyJzY2hlbWFfdmVyc2lvbiI6IjEifQ=="
        }
      ]
    },
    {
      "mode": "managed",
      "type": "tls_private_key",
      "name": "my_pvt_key",
      "provider": "provider[\"registry.terraform.io/hashicorp/tls\"]",
      "instances": [
        {
          "schema_version": 1,
          "attributes": {
            "algorithm": "RSA",
            "ecdsa_curve": "P224",
            "id": "247f81513b9e6d4b202b75657d8dc7e484fff5a9",
            "private_key_openssh": "-----BEGIN OPENSSH PRIVATE KEY-----\nb3BlbnNzaC1rZXktdjEAAAAABG5vbmUAAAAEbm9uZQAAAAAAAAABAAABFwAAAAdz\nc2gtcnNhAAAAAwEAAQAAAQEApdN7SX3OBZHm21RQUFOfSm9lpkZoLBNeek7PqaCe\nchcn7cu14jycxJwSwWSpScvORvyQlXthR7KSRygVtunW1/8l8RSHpnNDzSqahKWP\nd/1x6D3ozY3cvHyHL8QARh/HVSbjVxldrAaQyrl0913R2aBodD9d3LmmnBE3KMoO\nEPD7ZCv4giXOG+fpWOBWYghsmLe7zKWWhEq3uqX1/APL/WQRNwyZTj6wAep8A0cW\nqhgmy8uyslUk/yrCiQnqCLXD6sq3NOofyk+rIWuGzTYOYJBY8ZoAs6k0iQDOaGoq\nBxn7zs5UlAKsQf3WvKBIe1zzzS98W3HeIpLb83xgya5pQwAAA7iAGyRggBskYAAA\nAAdzc2gtcnNhAAABAQCl03tJfc4FkebbVFBQU59Kb2WmRmgsE156Ts+poJ5yFyft\ny7XiPJzEnBLBZKlJy85G/JCVe2FHspJHKBW26dbX/yXxFIemc0PNKpqEpY93/XHo\nPejNjdy8fIcvxABGH8dVJuNXGV2sBpDKuXT3XdHZoGh0P13cuaacETcoyg4Q8Ptk\nK/iCJc4b5+lY4FZiCGyYt7vMpZaESre6pfX8A8v9ZBE3DJlOPrAB6nwDRxaqGCbL\ny7KyVST/KsKJCeoItcPqyrc06h/KT6sha4bNNg5gkFjxmgCzqTSJAM5oaioHGfvO\nzlSUAqxB/da8oEh7XPPNL3xbcd4iktvzfGDJrmlDAAAAAwEAAQAAAQEAmFJy5UcS\ngDtNfBsuyxqFL7K0BNCX0CTanC7YwlAwO0zZ+K0vHenfdxqGf+8fMhJsIPjPNwBm\nk52MkKBZkfOqzi4phBH/qP4oQcXouf/6kZXVlCeKOYceRGV/KHk6Zy+5wpY+Lju2\nt9YwGofQ0Yj0wpt+V4n9hktip+mIaYdw9E1thaJMyy1N/9Ezs1LgcIaajC0xOon2\nFUGNx9FI6C2+iR0dvrLXvrnZRAlLB4uv/qT1bBb3BeqvKJ6NpKdlZGZTqYArzxSn\nQQQwJ3YQzlbEhOQ8reJy6tLoqYa/94Hv1dCBM5blt2IlZhNDKo4krGWyheQgLsmV\n407quOZD/Ih6gQAAAIEAmoq5f5UAq7UwN9gd1fAXEQIo1PUiibvOsqoI1NGRoVze\n+ErD0xlLkI7iLLwTubS/V2gHRaJJrNnYxKA3gvQkq0Go+Gk2vHa/T9f0fBokd/pU\n54vv5+7DrbuwPv6Y+0+xVuc/mGAyKBg3xOdbs/XCB9rsjfD7ZXDusPNfDj1CbxcA\nAACBAMn7/+8cGWPLWdoRqmR+ibZ04EqwmwU5GmSxRm1rLQFl78rtXvDy7v4V+1Dn\n2f3+BlOyhtPzTbbBVrshiTzYUncRIraIP17S+dXhDRhqYweg3TG+F47Rsz/BuJBM\nT4OThYYHq4W+Y2S20AqB16aFhxPrZ3jPNBEsmSY1bohRsYXpAAAAgQDSLA8+2svF\nvQxCOIUpSuttFl7rlRrK29fTWp3jkBio0I7iDIIM+yFTbFk/G3czxq+o6NcKX35p\nKJNUlPdC5QSWo+NyaANH3Xcq5erdRbR/knM5FjAlsIn+/+TUfDyAuXSWa2r1a53d\nQ7NAsGtJBXl7IjiGpfP1Hhk4hAu/5Pf+SwAAAAAB\n-----END OPENSSH PRIVATE KEY-----\n",
            "private_key_pem": "-----BEGIN RSA PRIVATE KEY-----\nMIIEpgIBAAKCAQEApdN7SX3OBZHm21RQUFOfSm9lpkZoLBNeek7PqaCechcn7cu1\n4jycxJwSwWSpScvORvyQlXthR7KSRygVtunW1/8l8RSHpnNDzSqahKWPd/1x6D3o\nzY3cvHyHL8QARh/HVSbjVxldrAaQyrl0913R2aBodD9d3LmmnBE3KMoOEPD7ZCv4\ngiXOG+fpWOBWYghsmLe7zKWWhEq3uqX1/APL/WQRNwyZTj6wAep8A0cWqhgmy8uy\nslUk/yrCiQnqCLXD6sq3NOofyk+rIWuGzTYOYJBY8ZoAs6k0iQDOaGoqBxn7zs5U\nlAKsQf3WvKBIe1zzzS98W3HeIpLb83xgya5pQwIDAQABAoIBAQCYUnLlRxKAO018\nGy7LGoUvsrQE0JfQJNqcLtjCUDA7TNn4rS8d6d93GoZ/7x8yEmwg+M83AGaTnYyQ\noFmR86rOLimEEf+o/ihBxei5//qRldWUJ4o5hx5EZX8oeTpnL7nClj4uO7a31jAa\nh9DRiPTCm35Xif2GS2Kn6Yhph3D0TW2FokzLLU3/0TOzUuBwhpqMLTE6ifYVQY3H\n0UjoLb6JHR2+ste+udlECUsHi6/+pPVsFvcF6q8ono2kp2VkZlOpgCvPFKdBBDAn\ndhDOVsSE5Dyt4nLq0uiphr/3ge/V0IEzluW3YiVmE0MqjiSsZbKF5CAuyZXjTuq4\n5kP8iHqBAoGBAMn7/+8cGWPLWdoRqmR+ibZ04EqwmwU5GmSxRm1rLQFl78rtXvDy\n7v4V+1Dn2f3+BlOyhtPzTbbBVrshiTzYUncRIraIP17S+dXhDRhqYweg3TG+F47R\nsz/BuJBMT4OThYYHq4W+Y2S20AqB16aFhxPrZ3jPNBEsmSY1bohRsYXpAoGBANIs\nDz7ay8W9DEI4hSlK620WXuuVGsrb19NaneOQGKjQjuIMggz7IVNsWT8bdzPGr6jo\n1wpffmkok1SU90LlBJaj43JoA0fddyrl6t1FtH+SczkWMCWwif7/5NR8PIC5dJZr\navVrnd1Ds0Cwa0kFeXsiOIal8/UeGTiEC7/k9/5LAoGBAIx0nWujyZAYx1maMTgC\nujbTnWiy2InQRKdCkyvhfIFdZlthp0S8Wi78EDAZmgBClhm7qoBWz3LHjU1Bq9JQ\nxz+e/dmacx64bR0qi1WwHT8fwNEnU/BvqEsspfBJ8H0Zp58lVEQDudA+Q/sagWB9\nuAnFB8X9qEJNFg54120aCe2JAoGBAKBdigx1ukJZK39jzQdi6RxFk4vCK71Z3eah\nIBRBIO++oyeMT7dD73vOEpL6jAvvsJz7fQmnL7dhhHlnaPub79JZnvTutIIjVAhh\ngsHvq/gjcNPAQGChwcnWy23ulePKnlEgCW7V/JCWVbIoatQ+3yC7TdI/0lPX8XqU\nFrsHJMrdAoGBAJqKuX+VAKu1MDfYHdXwFxECKNT1Iom7zrKqCNTRkaFc3vhKw9MZ\nS5CO4iy8E7m0v1doB0WiSazZ2MSgN4L0JKtBqPhpNrx2v0/X9HwaJHf6VOeL7+fu\nw627sD7+mPtPsVbnP5hgMigYN8TnW7P1wgfa7I3w+2Vw7rDzXw49Qm8X\n-----END RSA PRIVATE KEY-----\n",
            "private_key_pem_pkcs8": "-----BEGIN PRIVATE KEY-----\nMIIEwAIBADANBgkqhkiG9w0BAQEFAASCBKowggSmAgEAAoIBAQCl03tJfc4Fkebb\nVFBQU59Kb2WmRmgsE156Ts+poJ5yFyfty7XiPJzEnBLBZKlJy85G/JCVe2FHspJH\nKBW26dbX/yXxFIemc0PNKpqEpY93/XHoPejNjdy8fIcvxABGH8dVJuNXGV2sBpDK\nuXT3XdHZoGh0P13cuaacETcoyg4Q8PtkK/iCJc4b5+lY4FZiCGyYt7vMpZaESre6\npfX8A8v9ZBE3DJlOPrAB6nwDRxaqGCbLy7KyVST/KsKJCeoItcPqyrc06h/KT6sh\na4bNNg5gkFjxmgCzqTSJAM5oaioHGfvOzlSUAqxB/da8oEh7XPPNL3xbcd4iktvz\nfGDJrmlDAgMBAAECggEBAJhScuVHEoA7TXwbLssahS+ytATQl9Ak2pwu2MJQMDtM\n2fitLx3p33cahn/vHzISbCD4zzcAZpOdjJCgWZHzqs4uKYQR/6j+KEHF6Ln/+pGV\n1ZQnijmHHkRlfyh5OmcvucKWPi47trfWMBqH0NGI9MKbfleJ/YZLYqfpiGmHcPRN\nbYWiTMstTf/RM7NS4HCGmowtMTqJ9hVBjcfRSOgtvokdHb6y17652UQJSweLr/6k\n9WwW9wXqryiejaSnZWRmU6mAK88Up0EEMCd2EM5WxITkPK3icurS6KmGv/eB79XQ\ngTOW5bdiJWYTQyqOJKxlsoXkIC7JleNO6rjmQ/yIeoECgYEAyfv/7xwZY8tZ2hGq\nZH6JtnTgSrCbBTkaZLFGbWstAWXvyu1e8PLu/hX7UOfZ/f4GU7KG0/NNtsFWuyGJ\nPNhSdxEitog/XtL51eENGGpjB6DdMb4XjtGzP8G4kExPg5OFhgerhb5jZLbQCoHX\npoWHE+tneM80ESyZJjVuiFGxhekCgYEA0iwPPtrLxb0MQjiFKUrrbRZe65UaytvX\n01qd45AYqNCO4gyCDPshU2xZPxt3M8avqOjXCl9+aSiTVJT3QuUElqPjcmgDR913\nKuXq3UW0f5JzORYwJbCJ/v/k1Hw8gLl0lmtq9Wud3UOzQLBrSQV5eyI4hqXz9R4Z\nOIQLv+T3/ksCgYEAjHSda6PJkBjHWZoxOAK6NtOdaLLYidBEp0KTK+F8gV1mW2Gn\nRLxaLvwQMBmaAEKWGbuqgFbPcseNTUGr0lDHP5792ZpzHrhtHSqLVbAdPx/A0SdT\n8G+oSyyl8EnwfRmnnyVURAO50D5D+xqBYH24CcUHxf2oQk0WDnjXbRoJ7YkCgYEA\noF2KDHW6Qlkrf2PNB2LpHEWTi8IrvVnd5qEgFEEg776jJ4xPt0Pve84SkvqMC++w\nnPt9Cacvt2GEeWdo+5vv0lme9O60giNUCGGCwe+r+CNw08BAYKHBydbLbe6V48qe\nUSAJbtX8kJZVsihq1D7fILtN0j/SU9fxepQWuwckyt0CgYEAmoq5f5UAq7UwN9gd\n1fAXEQIo1PUiibvOsqoI1NGRoVze+ErD0xlLkI7iLLwTubS/V2gHRaJJrNnYxKA3\ngvQkq0Go+Gk2vHa/T9f0fBokd/pU54vv5+7DrbuwPv6Y+0+xVuc/mGAyKBg3xOdb\ns/XCB9rsjfD7ZXDusPNfDj1Cbxc=\n-----END PRIVATE KEY-----\n",
            "public_key_fingerprint_md5": "b6:24:a6:13:c4:da:ef:20:b2:ec:a8:8b:2e:21:e3:20",
            "public_key_fingerprint_sha256": "SHA256:uaftLIUHR5jppty1l7BC5ZJP+fuBXpQX8mTmJ/j0t+4",
            "public_key_openssh": "ssh-rsa AAAAB3NzaC1yc2EAAAADAQABAAABAQCl03tJfc4FkebbVFBQU59Kb2WmRmgsE156Ts+poJ5yFyfty7XiPJzEnBLBZKlJy85G/JCVe2FHspJHKBW26dbX/yXxFIemc0PNKpqEpY93/XHoPejNjdy8fIcvxABGH8dVJuNXGV2sBpDKuXT3XdHZoGh0P13cuaacETcoyg4Q8PtkK/iCJc4b5+lY4FZiCGyYt7vMpZaESre6pfX8A8v9ZBE3DJlOPrAB6nwDRxaqGCbLy7KyVST/KsKJCeoItcPqyrc06h/KT6sha4bNNg5gkFjxmgCzqTSJAM5oaioHGfvOzlSUAqxB/da8oEh7XPPNL3xbcd4iktvzfGDJrmlD\n",
            "public_key_pem": "-----BEGIN PUBLIC KEY-----\nMIIBIjANBgkqhkiG9w0BAQEFAAOCAQ8AMIIBCgKCAQEApdN7SX3OBZHm21RQUFOf\nSm9lpkZoLBNeek7PqaCechcn7cu14jycxJwSwWSpScvORvyQlXthR7KSRygVtunW\n1/8l8RSHpnNDzSqahKWPd/1x6D3ozY3cvHyHL8QARh/HVSbjVxldrAaQyrl0913R\n2aBodD9d3LmmnBE3KMoOEPD7ZCv4giXOG+fpWOBWYghsmLe7zKWWhEq3uqX1/APL\n/WQRNwyZTj6wAep8A0cWqhgmy8uyslUk/yrCiQnqCLXD6sq3NOofyk+rIWuGzTYO\nYJBY8ZoAs6k0iQDOaGoqBxn7zs5UlAKsQf3WvKBIe1zzzS98W3HeIpLb83xgya5p\nQwIDAQAB\n-----END PUBLIC KEY-----\n",
            "rsa_bits": 2048
          },
          "sensitive_attributes": [
            [
              {
                "type": "get_attr",
                "value": "private_key_pem_pkcs8"
              }
            ],
            [
              {
                "type": "get_attr",
                "value": "private_key_openssh"
              }
            ],
            [
              {
                "type": "get_attr",
                "value": "private_key_pem"
              }
            ]
          ]
        }
      ]
    }
  ],
  "check_results": null
}
