{
  "version": 4,
  "terraform_version": "1.11.3",
  "serial": 602,
  "lineage": "131c3123-515a-38b0-219c-4582bfc8cd07",
  "outputs": {},
  "resources": [
    {
      "mode": "data",
      "type": "aws_ami",
      "name": "my_ami",
      "provider": "provider[\"registry.terraform.io/hashicorp/aws\"]",
      "instances": [
        {
          "schema_version": 0,
          "attributes": {
            "architecture": "x86_64",
            "arn": "arn:aws:ec2:ap-south-1::image/ami-0b52033d797da0c87",
            "block_device_mappings": [
              {
                "device_name": "/dev/xvda",
                "ebs": {
                  "delete_on_termination": "true",
                  "encrypted": "false",
                  "iops": "0",
                  "snapshot_id": "snap-049c90bef9e5c96c4",
                  "throughput": "0",
                  "volume_size": "8",
                  "volume_type": "gp2"
                },
                "no_device": "",
                "virtual_name": ""
              }
            ],
            "boot_mode": "",
            "creation_date": "2025-03-21T23:34:19.000Z",
            "deprecation_time": "2025-07-01T00:00:00.000Z",
            "description": "Amazon Linux 2 AMI 2.0.20250321.0 x86_64 HVM gp2",
            "ena_support": true,
            "executable_users": null,
            "filter": [
              {
                "name": "architecture",
                "values": [
                  "x86_64"
                ]
              },
              {
                "name": "root-device-type",
                "values": [
                  "ebs"
                ]
              }
            ],
            "hypervisor": "xen",
            "id": "ami-0b52033d797da0c87",
            "image_id": "ami-0b52033d797da0c87",
            "image_location": "amazon/amzn2-ami-hvm-2.0.20250321.0-x86_64-gp2",
            "image_owner_alias": "amazon",
            "image_type": "machine",
            "imds_support": "",
            "include_deprecated": false,
            "kernel_id": "",
            "most_recent": true,
            "name": "amzn2-ami-hvm-2.0.20250321.0-x86_64-gp2",
            "name_regex": "amzn2-ami-hvm",
            "owner_id": "137112412989",
            "owners": [
              "amazon"
            ],
            "platform": "",
            "platform_details": "Linux/UNIX",
            "product_codes": [],
            "public": true,
            "ramdisk_id": "",
            "root_device_name": "/dev/xvda",
            "root_device_type": "ebs",
            "root_snapshot_id": "snap-049c90bef9e5c96c4",
            "sriov_net_support": "simple",
            "state": "available",
            "state_reason": {
              "code": "UNSET",
              "message": "UNSET"
            },
            "tags": {},
            "timeouts": null,
            "tpm_support": "",
            "uefi_data": null,
            "usage_operation": "RunInstances",
            "virtualization_type": "hvm"
          },
          "sensitive_attributes": []
        }
      ]
    },
    {
      "mode": "data",
      "type": "aws_ami",
      "name": "my_ami_ubuntu",
      "provider": "provider[\"registry.terraform.io/hashicorp/aws\"]",
      "instances": [
        {
          "schema_version": 0,
          "attributes": {
            "architecture": "x86_64",
            "arn": "arn:aws:ec2:ap-south-1::image/ami-0a681b09803cdd476",
            "block_device_mappings": [
              {
                "device_name": "/dev/sda1",
                "ebs": {
                  "delete_on_termination": "true",
                  "encrypted": "false",
                  "iops": "0",
                  "snapshot_id": "snap-0701940b118911d25",
                  "throughput": "0",
                  "volume_size": "8",
                  "volume_type": "gp2"
                },
                "no_device": "",
                "virtual_name": ""
              },
              {
                "device_name": "/dev/sdb",
                "ebs": {},
                "no_device": "",
                "virtual_name": "ephemeral0"
              },
              {
                "device_name": "/dev/sdc",
                "ebs": {},
                "no_device": "",
                "virtual_name": "ephemeral1"
              }
            ],
            "boot_mode": "legacy-bios",
            "creation_date": "2025-04-01T05:39:15.000Z",
            "deprecation_time": "2027-04-01T05:39:15.000Z",
            "description": "Canonical, Ubuntu, 20.04, amd64 focal image",
            "ena_support": true,
            "executable_users": null,
            "filter": [
              {
                "name": "name",
                "values": [
                  "ubuntu/images/hvm-ssd/ubuntu-focal-20.04-amd64-server-*"
                ]
              },
              {
                "name": "virtualization-type",
                "values": [
                  "hvm"
                ]
              }
            ],
            "hypervisor": "xen",
            "id": "ami-0a681b09803cdd476",
            "image_id": "ami-0a681b09803cdd476",
            "image_location": "amazon/ubuntu/images/hvm-ssd/ubuntu-focal-20.04-amd64-server-20250401",
            "image_owner_alias": "amazon",
            "image_type": "machine",
            "imds_support": "",
            "include_deprecated": false,
            "kernel_id": "",
            "most_recent": true,
            "name": "ubuntu/images/hvm-ssd/ubuntu-focal-20.04-amd64-server-20250401",
            "name_regex": null,
            "owner_id": "099720109477",
            "owners": [
              "099720109477"
            ],
            "platform": "",
            "platform_details": "Linux/UNIX",
            "product_codes": [],
            "public": true,
            "ramdisk_id": "",
            "root_device_name": "/dev/sda1",
            "root_device_type": "ebs",
            "root_snapshot_id": "snap-0701940b118911d25",
            "sriov_net_support": "simple",
            "state": "available",
            "state_reason": {
              "code": "UNSET",
              "message": "UNSET"
            },
            "tags": {},
            "timeouts": null,
            "tpm_support": "",
            "uefi_data": null,
            "usage_operation": "RunInstances",
            "virtualization_type": "hvm"
          },
          "sensitive_attributes": []
        }
      ]
    },
    {
      "mode": "data",
      "type": "aws_availability_zones",
      "name": "my_available_zones",
      "provider": "provider[\"registry.terraform.io/hashicorp/aws\"]",
      "instances": [
        {
          "schema_version": 0,
          "attributes": {
            "all_availability_zones": null,
            "exclude_names": null,
            "exclude_zone_ids": null,
            "filter": null,
            "group_names": [
              "ap-south-1-zg-1"
            ],
            "id": "ap-south-1",
            "names": [
              "ap-south-1a",
              "ap-south-1b",
              "ap-south-1c"
            ],
            "state": null,
            "timeouts": null,
            "zone_ids": [
              "aps1-az1",
              "aps1-az3",
              "aps1-az2"
            ]
          },
          "sensitive_attributes": []
        }
      ]
    },
    {
      "mode": "data",
      "type": "aws_region",
      "name": "available_region",
      "provider": "provider[\"registry.terraform.io/hashicorp/aws\"]",
      "instances": [
        {
          "schema_version": 0,
          "attributes": {
            "description": "Asia Pacific (Mumbai)",
            "endpoint": "ec2.ap-south-1.amazonaws.com",
            "id": "ap-south-1",
            "name": "ap-south-1"
          },
          "sensitive_attributes": []
        }
      ]
    },
    {
      "mode": "managed",
      "type": "aws_eip",
      "name": "my_public_eip",
      "provider": "provider[\"registry.terraform.io/hashicorp/aws\"]",
      "instances": [
        {
          "schema_version": 0,
          "attributes": {
            "address": null,
            "allocation_id": "eipalloc-096cad4adc40fd438",
            "arn": "arn:aws:ec2:ap-south-1:209479265154:elastic-ip/eipalloc-096cad4adc40fd438",
            "associate_with_private_ip": null,
            "association_id": "",
            "carrier_ip": "",
            "customer_owned_ip": "",
            "customer_owned_ipv4_pool": "",
            "domain": "vpc",
            "id": "eipalloc-096cad4adc40fd438",
            "instance": "",
            "ipam_pool_id": null,
            "network_border_group": "ap-south-1",
            "network_interface": "",
            "private_dns": null,
            "private_ip": "",
            "ptr_record": "",
            "public_dns": "ec2-15-206-50-155.ap-south-1.compute.amazonaws.com",
            "public_ip": "15.206.50.155",
            "public_ipv4_pool": "amazon",
            "tags": null,
            "tags_all": {},
            "timeouts": null,
            "vpc": true
          },
          "sensitive_attributes": [],
          "private": "eyJlMmJmYjczMC1lY2FhLTExZTYtOGY4OC0zNDM2M2JjN2M0YzAiOnsiZGVsZXRlIjoxODAwMDAwMDAwMDAsInJlYWQiOjkwMDAwMDAwMDAwMCwidXBkYXRlIjozMDAwMDAwMDAwMDB9fQ==",
          "dependencies": [
            "aws_internet_gateway.my_internet_gtw",
            "aws_vpc.my_vpc"
          ]
        }
      ]
    },
    {
      "mode": "managed",
      "type": "aws_instance",
      "name": "my_web-server",
      "provider": "provider[\"registry.terraform.io/hashicorp/aws\"]",
      "instances": [
        {
          "schema_version": 1,
          "attributes": {
            "ami": "ami-0b52033d797da0c87",
            "arn": "arn:aws:ec2:ap-south-1:209479265154:instance/i-053940eea69576469",
            "associate_public_ip_address": true,
            "availability_zone": "ap-south-1b",
            "capacity_reservation_specification": [
              {
                "capacity_reservation_preference": "open",
                "capacity_reservation_target": []
              }
            ],
            "cpu_core_count": 1,
            "cpu_options": [
              {
                "amd_sev_snp": "",
                "core_count": 1,
                "threads_per_core": 2
              }
            ],
            "cpu_threads_per_core": 2,
            "credit_specification": [
              {
                "cpu_credits": "unlimited"
              }
            ],
            "disable_api_stop": false,
            "disable_api_termination": false,
            "ebs_block_device": [],
            "ebs_optimized": false,
            "enable_primary_ipv6": null,
            "enclave_options": [
              {
                "enabled": false
              }
            ],
            "ephemeral_block_device": [],
            "get_password_data": false,
            "hibernation": false,
            "host_id": "",
            "host_resource_group_arn": null,
            "iam_instance_profile": "",
            "id": "i-053940eea69576469",
            "instance_initiated_shutdown_behavior": "stop",
            "instance_lifecycle": "",
            "instance_market_options": [],
            "instance_state": "running",
            "instance_type": "t3.micro",
            "ipv6_address_count": 0,
            "ipv6_addresses": [],
            "key_name": "my_pvt_key",
            "launch_template": [],
            "maintenance_options": [
              {
                "auto_recovery": "default"
              }
            ],
            "metadata_options": [
              {
                "http_endpoint": "enabled",
                "http_protocol_ipv6": "disabled",
                "http_put_response_hop_limit": 1,
                "http_tokens": "optional",
                "instance_metadata_tags": "disabled"
              }
            ],
            "monitoring": false,
            "network_interface": [],
            "outpost_arn": "",
            "password_data": "",
            "placement_group": "",
            "placement_partition_number": 0,
            "primary_network_interface_id": "eni-0da7198a32cc91dad",
            "private_dns": "ip-10-0-3-234.ap-south-1.compute.internal",
            "private_dns_name_options": [
              {
                "enable_resource_name_dns_a_record": false,
                "enable_resource_name_dns_aaaa_record": false,
                "hostname_type": "ip-name"
              }
            ],
            "private_ip": "10.0.3.234",
            "public_dns": "",
            "public_ip": "65.0.6.113",
            "root_block_device": [
              {
                "delete_on_termination": true,
                "device_name": "/dev/xvda",
                "encrypted": false,
                "iops": 100,
                "kms_key_id": "",
                "tags": {},
                "tags_all": {},
                "throughput": 0,
                "volume_id": "vol-0ed2b2c92840be32a",
                "volume_size": 8,
                "volume_type": "gp2"
              }
            ],
            "secondary_private_ips": [],
            "security_groups": [
              "sg-07f901e10eced05bb",
              "sg-0caa1ea877bc42de1"
            ],
            "source_dest_check": true,
            "spot_instance_request_id": "",
            "subnet_id": "subnet-048494545672ac57a",
            "tags": {
              "Name": "imazy-web-default"
            },
            "tags_all": {
              "Name": "imazy-web-default"
            },
            "tenancy": "default",
            "timeouts": null,
            "user_data": null,
            "user_data_base64": null,
            "user_data_replace_on_change": false,
            "volume_tags": null,
            "vpc_security_group_ids": [
              "sg-07f901e10eced05bb",
              "sg-0caa1ea877bc42de1"
            ]
          },
          "sensitive_attributes": [],
          "private": "eyJlMmJmYjczMC1lY2FhLTExZTYtOGY4OC0zNDM2M2JjN2M0YzAiOnsiY3JlYXRlIjo2MDAwMDAwMDAwMDAsImRlbGV0ZSI6MTIwMDAwMDAwMDAwMCwicmVhZCI6OTAwMDAwMDAwMDAwLCJ1cGRhdGUiOjYwMDAwMDAwMDAwMH0sInNjaGVtYV92ZXJzaW9uIjoiMSJ9",
          "dependencies": [
            "aws_key_pair.my_key_pair",
            "aws_security_group.my_http_sg",
            "aws_security_group.my_ssh_sg",
            "aws_subnet.my_public_subnet",
            "aws_vpc.my_vpc",
            "data.aws_ami.my_ami",
            "data.aws_availability_zones.my_available_zones",
            "tls_private_key.my_pvt_key"
          ]
        }
      ]
    },
    {
      "mode": "managed",
      "type": "aws_internet_gateway",
      "name": "my_internet_gtw",
      "provider": "provider[\"registry.terraform.io/hashicorp/aws\"]",
      "instances": [
        {
          "schema_version": 0,
          "attributes": {
            "arn": "arn:aws:ec2:ap-south-1:209479265154:internet-gateway/igw-0797052449d8be4b0",
            "id": "igw-0797052449d8be4b0",
            "owner_id": "209479265154",
            "tags": null,
            "tags_all": {},
            "timeouts": null,
            "vpc_id": "vpc-08f8afd54a92c8ce6"
          },
          "sensitive_attributes": [],
          "private": "eyJlMmJmYjczMC1lY2FhLTExZTYtOGY4OC0zNDM2M2JjN2M0YzAiOnsiY3JlYXRlIjoxMjAwMDAwMDAwMDAwLCJkZWxldGUiOjEyMDAwMDAwMDAwMDAsInVwZGF0ZSI6MTIwMDAwMDAwMDAwMH19",
          "dependencies": [
            "aws_vpc.my_vpc"
          ]
        }
      ]
    },
    {
      "mode": "managed",
      "type": "aws_key_pair",
      "name": "my_key_pair",
      "provider": "provider[\"registry.terraform.io/hashicorp/aws\"]",
      "instances": [
        {
          "schema_version": 1,
          "attributes": {
            "arn": "arn:aws:ec2:ap-south-1:209479265154:key-pair/my_pvt_key",
            "fingerprint": "f7:2b:1d:1c:16:db:1c:bd:56:2c:b2:ac:94:83:2f:13",
            "id": "my_pvt_key",
            "key_name": "my_pvt_key",
            "key_name_prefix": "",
            "key_pair_id": "key-0379ecb18013d515c",
            "key_type": "rsa",
            "public_key": "ssh-rsa AAAAB3NzaC1yc2EAAAADAQABAAABAQDUOddDinx+XsZIGBBOy615llWNWuxxTF3RM7XLQsrJ3Bfx07grGzsa0Dawykl1EbB9KU5L+kBZLhP6MWyS9ltG3SGqEgwzJCyqy4VaITW6shEb6q3RFrBZQsD2u/Dn+vDW9qmnwwuPOWSBhr38J4f7tQfVdAQzGcwwhJEwPHVdHUiqS441lxtfuMtgOOMIzJY8tPY154opgOzD6v5O3QSHGr62iAwNff9wB/4mOpxXJbtMBje8UuiUuhhL/iDFFtWbrsFglQ5/tL4KRfgKJFSBIsdRO6h8JqOfwSFiRBXwPgjTrwRbWl1HhIBsytugroamNSgTJvuT1W6BuMQyQvhz",
            "tags": null,
            "tags_all": {}
          },
          "sensitive_attributes": [],
          "private": "eyJzY2hlbWFfdmVyc2lvbiI6IjEifQ==",
          "dependencies": [
            "tls_private_key.my_pvt_key"
          ]
        }
      ]
    },
    {
      "mode": "managed",
      "type": "aws_nat_gateway",
      "name": "my_net_gtw",
      "provider": "provider[\"registry.terraform.io/hashicorp/aws\"]",
      "instances": [
        {
          "schema_version": 0,
          "attributes": {
            "allocation_id": "eipalloc-096cad4adc40fd438",
            "association_id": "eipassoc-08398c3422ffac975",
            "connectivity_type": "public",
            "id": "nat-0ac4c185f7b21bb88",
            "network_interface_id": "eni-02a8c04b6326d5ad6",
            "private_ip": "10.0.3.176",
            "public_ip": "15.206.50.155",
            "secondary_allocation_ids": null,
            "secondary_private_ip_address_count": 0,
            "secondary_private_ip_addresses": [],
            "subnet_id": "subnet-048494545672ac57a",
            "tags": null,
            "tags_all": {},
            "timeouts": null
          },
          "sensitive_attributes": [],
          "private": "eyJlMmJmYjczMC1lY2FhLTExZTYtOGY4OC0zNDM2M2JjN2M0YzAiOnsiY3JlYXRlIjo2MDAwMDAwMDAwMDAsImRlbGV0ZSI6MTgwMDAwMDAwMDAwMCwidXBkYXRlIjo2MDAwMDAwMDAwMDB9fQ==",
          "dependencies": [
            "aws_eip.my_public_eip",
            "aws_internet_gateway.my_internet_gtw",
            "aws_subnet.my_public_subnet",
            "aws_vpc.my_vpc",
            "data.aws_availability_zones.my_available_zones"
          ]
        }
      ]
    },
    {
      "mode": "managed",
      "type": "aws_route_table",
      "name": "my_private_route",
      "provider": "provider[\"registry.terraform.io/hashicorp/aws\"]",
      "instances": [
        {
          "schema_version": 0,
          "attributes": {
            "arn": "arn:aws:ec2:ap-south-1:209479265154:route-table/rtb-0309cbe67110d7302",
            "id": "rtb-0309cbe67110d7302",
            "owner_id": "209479265154",
            "propagating_vgws": [],
            "route": [
              {
                "carrier_gateway_id": "",
                "cidr_block": "0.0.0.0/0",
                "core_network_arn": "",
                "destination_prefix_list_id": "",
                "egress_only_gateway_id": "",
                "gateway_id": "",
                "ipv6_cidr_block": "",
                "local_gateway_id": "",
                "nat_gateway_id": "nat-0ac4c185f7b21bb88",
                "network_interface_id": "",
                "transit_gateway_id": "",
                "vpc_endpoint_id": "",
                "vpc_peering_connection_id": ""
              }
            ],
            "tags": null,
            "tags_all": {},
            "timeouts": null,
            "vpc_id": "vpc-08f8afd54a92c8ce6"
          },
          "sensitive_attributes": [],
          "private": "eyJlMmJmYjczMC1lY2FhLTExZTYtOGY4OC0zNDM2M2JjN2M0YzAiOnsiY3JlYXRlIjozMDAwMDAwMDAwMDAsImRlbGV0ZSI6MzAwMDAwMDAwMDAwLCJ1cGRhdGUiOjEyMDAwMDAwMDAwMH19",
          "dependencies": [
            "aws_eip.my_public_eip",
            "aws_internet_gateway.my_internet_gtw",
            "aws_nat_gateway.my_net_gtw",
            "aws_subnet.my_public_subnet",
            "aws_vpc.my_vpc",
            "data.aws_availability_zones.my_available_zones"
          ]
        }
      ]
    },
    {
      "mode": "managed",
      "type": "aws_route_table",
      "name": "my_public_route",
      "provider": "provider[\"registry.terraform.io/hashicorp/aws\"]",
      "instances": [
        {
          "schema_version": 0,
          "attributes": {
            "arn": "arn:aws:ec2:ap-south-1:209479265154:route-table/rtb-0e2ef6eddac6f1ebf",
            "id": "rtb-0e2ef6eddac6f1ebf",
            "owner_id": "209479265154",
            "propagating_vgws": [],
            "route": [
              {
                "carrier_gateway_id": "",
                "cidr_block": "0.0.0.0/0",
                "core_network_arn": "",
                "destination_prefix_list_id": "",
                "egress_only_gateway_id": "",
                "gateway_id": "igw-0797052449d8be4b0",
                "ipv6_cidr_block": "",
                "local_gateway_id": "",
                "nat_gateway_id": "",
                "network_interface_id": "",
                "transit_gateway_id": "",
                "vpc_endpoint_id": "",
                "vpc_peering_connection_id": ""
              }
            ],
            "tags": null,
            "tags_all": {},
            "timeouts": null,
            "vpc_id": "vpc-08f8afd54a92c8ce6"
          },
          "sensitive_attributes": [],
          "private": "eyJlMmJmYjczMC1lY2FhLTExZTYtOGY4OC0zNDM2M2JjN2M0YzAiOnsiY3JlYXRlIjozMDAwMDAwMDAwMDAsImRlbGV0ZSI6MzAwMDAwMDAwMDAwLCJ1cGRhdGUiOjEyMDAwMDAwMDAwMH19",
          "dependencies": [
            "aws_internet_gateway.my_internet_gtw",
            "aws_vpc.my_vpc"
          ]
        }
      ]
    },
    {
      "mode": "managed",
      "type": "aws_route_table_association",
      "name": "my_route_table_asc",
      "provider": "provider[\"registry.terraform.io/hashicorp/aws\"]",
      "instances": [
        {
          "index_key": "public-01",
          "schema_version": 0,
          "attributes": {
            "gateway_id": "",
            "id": "rtbassoc-0575d350709fa338d",
            "route_table_id": "rtb-0e2ef6eddac6f1ebf",
            "subnet_id": "subnet-048494545672ac57a",
            "timeouts": null
          },
          "sensitive_attributes": [],
          "private": "eyJlMmJmYjczMC1lY2FhLTExZTYtOGY4OC0zNDM2M2JjN2M0YzAiOnsiY3JlYXRlIjozMDAwMDAwMDAwMDAsImRlbGV0ZSI6MzAwMDAwMDAwMDAwLCJ1cGRhdGUiOjEyMDAwMDAwMDAwMH19",
          "dependencies": [
            "aws_internet_gateway.my_internet_gtw",
            "aws_route_table.my_public_route",
            "aws_subnet.my_public_subnet",
            "aws_vpc.my_vpc",
            "data.aws_availability_zones.my_available_zones"
          ]
        },
        {
          "index_key": "public-02",
          "schema_version": 0,
          "attributes": {
            "gateway_id": "",
            "id": "rtbassoc-0786e19ab3008fdfe",
            "route_table_id": "rtb-0e2ef6eddac6f1ebf",
            "subnet_id": "subnet-0c1290965adaeaf94",
            "timeouts": null
          },
          "sensitive_attributes": [],
          "private": "eyJlMmJmYjczMC1lY2FhLTExZTYtOGY4OC0zNDM2M2JjN2M0YzAiOnsiY3JlYXRlIjozMDAwMDAwMDAwMDAsImRlbGV0ZSI6MzAwMDAwMDAwMDAwLCJ1cGRhdGUiOjEyMDAwMDAwMDAwMH19",
          "dependencies": [
            "aws_internet_gateway.my_internet_gtw",
            "aws_route_table.my_public_route",
            "aws_subnet.my_public_subnet",
            "aws_vpc.my_vpc",
            "data.aws_availability_zones.my_available_zones"
          ]
        }
      ]
    },
    {
      "mode": "managed",
      "type": "aws_security_group",
      "name": "my_http_sg",
      "provider": "provider[\"registry.terraform.io/hashicorp/aws\"]",
      "instances": [
        {
          "schema_version": 1,
          "attributes": {
            "arn": "arn:aws:ec2:ap-south-1:209479265154:security-group/sg-0caa1ea877bc42de1",
            "description": "Managed by Terraform",
            "egress": [
              {
                "cidr_blocks": [
                  "0.0.0.0/0"
                ],
                "description": "",
                "from_port": 0,
                "ipv6_cidr_blocks": [],
                "prefix_list_ids": [],
                "protocol": "-1",
                "security_groups": [],
                "self": false,
                "to_port": 0
              }
            ],
            "id": "sg-0caa1ea877bc42de1",
            "ingress": [
              {
                "cidr_blocks": [
                  "0.0.0.0/0"
                ],
                "description": "",
                "from_port": 80,
                "ipv6_cidr_blocks": [],
                "prefix_list_ids": [],
                "protocol": "tcp",
                "security_groups": [],
                "self": false,
                "to_port": 80
              }
            ],
            "name": "terraform-20250401110938306600000001",
            "name_prefix": "terraform-",
            "owner_id": "209479265154",
            "revoke_rules_on_delete": false,
            "tags": null,
            "tags_all": {},
            "timeouts": null,
            "vpc_id": "vpc-08f8afd54a92c8ce6"
          },
          "sensitive_attributes": [],
          "private": "eyJlMmJmYjczMC1lY2FhLTExZTYtOGY4OC0zNDM2M2JjN2M0YzAiOnsiY3JlYXRlIjo2MDAwMDAwMDAwMDAsImRlbGV0ZSI6OTAwMDAwMDAwMDAwfSwic2NoZW1hX3ZlcnNpb24iOiIxIn0=",
          "dependencies": [
            "aws_vpc.my_vpc"
          ]
        }
      ]
    },
    {
      "mode": "managed",
      "type": "aws_security_group",
      "name": "my_ssh_sg",
      "provider": "provider[\"registry.terraform.io/hashicorp/aws\"]",
      "instances": [
        {
          "schema_version": 1,
          "attributes": {
            "arn": "arn:aws:ec2:ap-south-1:209479265154:security-group/sg-07f901e10eced05bb",
            "description": "Managed by Terraform",
            "egress": [
              {
                "cidr_blocks": [
                  "0.0.0.0/0"
                ],
                "description": "",
                "from_port": 0,
                "ipv6_cidr_blocks": [],
                "prefix_list_ids": [],
                "protocol": "-1",
                "security_groups": [],
                "self": false,
                "to_port": 0
              }
            ],
            "id": "sg-07f901e10eced05bb",
            "ingress": [
              {
                "cidr_blocks": [
                  "0.0.0.0/0"
                ],
                "description": "",
                "from_port": 22,
                "ipv6_cidr_blocks": [],
                "prefix_list_ids": [],
                "protocol": "tcp",
                "security_groups": [],
                "self": false,
                "to_port": 22
              }
            ],
            "name": "terraform-20250401110938312300000002",
            "name_prefix": "terraform-",
            "owner_id": "209479265154",
            "revoke_rules_on_delete": false,
            "tags": null,
            "tags_all": {},
            "timeouts": null,
            "vpc_id": "vpc-08f8afd54a92c8ce6"
          },
          "sensitive_attributes": [],
          "private": "eyJlMmJmYjczMC1lY2FhLTExZTYtOGY4OC0zNDM2M2JjN2M0YzAiOnsiY3JlYXRlIjo2MDAwMDAwMDAwMDAsImRlbGV0ZSI6OTAwMDAwMDAwMDAwfSwic2NoZW1hX3ZlcnNpb24iOiIxIn0=",
          "dependencies": [
            "aws_vpc.my_vpc"
          ]
        }
      ]
    },
    {
      "mode": "managed",
      "type": "aws_subnet",
      "name": "my_private_subnet",
      "provider": "provider[\"registry.terraform.io/hashicorp/aws\"]",
      "instances": [
        {
          "schema_version": 1,
          "attributes": {
            "arn": "arn:aws:ec2:ap-south-1:209479265154:subnet/subnet-0679c6b21d36ae168",
            "assign_ipv6_address_on_creation": false,
            "availability_zone": "ap-south-1a",
            "availability_zone_id": "aps1-az1",
            "cidr_block": "10.0.8.0/24",
            "customer_owned_ipv4_pool": "",
            "enable_dns64": false,
            "enable_lni_at_device_index": 0,
            "enable_resource_name_dns_a_record_on_launch": false,
            "enable_resource_name_dns_aaaa_record_on_launch": false,
            "id": "subnet-0679c6b21d36ae168",
            "ipv6_cidr_block": "",
            "ipv6_cidr_block_association_id": "",
            "ipv6_native": false,
            "map_customer_owned_ip_on_launch": false,
            "map_public_ip_on_launch": false,
            "outpost_arn": "",
            "owner_id": "209479265154",
            "private_dns_hostname_type_on_launch": "ip-name",
            "tags": null,
            "tags_all": {},
            "timeouts": null,
            "vpc_id": "vpc-08f8afd54a92c8ce6"
          },
          "sensitive_attributes": [],
          "private": "eyJlMmJmYjczMC1lY2FhLTExZTYtOGY4OC0zNDM2M2JjN2M0YzAiOnsiY3JlYXRlIjo2MDAwMDAwMDAwMDAsImRlbGV0ZSI6MTIwMDAwMDAwMDAwMH0sInNjaGVtYV92ZXJzaW9uIjoiMSJ9",
          "dependencies": [
            "aws_vpc.my_vpc"
          ]
        }
      ]
    },
    {
      "mode": "managed",
      "type": "aws_subnet",
      "name": "my_public_subnet",
      "provider": "provider[\"registry.terraform.io/hashicorp/aws\"]",
      "instances": [
        {
          "index_key": "public-01",
          "schema_version": 1,
          "attributes": {
            "arn": "arn:aws:ec2:ap-south-1:209479265154:subnet/subnet-048494545672ac57a",
            "assign_ipv6_address_on_creation": false,
            "availability_zone": "ap-south-1b",
            "availability_zone_id": "aps1-az3",
            "cidr_block": "10.0.3.0/24",
            "customer_owned_ipv4_pool": "",
            "enable_dns64": false,
            "enable_lni_at_device_index": 0,
            "enable_resource_name_dns_a_record_on_launch": false,
            "enable_resource_name_dns_aaaa_record_on_launch": false,
            "id": "subnet-048494545672ac57a",
            "ipv6_cidr_block": "",
            "ipv6_cidr_block_association_id": "",
            "ipv6_native": false,
            "map_customer_owned_ip_on_launch": false,
            "map_public_ip_on_launch": true,
            "outpost_arn": "",
            "owner_id": "209479265154",
            "private_dns_hostname_type_on_launch": "ip-name",
            "tags": {
              "Name": "imazy-public-01",
              "terraform": "true"
            },
            "tags_all": {
              "Name": "imazy-public-01",
              "terraform": "true"
            },
            "timeouts": null,
            "vpc_id": "vpc-08f8afd54a92c8ce6"
          },
          "sensitive_attributes": [],
          "private": "eyJlMmJmYjczMC1lY2FhLTExZTYtOGY4OC0zNDM2M2JjN2M0YzAiOnsiY3JlYXRlIjo2MDAwMDAwMDAwMDAsImRlbGV0ZSI6MTIwMDAwMDAwMDAwMH0sInNjaGVtYV92ZXJzaW9uIjoiMSJ9",
          "dependencies": [
            "aws_vpc.my_vpc",
            "data.aws_availability_zones.my_available_zones"
          ]
        },
        {
          "index_key": "public-02",
          "schema_version": 1,
          "attributes": {
            "arn": "arn:aws:ec2:ap-south-1:209479265154:subnet/subnet-0c1290965adaeaf94",
            "assign_ipv6_address_on_creation": false,
            "availability_zone": "ap-south-1c",
            "availability_zone_id": "aps1-az2",
            "cidr_block": "10.0.4.0/24",
            "customer_owned_ipv4_pool": "",
            "enable_dns64": false,
            "enable_lni_at_device_index": 0,
            "enable_resource_name_dns_a_record_on_launch": false,
            "enable_resource_name_dns_aaaa_record_on_launch": false,
            "id": "subnet-0c1290965adaeaf94",
            "ipv6_cidr_block": "",
            "ipv6_cidr_block_association_id": "",
            "ipv6_native": false,
            "map_customer_owned_ip_on_launch": false,
            "map_public_ip_on_launch": true,
            "outpost_arn": "",
            "owner_id": "209479265154",
            "private_dns_hostname_type_on_launch": "ip-name",
            "tags": {
              "Name": "imazy-public-02",
              "terraform": "true"
            },
            "tags_all": {
              "Name": "imazy-public-02",
              "terraform": "true"
            },
            "timeouts": null,
            "vpc_id": "vpc-08f8afd54a92c8ce6"
          },
          "sensitive_attributes": [],
          "private": "eyJlMmJmYjczMC1lY2FhLTExZTYtOGY4OC0zNDM2M2JjN2M0YzAiOnsiY3JlYXRlIjo2MDAwMDAwMDAwMDAsImRlbGV0ZSI6MTIwMDAwMDAwMDAwMH0sInNjaGVtYV92ZXJzaW9uIjoiMSJ9",
          "dependencies": [
            "aws_vpc.my_vpc",
            "data.aws_availability_zones.my_available_zones"
          ]
        }
      ]
    },
    {
      "mode": "managed",
      "type": "aws_vpc",
      "name": "my_vpc",
      "provider": "provider[\"registry.terraform.io/hashicorp/aws\"]",
      "instances": [
        {
          "schema_version": 1,
          "attributes": {
            "arn": "arn:aws:ec2:ap-south-1:209479265154:vpc/vpc-08f8afd54a92c8ce6",
            "assign_generated_ipv6_cidr_block": false,
            "cidr_block": "10.0.0.0/16",
            "default_network_acl_id": "acl-02254a08d66019e05",
            "default_route_table_id": "rtb-0e8eb9466858410c0",
            "default_security_group_id": "sg-0daaef386d92bd875",
            "dhcp_options_id": "dopt-034dbb925f3864a42",
            "enable_dns_hostnames": false,
            "enable_dns_support": true,
            "enable_network_address_usage_metrics": false,
            "id": "vpc-08f8afd54a92c8ce6",
            "instance_tenancy": "default",
            "ipv4_ipam_pool_id": null,
            "ipv4_netmask_length": null,
            "ipv6_association_id": "",
            "ipv6_cidr_block": "",
            "ipv6_cidr_block_network_border_group": "",
            "ipv6_ipam_pool_id": "",
            "ipv6_netmask_length": 0,
            "main_route_table_id": "rtb-0e8eb9466858410c0",
            "owner_id": "209479265154",
            "tags": null,
            "tags_all": {}
          },
          "sensitive_attributes": [],
          "private": "eyJzY2hlbWFfdmVyc2lvbiI6IjEifQ=="
        }
      ]
    },
    {
      "mode": "managed",
      "type": "tls_private_key",
      "name": "my_pvt_key",
      "provider": "provider[\"registry.terraform.io/hashicorp/tls\"]",
      "instances": [
        {
          "schema_version": 1,
          "attributes": {
            "algorithm": "RSA",
            "ecdsa_curve": "P224",
            "id": "a0232beb63079ed1b92a5b554a425ae41a57fed8",
            "private_key_openssh": "-----BEGIN OPENSSH PRIVATE KEY-----\nb3BlbnNzaC1rZXktdjEAAAAABG5vbmUAAAAEbm9uZQAAAAAAAAABAAABFwAAAAdz\nc2gtcnNhAAAAAwEAAQAAAQEA1DnXQ4p8fl7GSBgQTsuteZZVjVrscUxd0TO1y0LK\nydwX8dO4Kxs7GtA2sMpJdRGwfSlOS/pAWS4T+jFskvZbRt0hqhIMMyQsqsuFWiE1\nurIRG+qt0RawWULA9rvw5/rw1vapp8MLjzlkgYa9/CeH+7UH1XQEMxnMMISRMDx1\nXR1IqkuONZcbX7jLYDjjCMyWPLT2NeeKKYDsw+r+Tt0Ehxq+togMDX3/cAf+Jjqc\nVyW7TAY3vFLolLoYS/4gxRbVm67BYJUOf7S+CkX4CiRUgSLHUTuofCajn8EhYkQV\n8D4I068EW1pdR4SAbMrboK6GpjUoEyb7k9VugbjEMkL4cwAAA7ilsoROpbKETgAA\nAAdzc2gtcnNhAAABAQDUOddDinx+XsZIGBBOy615llWNWuxxTF3RM7XLQsrJ3Bfx\n07grGzsa0Dawykl1EbB9KU5L+kBZLhP6MWyS9ltG3SGqEgwzJCyqy4VaITW6shEb\n6q3RFrBZQsD2u/Dn+vDW9qmnwwuPOWSBhr38J4f7tQfVdAQzGcwwhJEwPHVdHUiq\nS441lxtfuMtgOOMIzJY8tPY154opgOzD6v5O3QSHGr62iAwNff9wB/4mOpxXJbtM\nBje8UuiUuhhL/iDFFtWbrsFglQ5/tL4KRfgKJFSBIsdRO6h8JqOfwSFiRBXwPgjT\nrwRbWl1HhIBsytugroamNSgTJvuT1W6BuMQyQvhzAAAAAwEAAQAAAQEAkRFQoiyB\n2Ofz5cf9Lb9wP1KR/GQQh4nJ/3y3Yc+wSreV7onotB6TEksNd19vQwTqfUPE746K\neetTYIx0SSj5T8FMh7J6gGLT3ZPs/aUB0zJxG4IZenll5j4JJR9nF0ujYW2Onsxm\nlGqI1zlBmKF1BIvEZRY+4KdbujaEAFLzbsebpb5T4VrnYw/vcEQDAqGgYXFL6FdM\npAJN8OzD7larXb2HDzwBAyqD+Zouu4B7d20h4mw7rvPymWSRFAuJ4zfXjfmWJTFa\nyxAt3WGPzTAxv9To0CXYJFgcoT7sM1gw4Mj2COD/VG6p1NNPSQLA9YjPP7H9+iLE\n5ceZ399NaCdEkQAAAIBn4Zhe7f//FaDQvaC8MC+cUuN/k14B3GwESMrsBgKjMvWQ\ntfcrkxserxrCXUygZ973jEtQdGo4Zq0BJc6CoH+tQDaOOZyszblyMurSFPvLqNu+\nmWJN01vb0bBsm4RtT6kuAaims6dEPOmJVyYxULJXu/dxX9DxVR/YBzntcezA5gAA\nAIEA1ItTTUEicXPhzvQobs9AqeUGCqigp1AiQmRfpq5Yt4wOpofC3RKB8fCig6Zr\nQmVWVcmaQUj+PqGll/cWJxsrFRi3AnR2nYc6u+8DCY1uISupOPowl6qrM2wMClw9\n1fMSTRE/F5IdmumYuzOAAHOzdTZLDydbYhu6o/gGv96mjXUAAACBAP+d2wUxrUSL\npSQUc7ssQDvqxwQvAMBtvJn3KJE5KQHDdmc4zIUDCInG3I5jPeNMv3fj1MRK/PiY\nyJ71RodG9UGvIneOANcNgxDxpsTwKxeBASKx46Unv1glvlyxlYj7HVER6L2WVQ5T\n1YGEHk5GvkLL5mhaOvJ22yUDdD8wgilHAAAAAAEC\n-----END OPENSSH PRIVATE KEY-----\n",
            "private_key_pem": "-----BEGIN RSA PRIVATE KEY-----\nMIIEpQIBAAKCAQEA1DnXQ4p8fl7GSBgQTsuteZZVjVrscUxd0TO1y0LKydwX8dO4\nKxs7GtA2sMpJdRGwfSlOS/pAWS4T+jFskvZbRt0hqhIMMyQsqsuFWiE1urIRG+qt\n0RawWULA9rvw5/rw1vapp8MLjzlkgYa9/CeH+7UH1XQEMxnMMISRMDx1XR1IqkuO\nNZcbX7jLYDjjCMyWPLT2NeeKKYDsw+r+Tt0Ehxq+togMDX3/cAf+JjqcVyW7TAY3\nvFLolLoYS/4gxRbVm67BYJUOf7S+CkX4CiRUgSLHUTuofCajn8EhYkQV8D4I068E\nW1pdR4SAbMrboK6GpjUoEyb7k9VugbjEMkL4cwIDAQABAoIBAQCREVCiLIHY5/Pl\nx/0tv3A/UpH8ZBCHicn/fLdhz7BKt5Xuiei0HpMSSw13X29DBOp9Q8Tvjop561Ng\njHRJKPlPwUyHsnqAYtPdk+z9pQHTMnEbghl6eWXmPgklH2cXS6NhbY6ezGaUaojX\nOUGYoXUEi8RlFj7gp1u6NoQAUvNux5ulvlPhWudjD+9wRAMCoaBhcUvoV0ykAk3w\n7MPuVqtdvYcPPAEDKoP5mi67gHt3bSHibDuu8/KZZJEUC4njN9eN+ZYlMVrLEC3d\nYY/NMDG/1OjQJdgkWByhPuwzWDDgyPYI4P9UbqnU009JAsD1iM8/sf36IsTlx5nf\n301oJ0SRAoGBANSLU01BInFz4c70KG7PQKnlBgqooKdQIkJkX6auWLeMDqaHwt0S\ngfHwooOma0JlVlXJmkFI/j6hpZf3FicbKxUYtwJ0dp2HOrvvAwmNbiErqTj6MJeq\nqzNsDApcPdXzEk0RPxeSHZrpmLszgABzs3U2Sw8nW2IbuqP4Br/epo11AoGBAP+d\n2wUxrUSLpSQUc7ssQDvqxwQvAMBtvJn3KJE5KQHDdmc4zIUDCInG3I5jPeNMv3fj\n1MRK/PiYyJ71RodG9UGvIneOANcNgxDxpsTwKxeBASKx46Unv1glvlyxlYj7HVER\n6L2WVQ5T1YGEHk5GvkLL5mhaOvJ22yUDdD8wgilHAoGBANEbRdhitZ1C8izm34St\nWKQNk5UW8//IAfypvcVCEDx8icljFd7kH35FTc4SA8Kt6nO6RY3nX2OFK2LIED5n\nJ0q5Jww+QpiW+7z72FQkle4Cg5lv5DDDE24i5fGncJq2axHxXs40zfWjzsSWVV+c\ndTljMhN1mB18xHIfSZypU9klAoGBAIPU3ginvj0D6H/bLHT0NYyxYUL/GtwjvImL\ntxhu6n9GV+KUoKZZEiY8sbOd62U3R+iFUE6MfjuYUJ/q0B0ks4jU0mnmivhet6Id\nf21CkHbmybcjF80t2rmTfcJAtGaZXF1bZzWgOu3QvuS1RwwH4EiC8KoRHyW9tvg3\n99Q/KGIxAoGAZ+GYXu3//xWg0L2gvDAvnFLjf5NeAdxsBEjK7AYCozL1kLX3K5Mb\nHq8awl1MoGfe94xLUHRqOGatASXOgqB/rUA2jjmcrM25cjLq0hT7y6jbvpliTdNb\n29GwbJuEbU+pLgGoprOnRDzpiVcmMVCyV7v3cV/Q8VUf2Ac57XHswOY=\n-----END RSA PRIVATE KEY-----\n",
            "private_key_pem_pkcs8": "-----BEGIN PRIVATE KEY-----\nMIIEvwIBADANBgkqhkiG9w0BAQEFAASCBKkwggSlAgEAAoIBAQDUOddDinx+XsZI\nGBBOy615llWNWuxxTF3RM7XLQsrJ3Bfx07grGzsa0Dawykl1EbB9KU5L+kBZLhP6\nMWyS9ltG3SGqEgwzJCyqy4VaITW6shEb6q3RFrBZQsD2u/Dn+vDW9qmnwwuPOWSB\nhr38J4f7tQfVdAQzGcwwhJEwPHVdHUiqS441lxtfuMtgOOMIzJY8tPY154opgOzD\n6v5O3QSHGr62iAwNff9wB/4mOpxXJbtMBje8UuiUuhhL/iDFFtWbrsFglQ5/tL4K\nRfgKJFSBIsdRO6h8JqOfwSFiRBXwPgjTrwRbWl1HhIBsytugroamNSgTJvuT1W6B\nuMQyQvhzAgMBAAECggEBAJERUKIsgdjn8+XH/S2/cD9SkfxkEIeJyf98t2HPsEq3\nle6J6LQekxJLDXdfb0ME6n1DxO+OinnrU2CMdEko+U/BTIeyeoBi092T7P2lAdMy\ncRuCGXp5ZeY+CSUfZxdLo2Ftjp7MZpRqiNc5QZihdQSLxGUWPuCnW7o2hABS827H\nm6W+U+Fa52MP73BEAwKhoGFxS+hXTKQCTfDsw+5Wq129hw88AQMqg/maLruAe3dt\nIeJsO67z8plkkRQLieM31435liUxWssQLd1hj80wMb/U6NAl2CRYHKE+7DNYMODI\n9gjg/1RuqdTTT0kCwPWIzz+x/foixOXHmd/fTWgnRJECgYEA1ItTTUEicXPhzvQo\nbs9AqeUGCqigp1AiQmRfpq5Yt4wOpofC3RKB8fCig6ZrQmVWVcmaQUj+PqGll/cW\nJxsrFRi3AnR2nYc6u+8DCY1uISupOPowl6qrM2wMClw91fMSTRE/F5IdmumYuzOA\nAHOzdTZLDydbYhu6o/gGv96mjXUCgYEA/53bBTGtRIulJBRzuyxAO+rHBC8AwG28\nmfcokTkpAcN2ZzjMhQMIicbcjmM940y/d+PUxEr8+JjInvVGh0b1Qa8id44A1w2D\nEPGmxPArF4EBIrHjpSe/WCW+XLGViPsdURHovZZVDlPVgYQeTka+QsvmaFo68nbb\nJQN0PzCCKUcCgYEA0RtF2GK1nULyLObfhK1YpA2TlRbz/8gB/Km9xUIQPHyJyWMV\n3uQffkVNzhIDwq3qc7pFjedfY4UrYsgQPmcnSrknDD5CmJb7vPvYVCSV7gKDmW/k\nMMMTbiLl8adwmrZrEfFezjTN9aPOxJZVX5x1OWMyE3WYHXzEch9JnKlT2SUCgYEA\ng9TeCKe+PQPof9ssdPQ1jLFhQv8a3CO8iYu3GG7qf0ZX4pSgplkSJjyxs53rZTdH\n6IVQTox+O5hQn+rQHSSziNTSaeaK+F63oh1/bUKQdubJtyMXzS3auZN9wkC0Zplc\nXVtnNaA67dC+5LVHDAfgSILwqhEfJb22+Df31D8oYjECgYBn4Zhe7f//FaDQvaC8\nMC+cUuN/k14B3GwESMrsBgKjMvWQtfcrkxserxrCXUygZ973jEtQdGo4Zq0BJc6C\noH+tQDaOOZyszblyMurSFPvLqNu+mWJN01vb0bBsm4RtT6kuAaims6dEPOmJVyYx\nULJXu/dxX9DxVR/YBzntcezA5g==\n-----END PRIVATE KEY-----\n",
            "public_key_fingerprint_md5": "39:9f:a7:24:d4:6f:fb:af:0a:04:53:fc:3e:a4:b4:09",
            "public_key_fingerprint_sha256": "SHA256:2sJ7gnPtSvh7phJN5Y1s7ag0s3mxJzvUVuzCF7A+Eac",
            "public_key_openssh": "ssh-rsa AAAAB3NzaC1yc2EAAAADAQABAAABAQDUOddDinx+XsZIGBBOy615llWNWuxxTF3RM7XLQsrJ3Bfx07grGzsa0Dawykl1EbB9KU5L+kBZLhP6MWyS9ltG3SGqEgwzJCyqy4VaITW6shEb6q3RFrBZQsD2u/Dn+vDW9qmnwwuPOWSBhr38J4f7tQfVdAQzGcwwhJEwPHVdHUiqS441lxtfuMtgOOMIzJY8tPY154opgOzD6v5O3QSHGr62iAwNff9wB/4mOpxXJbtMBje8UuiUuhhL/iDFFtWbrsFglQ5/tL4KRfgKJFSBIsdRO6h8JqOfwSFiRBXwPgjTrwRbWl1HhIBsytugroamNSgTJvuT1W6BuMQyQvhz\n",
            "public_key_pem": "-----BEGIN PUBLIC KEY-----\nMIIBIjANBgkqhkiG9w0BAQEFAAOCAQ8AMIIBCgKCAQEA1DnXQ4p8fl7GSBgQTsut\neZZVjVrscUxd0TO1y0LKydwX8dO4Kxs7GtA2sMpJdRGwfSlOS/pAWS4T+jFskvZb\nRt0hqhIMMyQsqsuFWiE1urIRG+qt0RawWULA9rvw5/rw1vapp8MLjzlkgYa9/CeH\n+7UH1XQEMxnMMISRMDx1XR1IqkuONZcbX7jLYDjjCMyWPLT2NeeKKYDsw+r+Tt0E\nhxq+togMDX3/cAf+JjqcVyW7TAY3vFLolLoYS/4gxRbVm67BYJUOf7S+CkX4CiRU\ngSLHUTuofCajn8EhYkQV8D4I068EW1pdR4SAbMrboK6GpjUoEyb7k9VugbjEMkL4\ncwIDAQAB\n-----END PUBLIC KEY-----\n",
            "rsa_bits": 2048
          },
          "sensitive_attributes": [
            [
              {
                "type": "get_attr",
                "value": "private_key_pem_pkcs8"
              }
            ],
            [
              {
                "type": "get_attr",
                "value": "private_key_openssh"
              }
            ],
            [
              {
                "type": "get_attr",
                "value": "private_key_pem"
              }
            ]
          ]
        }
      ]
    }
  ],
  "check_results": null
}
