{
  "version": 4,
  "terraform_version": "1.11.3",
  "serial": 135,
  "lineage": "2c5551f8-23c9-a925-8870-bf22be30167f",
  "outputs": {},
  "resources": [
    {
      "mode": "data",
      "type": "aws_ami",
      "name": "my_ami",
      "provider": "provider[\"registry.terraform.io/hashicorp/aws\"]",
      "instances": [
        {
          "schema_version": 0,
          "attributes": {
            "architecture": "x86_64",
            "arn": "arn:aws:ec2:ap-south-1::image/ami-0b52033d797da0c87",
            "block_device_mappings": [
              {
                "device_name": "/dev/xvda",
                "ebs": {
                  "delete_on_termination": "true",
                  "encrypted": "false",
                  "iops": "0",
                  "snapshot_id": "snap-049c90bef9e5c96c4",
                  "throughput": "0",
                  "volume_size": "8",
                  "volume_type": "gp2"
                },
                "no_device": "",
                "virtual_name": ""
              }
            ],
            "boot_mode": "",
            "creation_date": "2025-03-21T23:34:19.000Z",
            "deprecation_time": "2025-07-01T00:00:00.000Z",
            "description": "Amazon Linux 2 AMI 2.0.20250321.0 x86_64 HVM gp2",
            "ena_support": true,
            "executable_users": null,
            "filter": [
              {
                "name": "architecture",
                "values": [
                  "x86_64"
                ]
              },
              {
                "name": "root-device-type",
                "values": [
                  "ebs"
                ]
              }
            ],
            "hypervisor": "xen",
            "id": "ami-0b52033d797da0c87",
            "image_id": "ami-0b52033d797da0c87",
            "image_location": "amazon/amzn2-ami-hvm-2.0.20250321.0-x86_64-gp2",
            "image_owner_alias": "amazon",
            "image_type": "machine",
            "imds_support": "",
            "include_deprecated": false,
            "kernel_id": "",
            "most_recent": true,
            "name": "amzn2-ami-hvm-2.0.20250321.0-x86_64-gp2",
            "name_regex": "amzn2-ami-hvm",
            "owner_id": "137112412989",
            "owners": [
              "amazon"
            ],
            "platform": "",
            "platform_details": "Linux/UNIX",
            "product_codes": [],
            "public": true,
            "ramdisk_id": "",
            "root_device_name": "/dev/xvda",
            "root_device_type": "ebs",
            "root_snapshot_id": "snap-049c90bef9e5c96c4",
            "sriov_net_support": "simple",
            "state": "available",
            "state_reason": {
              "code": "UNSET",
              "message": "UNSET"
            },
            "tags": {},
            "timeouts": null,
            "tpm_support": "",
            "uefi_data": null,
            "usage_operation": "RunInstances",
            "virtualization_type": "hvm"
          },
          "sensitive_attributes": []
        }
      ]
    },
    {
      "mode": "data",
      "type": "aws_ami",
      "name": "ubuntu",
      "provider": "provider[\"registry.terraform.io/hashicorp/aws\"]",
      "instances": [
        {
          "schema_version": 0,
          "attributes": {
            "architecture": "x86_64",
            "arn": "arn:aws:ec2:ap-south-1::image/ami-0ab53a19308889b24",
            "block_device_mappings": [
              {
                "device_name": "/dev/sda1",
                "ebs": {
                  "delete_on_termination": "true",
                  "encrypted": "false",
                  "iops": "0",
                  "snapshot_id": "snap-0915594590724348f",
                  "throughput": "0",
                  "volume_size": "8",
                  "volume_type": "gp2"
                },
                "no_device": "",
                "virtual_name": ""
              },
              {
                "device_name": "/dev/sdb",
                "ebs": {},
                "no_device": "",
                "virtual_name": "ephemeral0"
              },
              {
                "device_name": "/dev/sdc",
                "ebs": {},
                "no_device": "",
                "virtual_name": "ephemeral1"
              }
            ],
            "boot_mode": "legacy-bios",
            "creation_date": "2025-03-12T22:22:02.000Z",
            "deprecation_time": "2027-03-12T22:22:02.000Z",
            "description": "Canonical, Ubuntu, 20.04, amd64 focal image",
            "ena_support": true,
            "executable_users": null,
            "filter": [
              {
                "name": "name",
                "values": [
                  "ubuntu/images/hvm-ssd/ubuntu-focal-20.04-amd64-server-*"
                ]
              },
              {
                "name": "virtualization-type",
                "values": [
                  "hvm"
                ]
              }
            ],
            "hypervisor": "xen",
            "id": "ami-0ab53a19308889b24",
            "image_id": "ami-0ab53a19308889b24",
            "image_location": "amazon/ubuntu/images/hvm-ssd/ubuntu-focal-20.04-amd64-server-20250312",
            "image_owner_alias": "amazon",
            "image_type": "machine",
            "imds_support": "",
            "include_deprecated": false,
            "kernel_id": "",
            "most_recent": true,
            "name": "ubuntu/images/hvm-ssd/ubuntu-focal-20.04-amd64-server-20250312",
            "name_regex": null,
            "owner_id": "099720109477",
            "owners": [
              "099720109477"
            ],
            "platform": "",
            "platform_details": "Linux/UNIX",
            "product_codes": [],
            "public": true,
            "ramdisk_id": "",
            "root_device_name": "/dev/sda1",
            "root_device_type": "ebs",
            "root_snapshot_id": "snap-0915594590724348f",
            "sriov_net_support": "simple",
            "state": "available",
            "state_reason": {
              "code": "UNSET",
              "message": "UNSET"
            },
            "tags": {},
            "timeouts": null,
            "tpm_support": "",
            "uefi_data": null,
            "usage_operation": "RunInstances",
            "virtualization_type": "hvm"
          },
          "sensitive_attributes": []
        }
      ]
    },
    {
      "mode": "data",
      "type": "aws_availability_zones",
      "name": "my_available_zones",
      "provider": "provider[\"registry.terraform.io/hashicorp/aws\"]",
      "instances": [
        {
          "schema_version": 0,
          "attributes": {
            "all_availability_zones": null,
            "exclude_names": null,
            "exclude_zone_ids": null,
            "filter": null,
            "group_names": [
              "ap-south-1-zg-1"
            ],
            "id": "ap-south-1",
            "names": [
              "ap-south-1a",
              "ap-south-1b",
              "ap-south-1c"
            ],
            "state": null,
            "timeouts": null,
            "zone_ids": [
              "aps1-az1",
              "aps1-az3",
              "aps1-az2"
            ]
          },
          "sensitive_attributes": []
        }
      ]
    },
    {
      "mode": "data",
      "type": "aws_region",
      "name": "my_available_region",
      "provider": "provider[\"registry.terraform.io/hashicorp/aws\"]",
      "instances": [
        {
          "schema_version": 0,
          "attributes": {
            "description": "Asia Pacific (Mumbai)",
            "endpoint": "ec2.ap-south-1.amazonaws.com",
            "id": "ap-south-1",
            "name": "ap-south-1"
          },
          "sensitive_attributes": []
        }
      ]
    },
    {
      "mode": "managed",
      "type": "aws_eip",
      "name": "nat_gateway_eip",
      "provider": "provider[\"registry.terraform.io/hashicorp/aws\"]",
      "instances": [
        {
          "schema_version": 0,
          "attributes": {
            "address": null,
            "allocation_id": "eipalloc-0507beb630976aa50",
            "arn": "arn:aws:ec2:ap-south-1:209479265154:elastic-ip/eipalloc-0507beb630976aa50",
            "associate_with_private_ip": null,
            "association_id": "",
            "carrier_ip": "",
            "customer_owned_ip": "",
            "customer_owned_ipv4_pool": "",
            "domain": "vpc",
            "id": "eipalloc-0507beb630976aa50",
            "instance": "",
            "ipam_pool_id": null,
            "network_border_group": "ap-south-1",
            "network_interface": "",
            "private_dns": null,
            "private_ip": "",
            "ptr_record": "",
            "public_dns": "ec2-13-127-152-146.ap-south-1.compute.amazonaws.com",
            "public_ip": "13.127.152.146",
            "public_ipv4_pool": "amazon",
            "tags": {
              "Name": "demo_igw_eip"
            },
            "tags_all": {
              "Name": "demo_igw_eip"
            },
            "timeouts": null,
            "vpc": true
          },
          "sensitive_attributes": [],
          "private": "eyJlMmJmYjczMC1lY2FhLTExZTYtOGY4OC0zNDM2M2JjN2M0YzAiOnsiZGVsZXRlIjoxODAwMDAwMDAwMDAsInJlYWQiOjkwMDAwMDAwMDAwMCwidXBkYXRlIjozMDAwMDAwMDAwMDB9fQ==",
          "dependencies": [
            "aws_internet_gateway.internet_gateway",
            "aws_vpc.vpc"
          ]
        }
      ]
    },
    {
      "mode": "managed",
      "type": "aws_instance",
      "name": "web_server",
      "provider": "provider[\"registry.terraform.io/hashicorp/aws\"]",
      "instances": [
        {
          "schema_version": 1,
          "attributes": {
            "ami": "ami-0ab53a19308889b24",
            "arn": "arn:aws:ec2:ap-south-1:209479265154:instance/i-0faec7a07ac465685",
            "associate_public_ip_address": true,
            "availability_zone": "ap-south-1b",
            "capacity_reservation_specification": [
              {
                "capacity_reservation_preference": "open",
                "capacity_reservation_target": []
              }
            ],
            "cpu_core_count": 1,
            "cpu_options": [
              {
                "amd_sev_snp": "",
                "core_count": 1,
                "threads_per_core": 2
              }
            ],
            "cpu_threads_per_core": 2,
            "credit_specification": [
              {
                "cpu_credits": "unlimited"
              }
            ],
            "disable_api_stop": false,
            "disable_api_termination": false,
            "ebs_block_device": [],
            "ebs_optimized": false,
            "enable_primary_ipv6": null,
            "enclave_options": [
              {
                "enabled": false
              }
            ],
            "ephemeral_block_device": [],
            "get_password_data": false,
            "hibernation": false,
            "host_id": "",
            "host_resource_group_arn": null,
            "iam_instance_profile": "",
            "id": "i-0faec7a07ac465685",
            "instance_initiated_shutdown_behavior": "stop",
            "instance_lifecycle": "",
            "instance_market_options": [],
            "instance_state": "running",
            "instance_type": "t3.micro",
            "ipv6_address_count": 0,
            "ipv6_addresses": [],
            "key_name": "MyAWSKey",
            "launch_template": [],
            "maintenance_options": [
              {
                "auto_recovery": "default"
              }
            ],
            "metadata_options": [
              {
                "http_endpoint": "enabled",
                "http_protocol_ipv6": "disabled",
                "http_put_response_hop_limit": 1,
                "http_tokens": "optional",
                "instance_metadata_tags": "disabled"
              }
            ],
            "monitoring": false,
            "network_interface": [],
            "outpost_arn": "",
            "password_data": "",
            "placement_group": "",
            "placement_partition_number": 0,
            "primary_network_interface_id": "eni-07fc026d366cb97b8",
            "private_dns": "ip-10-0-101-111.ap-south-1.compute.internal",
            "private_dns_name_options": [
              {
                "enable_resource_name_dns_a_record": false,
                "enable_resource_name_dns_aaaa_record": false,
                "hostname_type": "ip-name"
              }
            ],
            "private_ip": "10.0.101.111",
            "public_dns": "ec2-13-232-36-143.ap-south-1.compute.amazonaws.com",
            "public_ip": "13.232.36.143",
            "root_block_device": [
              {
                "delete_on_termination": true,
                "device_name": "/dev/sda1",
                "encrypted": false,
                "iops": 100,
                "kms_key_id": "",
                "tags": {},
                "tags_all": {},
                "throughput": 0,
                "volume_id": "vol-0f23ef73948d24e39",
                "volume_size": 8,
                "volume_type": "gp2"
              }
            ],
            "secondary_private_ips": [],
            "security_groups": [
              "sg-0e05306e6fc298ae7",
              "sg-0ef4dbae4a1f1a84a"
            ],
            "source_dest_check": true,
            "spot_instance_request_id": "",
            "subnet_id": "subnet-06b46de6ef83ab956",
            "tags": null,
            "tags_all": {},
            "tenancy": "default",
            "timeouts": null,
            "user_data": null,
            "user_data_base64": null,
            "user_data_replace_on_change": false,
            "volume_tags": null,
            "vpc_security_group_ids": [
              "sg-0e05306e6fc298ae7",
              "sg-0ef4dbae4a1f1a84a"
            ]
          },
          "sensitive_attributes": [],
          "private": "eyJlMmJmYjczMC1lY2FhLTExZTYtOGY4OC0zNDM2M2JjN2M0YzAiOnsiY3JlYXRlIjo2MDAwMDAwMDAwMDAsImRlbGV0ZSI6MTIwMDAwMDAwMDAwMCwicmVhZCI6OTAwMDAwMDAwMDAwLCJ1cGRhdGUiOjYwMDAwMDAwMDAwMH0sInNjaGVtYV92ZXJzaW9uIjoiMSJ9",
          "dependencies": [
            "aws_key_pair.generated",
            "aws_security_group.ingress-ssh",
            "aws_security_group.vpc-web",
            "aws_subnet.public_subnets",
            "aws_vpc.vpc",
            "data.aws_ami.ubuntu",
            "data.aws_availability_zones.my_available_zones",
            "tls_private_key.generated"
          ]
        }
      ]
    },
    {
      "mode": "managed",
      "type": "aws_internet_gateway",
      "name": "internet_gateway",
      "provider": "provider[\"registry.terraform.io/hashicorp/aws\"]",
      "instances": [
        {
          "schema_version": 0,
          "attributes": {
            "arn": "arn:aws:ec2:ap-south-1:209479265154:internet-gateway/igw-081674c654184fee4",
            "id": "igw-081674c654184fee4",
            "owner_id": "209479265154",
            "tags": {
              "Name": "demo_igw"
            },
            "tags_all": {
              "Name": "demo_igw"
            },
            "timeouts": null,
            "vpc_id": "vpc-03adfe960018b5827"
          },
          "sensitive_attributes": [],
          "private": "eyJlMmJmYjczMC1lY2FhLTExZTYtOGY4OC0zNDM2M2JjN2M0YzAiOnsiY3JlYXRlIjoxMjAwMDAwMDAwMDAwLCJkZWxldGUiOjEyMDAwMDAwMDAwMDAsInVwZGF0ZSI6MTIwMDAwMDAwMDAwMH19",
          "dependencies": [
            "aws_vpc.vpc"
          ]
        }
      ]
    },
    {
      "mode": "managed",
      "type": "aws_key_pair",
      "name": "generated",
      "provider": "provider[\"registry.terraform.io/hashicorp/aws\"]",
      "instances": [
        {
          "schema_version": 1,
          "attributes": {
            "arn": "arn:aws:ec2:ap-south-1:209479265154:key-pair/MyAWSKey",
            "fingerprint": "43:38:05:08:f2:ff:cc:f5:35:91:f1:c7:cf:09:41:5e",
            "id": "MyAWSKey",
            "key_name": "MyAWSKey",
            "key_name_prefix": "",
            "key_pair_id": "key-09f940b1985b1ba0b",
            "key_type": "rsa",
            "public_key": "ssh-rsa AAAAB3NzaC1yc2EAAAADAQABAAABAQDZI0SY+K9ofYu4npCruTzWul70KcY0CYojjIEht0C4NE1feP4w3blUp11te7ROb/w5zinx14RMN+Wmqo083j9fBsB79fyECKrMMn/0BEhzcuuiYeu+b0ZiUrIhD4uDJhD0GnZ/jih2IcvrUdOXYefXN3paPGqJmUh5++eZAY5kirk0ZhAsC71BUPz/CXPcvw/AZbaR2SlzRdma5pumVy0ZcHZQLAbceJCIFsMFXtOcAO44bRY3/6t0q2BVYT7Jwn3cjP9E+EktexS0A7o8ysEX3LfD/cBjDrpysm/r8bdCnWDfoh0XT0CmKK6kp6fRD16zWkkJjyqGOx8pS2gJceHF",
            "tags": null,
            "tags_all": {}
          },
          "sensitive_attributes": [],
          "private": "eyJzY2hlbWFfdmVyc2lvbiI6IjEifQ==",
          "dependencies": [
            "tls_private_key.generated"
          ]
        }
      ]
    },
    {
      "mode": "managed",
      "type": "aws_nat_gateway",
      "name": "nat_gateway",
      "provider": "provider[\"registry.terraform.io/hashicorp/aws\"]",
      "instances": [
        {
          "schema_version": 0,
          "attributes": {
            "allocation_id": "eipalloc-0507beb630976aa50",
            "association_id": "eipassoc-0b6e52fe0d017d545",
            "connectivity_type": "public",
            "id": "nat-0ae0eca4d5dc90282",
            "network_interface_id": "eni-07e01d18eee2204f2",
            "private_ip": "10.0.101.55",
            "public_ip": "13.127.152.146",
            "secondary_allocation_ids": null,
            "secondary_private_ip_address_count": 0,
            "secondary_private_ip_addresses": [],
            "subnet_id": "subnet-06b46de6ef83ab956",
            "tags": {
              "Name": "demo_nat_gateway"
            },
            "tags_all": {
              "Name": "demo_nat_gateway"
            },
            "timeouts": null
          },
          "sensitive_attributes": [],
          "private": "eyJlMmJmYjczMC1lY2FhLTExZTYtOGY4OC0zNDM2M2JjN2M0YzAiOnsiY3JlYXRlIjo2MDAwMDAwMDAwMDAsImRlbGV0ZSI6MTgwMDAwMDAwMDAwMCwidXBkYXRlIjo2MDAwMDAwMDAwMDB9fQ==",
          "dependencies": [
            "aws_eip.nat_gateway_eip",
            "aws_internet_gateway.internet_gateway",
            "aws_subnet.public_subnets",
            "aws_vpc.vpc",
            "data.aws_availability_zones.my_available_zones"
          ]
        }
      ]
    },
    {
      "mode": "managed",
      "type": "aws_route_table",
      "name": "private_route_table",
      "provider": "provider[\"registry.terraform.io/hashicorp/aws\"]",
      "instances": [
        {
          "schema_version": 0,
          "attributes": {
            "arn": "arn:aws:ec2:ap-south-1:209479265154:route-table/rtb-0af0e5e7aa930bdde",
            "id": "rtb-0af0e5e7aa930bdde",
            "owner_id": "209479265154",
            "propagating_vgws": [],
            "route": [
              {
                "carrier_gateway_id": "",
                "cidr_block": "0.0.0.0/0",
                "core_network_arn": "",
                "destination_prefix_list_id": "",
                "egress_only_gateway_id": "",
                "gateway_id": "",
                "ipv6_cidr_block": "",
                "local_gateway_id": "",
                "nat_gateway_id": "nat-0ae0eca4d5dc90282",
                "network_interface_id": "",
                "transit_gateway_id": "",
                "vpc_endpoint_id": "",
                "vpc_peering_connection_id": ""
              }
            ],
            "tags": {
              "Name": "demo_private_rtb",
              "Terraform": "true"
            },
            "tags_all": {
              "Name": "demo_private_rtb",
              "Terraform": "true"
            },
            "timeouts": null,
            "vpc_id": "vpc-03adfe960018b5827"
          },
          "sensitive_attributes": [],
          "private": "eyJlMmJmYjczMC1lY2FhLTExZTYtOGY4OC0zNDM2M2JjN2M0YzAiOnsiY3JlYXRlIjozMDAwMDAwMDAwMDAsImRlbGV0ZSI6MzAwMDAwMDAwMDAwLCJ1cGRhdGUiOjEyMDAwMDAwMDAwMH19",
          "dependencies": [
            "aws_eip.nat_gateway_eip",
            "aws_internet_gateway.internet_gateway",
            "aws_nat_gateway.nat_gateway",
            "aws_subnet.public_subnets",
            "aws_vpc.vpc",
            "data.aws_availability_zones.my_available_zones"
          ]
        }
      ]
    },
    {
      "mode": "managed",
      "type": "aws_route_table",
      "name": "public_route_table",
      "provider": "provider[\"registry.terraform.io/hashicorp/aws\"]",
      "instances": [
        {
          "schema_version": 0,
          "attributes": {
            "arn": "arn:aws:ec2:ap-south-1:209479265154:route-table/rtb-0a77c9218c81f949a",
            "id": "rtb-0a77c9218c81f949a",
            "owner_id": "209479265154",
            "propagating_vgws": [],
            "route": [
              {
                "carrier_gateway_id": "",
                "cidr_block": "0.0.0.0/0",
                "core_network_arn": "",
                "destination_prefix_list_id": "",
                "egress_only_gateway_id": "",
                "gateway_id": "igw-081674c654184fee4",
                "ipv6_cidr_block": "",
                "local_gateway_id": "",
                "nat_gateway_id": "",
                "network_interface_id": "",
                "transit_gateway_id": "",
                "vpc_endpoint_id": "",
                "vpc_peering_connection_id": ""
              }
            ],
            "tags": {
              "Name": "demo_public_rtb",
              "Terraform": "true"
            },
            "tags_all": {
              "Name": "demo_public_rtb",
              "Terraform": "true"
            },
            "timeouts": null,
            "vpc_id": "vpc-03adfe960018b5827"
          },
          "sensitive_attributes": [],
          "private": "eyJlMmJmYjczMC1lY2FhLTExZTYtOGY4OC0zNDM2M2JjN2M0YzAiOnsiY3JlYXRlIjozMDAwMDAwMDAwMDAsImRlbGV0ZSI6MzAwMDAwMDAwMDAwLCJ1cGRhdGUiOjEyMDAwMDAwMDAwMH19",
          "dependencies": [
            "aws_internet_gateway.internet_gateway",
            "aws_vpc.vpc"
          ]
        }
      ]
    },
    {
      "mode": "managed",
      "type": "aws_route_table_association",
      "name": "private",
      "provider": "provider[\"registry.terraform.io/hashicorp/aws\"]",
      "instances": [
        {
          "index_key": "pvt-01",
          "schema_version": 0,
          "attributes": {
            "gateway_id": "",
            "id": "rtbassoc-04f9e0521adf5c7e6",
            "route_table_id": "rtb-0af0e5e7aa930bdde",
            "subnet_id": "subnet-0787586633eb301e5",
            "timeouts": null
          },
          "sensitive_attributes": [],
          "private": "eyJlMmJmYjczMC1lY2FhLTExZTYtOGY4OC0zNDM2M2JjN2M0YzAiOnsiY3JlYXRlIjozMDAwMDAwMDAwMDAsImRlbGV0ZSI6MzAwMDAwMDAwMDAwLCJ1cGRhdGUiOjEyMDAwMDAwMDAwMH19",
          "dependencies": [
            "aws_eip.nat_gateway_eip",
            "aws_internet_gateway.internet_gateway",
            "aws_nat_gateway.nat_gateway",
            "aws_route_table.private_route_table",
            "aws_subnet.private_subnets",
            "aws_subnet.public_subnets",
            "aws_vpc.vpc",
            "data.aws_availability_zones.my_available_zones"
          ]
        }
      ]
    },
    {
      "mode": "managed",
      "type": "aws_route_table_association",
      "name": "public",
      "provider": "provider[\"registry.terraform.io/hashicorp/aws\"]",
      "instances": [
        {
          "index_key": "public_subnet_1",
          "schema_version": 0,
          "attributes": {
            "gateway_id": "",
            "id": "rtbassoc-021c47723d6727824",
            "route_table_id": "rtb-0a77c9218c81f949a",
            "subnet_id": "subnet-06b46de6ef83ab956",
            "timeouts": null
          },
          "sensitive_attributes": [],
          "private": "eyJlMmJmYjczMC1lY2FhLTExZTYtOGY4OC0zNDM2M2JjN2M0YzAiOnsiY3JlYXRlIjozMDAwMDAwMDAwMDAsImRlbGV0ZSI6MzAwMDAwMDAwMDAwLCJ1cGRhdGUiOjEyMDAwMDAwMDAwMH19",
          "dependencies": [
            "aws_internet_gateway.internet_gateway",
            "aws_route_table.public_route_table",
            "aws_subnet.public_subnets",
            "aws_vpc.vpc",
            "data.aws_availability_zones.my_available_zones"
          ]
        },
        {
          "index_key": "public_subnet_2",
          "schema_version": 0,
          "attributes": {
            "gateway_id": "",
            "id": "rtbassoc-08053ed9f128f8511",
            "route_table_id": "rtb-0a77c9218c81f949a",
            "subnet_id": "subnet-0d340594dad00c30d",
            "timeouts": null
          },
          "sensitive_attributes": [],
          "private": "eyJlMmJmYjczMC1lY2FhLTExZTYtOGY4OC0zNDM2M2JjN2M0YzAiOnsiY3JlYXRlIjozMDAwMDAwMDAwMDAsImRlbGV0ZSI6MzAwMDAwMDAwMDAwLCJ1cGRhdGUiOjEyMDAwMDAwMDAwMH19",
          "dependencies": [
            "aws_internet_gateway.internet_gateway",
            "aws_route_table.public_route_table",
            "aws_subnet.public_subnets",
            "aws_vpc.vpc",
            "data.aws_availability_zones.my_available_zones"
          ]
        }
      ]
    },
    {
      "mode": "managed",
      "type": "aws_security_group",
      "name": "ingress-ssh",
      "provider": "provider[\"registry.terraform.io/hashicorp/aws\"]",
      "instances": [
        {
          "schema_version": 1,
          "attributes": {
            "arn": "arn:aws:ec2:ap-south-1:209479265154:security-group/sg-0e05306e6fc298ae7",
            "description": "Managed by Terraform",
            "egress": [
              {
                "cidr_blocks": [
                  "0.0.0.0/0"
                ],
                "description": "",
                "from_port": 0,
                "ipv6_cidr_blocks": [],
                "prefix_list_ids": [],
                "protocol": "-1",
                "security_groups": [],
                "self": false,
                "to_port": 0
              }
            ],
            "id": "sg-0e05306e6fc298ae7",
            "ingress": [
              {
                "cidr_blocks": [
                  "0.0.0.0/0"
                ],
                "description": "",
                "from_port": 22,
                "ipv6_cidr_blocks": [],
                "prefix_list_ids": [],
                "protocol": "tcp",
                "security_groups": [],
                "self": false,
                "to_port": 22
              }
            ],
            "name": "allow-all-ssh",
            "name_prefix": "",
            "owner_id": "209479265154",
            "revoke_rules_on_delete": false,
            "tags": null,
            "tags_all": {},
            "timeouts": null,
            "vpc_id": "vpc-03adfe960018b5827"
          },
          "sensitive_attributes": [],
          "private": "eyJlMmJmYjczMC1lY2FhLTExZTYtOGY4OC0zNDM2M2JjN2M0YzAiOnsiY3JlYXRlIjo2MDAwMDAwMDAwMDAsImRlbGV0ZSI6OTAwMDAwMDAwMDAwfSwic2NoZW1hX3ZlcnNpb24iOiIxIn0=",
          "dependencies": [
            "aws_vpc.vpc"
          ]
        }
      ]
    },
    {
      "mode": "managed",
      "type": "aws_security_group",
      "name": "vpc-web",
      "provider": "provider[\"registry.terraform.io/hashicorp/aws\"]",
      "instances": [
        {
          "schema_version": 1,
          "attributes": {
            "arn": "arn:aws:ec2:ap-south-1:209479265154:security-group/sg-0ef4dbae4a1f1a84a",
            "description": "Web Traffic",
            "egress": [
              {
                "cidr_blocks": [
                  "0.0.0.0/0"
                ],
                "description": "Allow all ip and ports outbound",
                "from_port": 0,
                "ipv6_cidr_blocks": [],
                "prefix_list_ids": [],
                "protocol": "-1",
                "security_groups": [],
                "self": false,
                "to_port": 0
              }
            ],
            "id": "sg-0ef4dbae4a1f1a84a",
            "ingress": [
              {
                "cidr_blocks": [
                  "0.0.0.0/0"
                ],
                "description": "Allow Port 443",
                "from_port": 443,
                "ipv6_cidr_blocks": [],
                "prefix_list_ids": [],
                "protocol": "tcp",
                "security_groups": [],
                "self": false,
                "to_port": 443
              },
              {
                "cidr_blocks": [
                  "0.0.0.0/0"
                ],
                "description": "Allow Port 80",
                "from_port": 80,
                "ipv6_cidr_blocks": [],
                "prefix_list_ids": [],
                "protocol": "tcp",
                "security_groups": [],
                "self": false,
                "to_port": 80
              }
            ],
            "name": "vpc-web-default",
            "name_prefix": "",
            "owner_id": "209479265154",
            "revoke_rules_on_delete": false,
            "tags": null,
            "tags_all": {},
            "timeouts": null,
            "vpc_id": "vpc-03adfe960018b5827"
          },
          "sensitive_attributes": [],
          "private": "eyJlMmJmYjczMC1lY2FhLTExZTYtOGY4OC0zNDM2M2JjN2M0YzAiOnsiY3JlYXRlIjo2MDAwMDAwMDAwMDAsImRlbGV0ZSI6OTAwMDAwMDAwMDAwfSwic2NoZW1hX3ZlcnNpb24iOiIxIn0=",
          "dependencies": [
            "aws_vpc.vpc"
          ]
        }
      ]
    },
    {
      "mode": "managed",
      "type": "aws_subnet",
      "name": "private_subnets",
      "provider": "provider[\"registry.terraform.io/hashicorp/aws\"]",
      "instances": [
        {
          "index_key": "pvt-01",
          "schema_version": 1,
          "attributes": {
            "arn": "arn:aws:ec2:ap-south-1:209479265154:subnet/subnet-0787586633eb301e5",
            "assign_ipv6_address_on_creation": false,
            "availability_zone": "ap-south-1c",
            "availability_zone_id": "aps1-az2",
            "cidr_block": "10.0.2.0/24",
            "customer_owned_ipv4_pool": "",
            "enable_dns64": false,
            "enable_lni_at_device_index": 0,
            "enable_resource_name_dns_a_record_on_launch": false,
            "enable_resource_name_dns_aaaa_record_on_launch": false,
            "id": "subnet-0787586633eb301e5",
            "ipv6_cidr_block": "",
            "ipv6_cidr_block_association_id": "",
            "ipv6_native": false,
            "map_customer_owned_ip_on_launch": false,
            "map_public_ip_on_launch": false,
            "outpost_arn": "",
            "owner_id": "209479265154",
            "private_dns_hostname_type_on_launch": "ip-name",
            "tags": {
              "Name": "pvt-01",
              "Terraform": "true"
            },
            "tags_all": {
              "Name": "pvt-01",
              "Terraform": "true"
            },
            "timeouts": null,
            "vpc_id": "vpc-03adfe960018b5827"
          },
          "sensitive_attributes": [],
          "private": "eyJlMmJmYjczMC1lY2FhLTExZTYtOGY4OC0zNDM2M2JjN2M0YzAiOnsiY3JlYXRlIjo2MDAwMDAwMDAwMDAsImRlbGV0ZSI6MTIwMDAwMDAwMDAwMH0sInNjaGVtYV92ZXJzaW9uIjoiMSJ9",
          "dependencies": [
            "aws_vpc.vpc",
            "data.aws_availability_zones.my_available_zones"
          ]
        }
      ]
    },
    {
      "mode": "managed",
      "type": "aws_subnet",
      "name": "public_subnets",
      "provider": "provider[\"registry.terraform.io/hashicorp/aws\"]",
      "instances": [
        {
          "index_key": "public_subnet_1",
          "schema_version": 1,
          "attributes": {
            "arn": "arn:aws:ec2:ap-south-1:209479265154:subnet/subnet-06b46de6ef83ab956",
            "assign_ipv6_address_on_creation": false,
            "availability_zone": "ap-south-1b",
            "availability_zone_id": "aps1-az3",
            "cidr_block": "10.0.101.0/24",
            "customer_owned_ipv4_pool": "",
            "enable_dns64": false,
            "enable_lni_at_device_index": 0,
            "enable_resource_name_dns_a_record_on_launch": false,
            "enable_resource_name_dns_aaaa_record_on_launch": false,
            "id": "subnet-06b46de6ef83ab956",
            "ipv6_cidr_block": "",
            "ipv6_cidr_block_association_id": "",
            "ipv6_native": false,
            "map_customer_owned_ip_on_launch": false,
            "map_public_ip_on_launch": true,
            "outpost_arn": "",
            "owner_id": "209479265154",
            "private_dns_hostname_type_on_launch": "ip-name",
            "tags": {
              "Name": "public_subnet_1",
              "Terraform": "true"
            },
            "tags_all": {
              "Name": "public_subnet_1",
              "Terraform": "true"
            },
            "timeouts": null,
            "vpc_id": "vpc-03adfe960018b5827"
          },
          "sensitive_attributes": [],
          "private": "eyJlMmJmYjczMC1lY2FhLTExZTYtOGY4OC0zNDM2M2JjN2M0YzAiOnsiY3JlYXRlIjo2MDAwMDAwMDAwMDAsImRlbGV0ZSI6MTIwMDAwMDAwMDAwMH0sInNjaGVtYV92ZXJzaW9uIjoiMSJ9",
          "dependencies": [
            "aws_vpc.vpc",
            "data.aws_availability_zones.my_available_zones"
          ]
        },
        {
          "index_key": "public_subnet_2",
          "schema_version": 1,
          "attributes": {
            "arn": "arn:aws:ec2:ap-south-1:209479265154:subnet/subnet-0d340594dad00c30d",
            "assign_ipv6_address_on_creation": false,
            "availability_zone": "ap-south-1c",
            "availability_zone_id": "aps1-az2",
            "cidr_block": "10.0.102.0/24",
            "customer_owned_ipv4_pool": "",
            "enable_dns64": false,
            "enable_lni_at_device_index": 0,
            "enable_resource_name_dns_a_record_on_launch": false,
            "enable_resource_name_dns_aaaa_record_on_launch": false,
            "id": "subnet-0d340594dad00c30d",
            "ipv6_cidr_block": "",
            "ipv6_cidr_block_association_id": "",
            "ipv6_native": false,
            "map_customer_owned_ip_on_launch": false,
            "map_public_ip_on_launch": true,
            "outpost_arn": "",
            "owner_id": "209479265154",
            "private_dns_hostname_type_on_launch": "ip-name",
            "tags": {
              "Name": "public_subnet_2",
              "Terraform": "true"
            },
            "tags_all": {
              "Name": "public_subnet_2",
              "Terraform": "true"
            },
            "timeouts": null,
            "vpc_id": "vpc-03adfe960018b5827"
          },
          "sensitive_attributes": [],
          "private": "eyJlMmJmYjczMC1lY2FhLTExZTYtOGY4OC0zNDM2M2JjN2M0YzAiOnsiY3JlYXRlIjo2MDAwMDAwMDAwMDAsImRlbGV0ZSI6MTIwMDAwMDAwMDAwMH0sInNjaGVtYV92ZXJzaW9uIjoiMSJ9",
          "dependencies": [
            "aws_vpc.vpc",
            "data.aws_availability_zones.my_available_zones"
          ]
        }
      ]
    },
    {
      "mode": "managed",
      "type": "aws_vpc",
      "name": "vpc",
      "provider": "provider[\"registry.terraform.io/hashicorp/aws\"]",
      "instances": [
        {
          "schema_version": 1,
          "attributes": {
            "arn": "arn:aws:ec2:ap-south-1:209479265154:vpc/vpc-03adfe960018b5827",
            "assign_generated_ipv6_cidr_block": false,
            "cidr_block": "10.0.0.0/16",
            "default_network_acl_id": "acl-06b2da65a20da8cd5",
            "default_route_table_id": "rtb-0d295e66b530ff410",
            "default_security_group_id": "sg-07880ef5cfeb966f9",
            "dhcp_options_id": "dopt-034dbb925f3864a42",
            "enable_dns_hostnames": true,
            "enable_dns_support": true,
            "enable_network_address_usage_metrics": false,
            "id": "vpc-03adfe960018b5827",
            "instance_tenancy": "default",
            "ipv4_ipam_pool_id": null,
            "ipv4_netmask_length": null,
            "ipv6_association_id": "",
            "ipv6_cidr_block": "",
            "ipv6_cidr_block_network_border_group": "",
            "ipv6_ipam_pool_id": "",
            "ipv6_netmask_length": 0,
            "main_route_table_id": "rtb-0d295e66b530ff410",
            "owner_id": "209479265154",
            "tags": {
              "Environment": "demo_environment",
              "Name": "10.0.0.0/16",
              "Terraform": "true"
            },
            "tags_all": {
              "Environment": "demo_environment",
              "Name": "10.0.0.0/16",
              "Terraform": "true"
            }
          },
          "sensitive_attributes": [],
          "private": "eyJzY2hlbWFfdmVyc2lvbiI6IjEifQ=="
        }
      ]
    },
    {
      "mode": "managed",
      "type": "random_string",
      "name": "random",
      "provider": "provider[\"registry.terraform.io/hashicorp/random\"]",
      "instances": [
        {
          "schema_version": 2,
          "attributes": {
            "id": ")2U?sCkB=%",
            "keepers": null,
            "length": 10,
            "lower": true,
            "min_lower": 0,
            "min_numeric": 0,
            "min_special": 0,
            "min_upper": 0,
            "number": true,
            "numeric": true,
            "override_special": null,
            "result": ")2U?sCkB=%",
            "special": true,
            "upper": true
          },
          "sensitive_attributes": []
        }
      ]
    },
    {
      "mode": "managed",
      "type": "tls_private_key",
      "name": "generated",
      "provider": "provider[\"registry.terraform.io/hashicorp/tls\"]",
      "instances": [
        {
          "schema_version": 1,
          "attributes": {
            "algorithm": "RSA",
            "ecdsa_curve": "P224",
            "id": "5c7811aa0bc053c1632557c94b53f472fc2e25f8",
            "private_key_openssh": "-----BEGIN OPENSSH PRIVATE KEY-----\nb3BlbnNzaC1rZXktdjEAAAAABG5vbmUAAAAEbm9uZQAAAAAAAAABAAABFwAAAAdz\nc2gtcnNhAAAAAwEAAQAAAQEA2SNEmPivaH2LuJ6Qq7k81rpe9CnGNAmKI4yBIbdA\nuDRNX3j+MN25VKddbXu0Tm/8Oc4p8deETDflpqqNPN4/XwbAe/X8hAiqzDJ/9ARI\nc3LromHrvm9GYlKyIQ+LgyYQ9Bp2f44odiHL61HTl2Hn1zd6WjxqiZlIefvnmQGO\nZIq5NGYQLAu9QVD8/wlz3L8PwGW2kdkpc0XZmuabplctGXB2UCwG3HiQiBbDBV7T\nnADuOG0WN/+rdKtgVWE+ycJ93Iz/RPhJLXsUtAO6PMrBF9y3w/3AYw66crJv6/G3\nQp1g36IdF09ApiiupKen0Q9es1pJCY8qhjsfKUtoCXHhxQAAA7jT8fw90/H8PQAA\nAAdzc2gtcnNhAAABAQDZI0SY+K9ofYu4npCruTzWul70KcY0CYojjIEht0C4NE1f\neP4w3blUp11te7ROb/w5zinx14RMN+Wmqo083j9fBsB79fyECKrMMn/0BEhzcuui\nYeu+b0ZiUrIhD4uDJhD0GnZ/jih2IcvrUdOXYefXN3paPGqJmUh5++eZAY5kirk0\nZhAsC71BUPz/CXPcvw/AZbaR2SlzRdma5pumVy0ZcHZQLAbceJCIFsMFXtOcAO44\nbRY3/6t0q2BVYT7Jwn3cjP9E+EktexS0A7o8ysEX3LfD/cBjDrpysm/r8bdCnWDf\noh0XT0CmKK6kp6fRD16zWkkJjyqGOx8pS2gJceHFAAAAAwEAAQAAAQEAySNmU91p\nfv1tBCO+F5SLyszxUHOx6lo74BozNCwwg3HPinTl4hZBqy0t2lERAOezWUikiiX9\noyzUSsMJ+ixVv4zdmPaQZy4wKN9Or5eYFXmK1OyoF8u0AzhfUUi5D0+fvL8Wrand\nyTAdWWp++mfy/uWhLR1yAuw+uuCh9JYAdRhnCcmo5jUx2kharbNkc/b4y3XcLZfV\n2RTAdeHjhJfe+k2mWhzYInSavqDI14ATPSs/1zy6X1Utbp7KzUHDcYixpXfS9q32\nDYcdVnmPmXlKBBZ0ljDmDr/FB6ssZqYRXwi0MNLzrBoA8Piat8pFAAtT+9zz8ksC\ncs8QKRsk8+M3MQAAAIEAm/Fi4HVutmTbt0WgTOoKJ3vYzGpFuzjKtVfs2DioYNvg\njFPcWDmE948kUOWpu/QHADu9kYjp0ZeNmrlh3kFOrEMArjVSXjUxrSaJYIemKMZf\nUz/4hZ1Wcg9k+P+qiXukai7LN2jORqFIJUv4dDeQ6wasSCvcUyBTRqI2KE6ZWQ8A\nAACBAOjqE+elzZlYXfoqYuaqZE7/qH1CJwjVoom7LK2HXhJXvu0de7gfEQ1d9x3c\nc+FANfSp5mIa1Qj7CSXLAehvLyffaxvcFL7kB5Ld04gcuF6c2Y0ZKt/tzVk0P3Ek\n6dgpEw7XV0szn5nBbcbnQSOUNuGX0lFvxMQGNmbn6a1LeNwzAAAAgQDuqOC+81Ed\nuMQZHvo9WRoUSboSNuZ8pEXXi8h20plZSui1Cbh6mUD/nf1FawBSxMiKqJFBg9d5\nWkruxVsrBhoT9bRUzNv/TMCY1mDiRyrPqKvKHT9Z+VI7Rvu9pNRkMpR6X5GpbY4Z\nCoHPQ2SKKlLYqx8NJNW7eLVYVBdEXoBSJwAAAAAB\n-----END OPENSSH PRIVATE KEY-----\n",
            "private_key_pem": "-----BEGIN RSA PRIVATE KEY-----\nMIIEpQIBAAKCAQEA2SNEmPivaH2LuJ6Qq7k81rpe9CnGNAmKI4yBIbdAuDRNX3j+\nMN25VKddbXu0Tm/8Oc4p8deETDflpqqNPN4/XwbAe/X8hAiqzDJ/9ARIc3LromHr\nvm9GYlKyIQ+LgyYQ9Bp2f44odiHL61HTl2Hn1zd6WjxqiZlIefvnmQGOZIq5NGYQ\nLAu9QVD8/wlz3L8PwGW2kdkpc0XZmuabplctGXB2UCwG3HiQiBbDBV7TnADuOG0W\nN/+rdKtgVWE+ycJ93Iz/RPhJLXsUtAO6PMrBF9y3w/3AYw66crJv6/G3Qp1g36Id\nF09ApiiupKen0Q9es1pJCY8qhjsfKUtoCXHhxQIDAQABAoIBAQDJI2ZT3Wl+/W0E\nI74XlIvKzPFQc7HqWjvgGjM0LDCDcc+KdOXiFkGrLS3aUREA57NZSKSKJf2jLNRK\nwwn6LFW/jN2Y9pBnLjAo306vl5gVeYrU7KgXy7QDOF9RSLkPT5+8vxatqd3JMB1Z\nan76Z/L+5aEtHXIC7D664KH0lgB1GGcJyajmNTHaSFqts2Rz9vjLddwtl9XZFMB1\n4eOEl976TaZaHNgidJq+oMjXgBM9Kz/XPLpfVS1unsrNQcNxiLGld9L2rfYNhx1W\neY+ZeUoEFnSWMOYOv8UHqyxmphFfCLQw0vOsGgDw+Jq3ykUAC1P73PPySwJyzxAp\nGyTz4zcxAoGBAOjqE+elzZlYXfoqYuaqZE7/qH1CJwjVoom7LK2HXhJXvu0de7gf\nEQ1d9x3cc+FANfSp5mIa1Qj7CSXLAehvLyffaxvcFL7kB5Ld04gcuF6c2Y0ZKt/t\nzVk0P3Ek6dgpEw7XV0szn5nBbcbnQSOUNuGX0lFvxMQGNmbn6a1LeNwzAoGBAO6o\n4L7zUR24xBke+j1ZGhRJuhI25nykRdeLyHbSmVlK6LUJuHqZQP+d/UVrAFLEyIqo\nkUGD13laSu7FWysGGhP1tFTM2/9MwJjWYOJHKs+oq8odP1n5UjtG+72k1GQylHpf\nkaltjhkKgc9DZIoqUtirHw0k1bt4tVhUF0RegFInAoGAaMCWMTH11QjUQ2X60ylB\nMfJzsdoluihzEKTZBDaEjZVfLj97XCTEw5FGSezTRTRez+n1zpuowoA87f1unz4a\nJEGsZ3xE7FGcQmZ385iPJyY+BeKS0OGf4IXKHrXuYiSfCKa7APx3xGwlVja9qiXH\nxRBGLBArm8n7f66//wuZkNcCgYEAuUjjM1wz3Z9UnywtmvNSC+4xR3LX/myKzIz5\nVUarR2egwuyJDKVukQVXXE12MswT5ZJ5MyPoZY50HmuaHAzgsh5PooZpRguQexf0\nn7ggxJdux7ttM60c6mhxiQou2ptqKpeHvsIPT+GYZhEsPRgeuZggw1OVm7ZbE/g1\nGB9GAIECgYEAm/Fi4HVutmTbt0WgTOoKJ3vYzGpFuzjKtVfs2DioYNvgjFPcWDmE\n948kUOWpu/QHADu9kYjp0ZeNmrlh3kFOrEMArjVSXjUxrSaJYIemKMZfUz/4hZ1W\ncg9k+P+qiXukai7LN2jORqFIJUv4dDeQ6wasSCvcUyBTRqI2KE6ZWQ8=\n-----END RSA PRIVATE KEY-----\n",
            "private_key_pem_pkcs8": "-----BEGIN PRIVATE KEY-----\nMIIEvwIBADANBgkqhkiG9w0BAQEFAASCBKkwggSlAgEAAoIBAQDZI0SY+K9ofYu4\nnpCruTzWul70KcY0CYojjIEht0C4NE1feP4w3blUp11te7ROb/w5zinx14RMN+Wm\nqo083j9fBsB79fyECKrMMn/0BEhzcuuiYeu+b0ZiUrIhD4uDJhD0GnZ/jih2Icvr\nUdOXYefXN3paPGqJmUh5++eZAY5kirk0ZhAsC71BUPz/CXPcvw/AZbaR2SlzRdma\n5pumVy0ZcHZQLAbceJCIFsMFXtOcAO44bRY3/6t0q2BVYT7Jwn3cjP9E+EktexS0\nA7o8ysEX3LfD/cBjDrpysm/r8bdCnWDfoh0XT0CmKK6kp6fRD16zWkkJjyqGOx8p\nS2gJceHFAgMBAAECggEBAMkjZlPdaX79bQQjvheUi8rM8VBzsepaO+AaMzQsMINx\nz4p05eIWQastLdpREQDns1lIpIol/aMs1ErDCfosVb+M3Zj2kGcuMCjfTq+XmBV5\nitTsqBfLtAM4X1FIuQ9Pn7y/Fq2p3ckwHVlqfvpn8v7loS0dcgLsPrrgofSWAHUY\nZwnJqOY1MdpIWq2zZHP2+Mt13C2X1dkUwHXh44SX3vpNploc2CJ0mr6gyNeAEz0r\nP9c8ul9VLW6eys1Bw3GIsaV30vat9g2HHVZ5j5l5SgQWdJYw5g6/xQerLGamEV8I\ntDDS86waAPD4mrfKRQALU/vc8/JLAnLPECkbJPPjNzECgYEA6OoT56XNmVhd+ipi\n5qpkTv+ofUInCNWiibssrYdeEle+7R17uB8RDV33Hdxz4UA19KnmYhrVCPsJJcsB\n6G8vJ99rG9wUvuQHkt3TiBy4XpzZjRkq3+3NWTQ/cSTp2CkTDtdXSzOfmcFtxudB\nI5Q24ZfSUW/ExAY2ZufprUt43DMCgYEA7qjgvvNRHbjEGR76PVkaFEm6EjbmfKRF\n14vIdtKZWUrotQm4eplA/539RWsAUsTIiqiRQYPXeVpK7sVbKwYaE/W0VMzb/0zA\nmNZg4kcqz6iryh0/WflSO0b7vaTUZDKUel+RqW2OGQqBz0NkiipS2KsfDSTVu3i1\nWFQXRF6AUicCgYBowJYxMfXVCNRDZfrTKUEx8nOx2iW6KHMQpNkENoSNlV8uP3tc\nJMTDkUZJ7NNFNF7P6fXOm6jCgDzt/W6fPhokQaxnfETsUZxCZnfzmI8nJj4F4pLQ\n4Z/ghcoete5iJJ8IprsA/HfEbCVWNr2qJcfFEEYsECubyft/rr//C5mQ1wKBgQC5\nSOMzXDPdn1SfLC2a81IL7jFHctf+bIrMjPlVRqtHZ6DC7IkMpW6RBVdcTXYyzBPl\nknkzI+hljnQea5ocDOCyHk+ihmlGC5B7F/SfuCDEl27Hu20zrRzqaHGJCi7am2oq\nl4e+wg9P4ZhmESw9GB65mCDDU5WbtlsT+DUYH0YAgQKBgQCb8WLgdW62ZNu3RaBM\n6gone9jMakW7OMq1V+zYOKhg2+CMU9xYOYT3jyRQ5am79AcAO72RiOnRl42auWHe\nQU6sQwCuNVJeNTGtJolgh6Yoxl9TP/iFnVZyD2T4/6qJe6RqLss3aM5GoUglS/h0\nN5DrBqxIK9xTIFNGojYoTplZDw==\n-----END PRIVATE KEY-----\n",
            "public_key_fingerprint_md5": "5e:2f:e4:a9:24:46:83:ae:cb:70:35:62:16:1a:9c:5c",
            "public_key_fingerprint_sha256": "SHA256:sJdmCnEtlPbLpYUk3jNveB1vLUyDbgdGEc9eu/i1BYU",
            "public_key_openssh": "ssh-rsa AAAAB3NzaC1yc2EAAAADAQABAAABAQDZI0SY+K9ofYu4npCruTzWul70KcY0CYojjIEht0C4NE1feP4w3blUp11te7ROb/w5zinx14RMN+Wmqo083j9fBsB79fyECKrMMn/0BEhzcuuiYeu+b0ZiUrIhD4uDJhD0GnZ/jih2IcvrUdOXYefXN3paPGqJmUh5++eZAY5kirk0ZhAsC71BUPz/CXPcvw/AZbaR2SlzRdma5pumVy0ZcHZQLAbceJCIFsMFXtOcAO44bRY3/6t0q2BVYT7Jwn3cjP9E+EktexS0A7o8ysEX3LfD/cBjDrpysm/r8bdCnWDfoh0XT0CmKK6kp6fRD16zWkkJjyqGOx8pS2gJceHF\n",
            "public_key_pem": "-----BEGIN PUBLIC KEY-----\nMIIBIjANBgkqhkiG9w0BAQEFAAOCAQ8AMIIBCgKCAQEA2SNEmPivaH2LuJ6Qq7k8\n1rpe9CnGNAmKI4yBIbdAuDRNX3j+MN25VKddbXu0Tm/8Oc4p8deETDflpqqNPN4/\nXwbAe/X8hAiqzDJ/9ARIc3LromHrvm9GYlKyIQ+LgyYQ9Bp2f44odiHL61HTl2Hn\n1zd6WjxqiZlIefvnmQGOZIq5NGYQLAu9QVD8/wlz3L8PwGW2kdkpc0XZmuabplct\nGXB2UCwG3HiQiBbDBV7TnADuOG0WN/+rdKtgVWE+ycJ93Iz/RPhJLXsUtAO6PMrB\nF9y3w/3AYw66crJv6/G3Qp1g36IdF09ApiiupKen0Q9es1pJCY8qhjsfKUtoCXHh\nxQIDAQAB\n-----END PUBLIC KEY-----\n",
            "rsa_bits": 2048
          },
          "sensitive_attributes": [
            [
              {
                "type": "get_attr",
                "value": "private_key_openssh"
              }
            ],
            [
              {
                "type": "get_attr",
                "value": "private_key_pem"
              }
            ],
            [
              {
                "type": "get_attr",
                "value": "private_key_pem_pkcs8"
              }
            ]
          ]
        }
      ]
    }
  ],
  "check_results": null
}
