{
  "version": 4,
  "terraform_version": "1.11.3",
  "serial": 35,
  "lineage": "2281f844-be86-9dfa-6222-b754fd7ddc82",
  "outputs": {
    "map_test": {
      "value": "value for : prod-ip  is --\u003e 10.120.12.12",
      "type": "string"
    }
  },
  "resources": [
    {
      "mode": "managed",
      "type": "local_file",
      "name": "output",
      "provider": "provider[\"registry.terraform.io/hashicorp/local\"]",
      "instances": [
        {
          "index_key": "dev",
          "schema_version": 0,
          "attributes": {
            "content": "dev-ip -----\u003e 10.250.0.53",
            "content_base64": null,
            "content_base64sha256": "tN6IoTlaBRF2l3emwUKgT0aJboaiTrJsols7NEPOoE0=",
            "content_base64sha512": "9G0OCBsy0hRzJ4notHsZrYqiMbXDVWUJbFx3PJ3h99IQ0R/42V7hdTZiSXyJASK+icv45y67T+QY5+fcmki6SQ==",
            "content_md5": "cf4dfb95e6bd0e740c40abdd97a1cc1f",
            "content_sha1": "1b7cd3b86f8849e3389b4dccab23c97d11141aec",
            "content_sha256": "b4de88a1395a0511769777a6c142a04f46896e86a24eb26ca25b3b3443cea04d",
            "content_sha512": "f46d0e081b32d214732789e8b47b19ad8aa231b5c35565096c5c773c9de1f7d210d11ff8d95ee1753662497c890122be89cbf8e72ebb4fe418e7e7dc9a48ba49",
            "directory_permission": "0777",
            "file_permission": "0777",
            "filename": "output-dev.txt",
            "id": "1b7cd3b86f8849e3389b4dccab23c97d11141aec",
            "sensitive_content": null,
            "source": null
          },
          "sensitive_attributes": [
            [
              {
                "type": "get_attr",
                "value": "sensitive_content"
              }
            ]
          ]
        },
        {
          "index_key": "prod",
          "schema_version": 0,
          "attributes": {
            "content": "prod-ip -----\u003e 10.120.12.12",
            "content_base64": null,
            "content_base64sha256": "H/5nVuLwogX7Xgiu+amy5qwjrlCr3MOWXb/PWIhymsA=",
            "content_base64sha512": "pwQZuzrl/N2mtavmLHdqgse0GrY56w3o9aiGw/dBYiMMHwI8GArmLf2MNpTJMuhATNTKYCE8bjfGtRTYM8X9cQ==",
            "content_md5": "858ab5bceca35ad4921d80a9a62ffd93",
            "content_sha1": "88f66fa6c7ea2d2cf6f0b9e19c678c172b8142d0",
            "content_sha256": "1ffe6756e2f0a205fb5e08aef9a9b2e6ac23ae50abdcc3965dbfcf5888729ac0",
            "content_sha512": "a70419bb3ae5fcdda6b5abe62c776a82c7b41ab639eb0de8f5a886c3f74162230c1f023c180ae62dfd8c3694c932e8404cd4ca60213c6e37c6b514d833c5fd71",
            "directory_permission": "0777",
            "file_permission": "0777",
            "filename": "output-prod.txt",
            "id": "88f66fa6c7ea2d2cf6f0b9e19c678c172b8142d0",
            "sensitive_content": null,
            "source": null
          },
          "sensitive_attributes": [
            [
              {
                "type": "get_attr",
                "value": "sensitive_content"
              }
            ]
          ]
        }
      ]
    }
  ],
  "check_results": null
}
